<?xml version="1.0" encoding="utf-8"?>
<Project ToolsVersion="4.0" xmlns="http://schemas.microsoft.com/developer/msbuild/2003">
  <ItemGroup>
    <ClInclude Include="resource.h">
      <Filter>Resources</Filter>
    </ClInclude>
    <ClInclude Include="Game.h" />
    <ClInclude Include="ObjectController\CameraController.h">
      <Filter>ObjectController</Filter>
    </ClInclude>
    <ClInclude Include="ObjectController\WalkController.h">
      <Filter>ObjectController</Filter>
    </ClInclude>
    <ClInclude Include="ObjectController\ServerPlayerController.h">
      <Filter>ObjectController</Filter>
    </ClInclude>
    <ClInclude Include="ObjectController\ClientPlayerController.h">
      <Filter>ObjectController</Filter>
    </ClInclude>
    <ClInclude Include="LightController.h">
      <Filter>ObjectController</Filter>
    </ClInclude>
    <ClInclude Include="ObjectController\DebugMenuController.h">
      <Filter>ObjectController</Filter>
    </ClInclude>
    <ClInclude Include="ObjectController\PlayerController.h">
      <Filter>ObjectController</Filter>
    </ClInclude>
    <ClInclude Include="ObjectController\ThirdPersonPlayer.h">
      <Filter>ObjectController</Filter>
    </ClInclude>
  </ItemGroup>
  <ItemGroup>
    <Filter Include="Resources">
      <UniqueIdentifier>{a0056f30-4895-4a1b-b55d-bf8bc0eafc3f}</UniqueIdentifier>
    </Filter>
    <Filter Include="ObjectController">
      <UniqueIdentifier>{4bd65c74-fa0f-44e7-b621-782522116c70}</UniqueIdentifier>
    </Filter>
  </ItemGroup>
  <ItemGroup>
    <Image Include="icon1.ico">
      <Filter>Resources</Filter>
    </Image>
  </ItemGroup>
  <ItemGroup>
    <ResourceCompile Include="Game.rc">
      <Filter>Resources</Filter>
    </ResourceCompile>
  </ItemGroup>
  <ItemGroup>
    <ClCompile Include="Game.cpp" />
    <ClCompile Include="ObjectController\CameraController.cpp">
      <Filter>ObjectController</Filter>
    </ClCompile>
    <ClCompile Include="ObjectController\WalkController.cpp">
      <Filter>ObjectController</Filter>
    </ClCompile>
    <ClCompile Include="ObjectController\ServerPlayerController.cpp">
      <Filter>ObjectController</Filter>
    </ClCompile>
    <ClCompile Include="ObjectController\ClientPlayerController.cpp">
      <Filter>ObjectController</Filter>
    </ClCompile>
    <ClCompile Include="LightController.cpp">
      <Filter>ObjectController</Filter>
    </ClCompile>
    <ClCompile Include="ObjectController\DebugMenuController.cpp">
      <Filter>ObjectController</Filter>
    </ClCompile>
    <ClCompile Include="ObjectController\PlayerController.cpp">
      <Filter>ObjectController</Filter>
    </ClCompile>
    <ClCompile Include="ObjectController\ThirdPersonPlayer.cpp">
      <Filter>ObjectController</Filter>
    </ClCompile>
  </ItemGroup>
</Project>