
Microsoft Visual Studio Solution File, Format Version 12.00
# Visual Studio 14
VisualStudioVersion = 14.0.23107.0
MinimumVisualStudioVersion = 10.0.40219.1
Project("{2150E333-8FDC-42A3-9474-1A3956D46DE8}") = "Engine", "Engine", "{C86E1B48-E86F-4561-B149-5B7BF4104B07}"
EndProject
Project("{2150E333-8FDC-42A3-9474-1A3956D46DE8}") = "Game", "Game", "{8D74FA87-6D36-4E20-8F70-06D7F986950B}"
EndProject
Project("{2150E333-8FDC-42A3-9474-1A3956D46DE8}") = "Tools", "Tools", "{0330255F-30B1-443E-8194-46DC857CE0C5}"
EndProject
Project("{8BC9CEB8-8B4A-11D0-8D11-00A0C91BC942}") = "Game", "Code\Game\Game\Game.vcxproj", "{2A9B8537-3E35-45F6-AB22-9F382ECE45CA}"
	ProjectSection(ProjectDependencies) = postProject
		{887E9B0F-6FC5-4069-BD18-85246309F59E} = {887E9B0F-6FC5-4069-BD18-85246309F59E}
		{348168E0-D7C3-496B-BA86-AA77007B2FED} = {348168E0-D7C3-496B-BA86-AA77007B2FED}
	EndProjectSection
EndProject
Project("{8BC9CEB8-8B4A-11D0-8D11-00A0C91BC942}") = "Graphics", "Code\Engine\Graphics\Graphics.vcxproj", "{1A97BFDF-D891-474A-86B1-6E76E89ABC73}"
	ProjectSection(ProjectDependencies) = postProject
		{703EA41E-3F54-45E2-B6D4-A25E0585715B} = {703EA41E-3F54-45E2-B6D4-A25E0585715B}
		{37273532-5767-4369-B6D7-C10F81AE4282} = {37273532-5767-4369-B6D7-C10F81AE4282}
		{43B6C442-8C3A-403D-B6E3-26505ADB2493} = {43B6C442-8C3A-403D-B6E3-26505ADB2493}
		{E4154547-FDAC-4B90-979D-BDF433C87597} = {E4154547-FDAC-4B90-979D-BDF433C87597}
		{CC853871-E1C2-442D-A66A-CF326121BD90} = {CC853871-E1C2-442D-A66A-CF326121BD90}
		{5BE2E9CC-B674-4100-A1C7-E87A3AA48DD7} = {5BE2E9CC-B674-4100-A1C7-E87A3AA48DD7}
	EndProjectSection
EndProject
Project("{8BC9CEB8-8B4A-11D0-8D11-00A0C91BC942}") = "BuildAssets", "Code\Game\BuildAssets\BuildAssets.vcxproj", "{348168E0-D7C3-496B-BA86-AA77007B2FED}"
	ProjectSection(ProjectDependencies) = postProject
		{59372B6A-B411-44A7-9B90-0CA2A462BDB5} = {59372B6A-B411-44A7-9B90-0CA2A462BDB5}
		{EC809270-CE46-4204-A0F7-F88A6A4732E9} = {EC809270-CE46-4204-A0F7-F88A6A4732E9}
		{C9BDAC7C-C59A-4367-A21D-0FEDABB93012} = {C9BDAC7C-C59A-4367-A21D-0FEDABB93012}
		{5F8004A7-75AD-49AC-85C7-96D9B9F19533} = {5F8004A7-75AD-49AC-85C7-96D9B9F19533}
		{D5AE31D0-68F3-4ABC-ABE8-DAAB7F89336D} = {D5AE31D0-68F3-4ABC-ABE8-DAAB7F89336D}
		{B90989E1-E039-4E69-894E-1FBA7724587E} = {B90989E1-E039-4E69-894E-1FBA7724587E}
	EndProjectSection
EndProject
Project("{8BC9CEB8-8B4A-11D0-8D11-00A0C91BC942}") = "AssetBuilder", "Code\Tools\AssetBuilder\AssetBuilder.vcxproj", "{D5AE31D0-68F3-4ABC-ABE8-DAAB7F89336D}"
	ProjectSection(ProjectDependencies) = postProject
		{37273532-5767-4369-B6D7-C10F81AE4282} = {37273532-5767-4369-B6D7-C10F81AE4282}
		{45CDCFF0-7F57-457F-9706-C3C15E7EA597} = {45CDCFF0-7F57-457F-9706-C3C15E7EA597}
	EndProjectSection
EndProject
Project("{8BC9CEB8-8B4A-11D0-8D11-00A0C91BC942}") = "Windows", "Code\Engine\Windows\Windows.vcxproj", "{37273532-5767-4369-B6D7-C10F81AE4282}"
EndProject
Project("{2150E333-8FDC-42A3-9474-1A3956D46DE8}") = "Externals", "Externals", "{A38CE98B-1752-4FA7-8FB5-66B33107C40F}"
EndProject
Project("{8BC9CEB8-8B4A-11D0-8D11-00A0C91BC942}") = "OpenGLExtensions", "Code\Externals\OpenGLExtensions\OpenGLExtensions.vcxproj", "{CC853871-E1C2-442D-A66A-CF326121BD90}"
	ProjectSection(ProjectDependencies) = postProject
		{37273532-5767-4369-B6D7-C10F81AE4282} = {37273532-5767-4369-B6D7-C10F81AE4282}
	EndProjectSection
EndProject
Project("{8BC9CEB8-8B4A-11D0-8D11-00A0C91BC942}") = "Lua", "Code\Externals\Lua\Lua.vcxproj", "{45CDCFF0-7F57-457F-9706-C3C15E7EA597}"
EndProject
Project("{8BC9CEB8-8B4A-11D0-8D11-00A0C91BC942}") = "LuaC", "Code\Externals\Lua\LuaC.vcxproj", "{393119AF-5F33-4130-9BE8-8A59EEBED07E}"
	ProjectSection(ProjectDependencies) = postProject
		{45CDCFF0-7F57-457F-9706-C3C15E7EA597} = {45CDCFF0-7F57-457F-9706-C3C15E7EA597}
	EndProjectSection
EndProject
Project("{8BC9CEB8-8B4A-11D0-8D11-00A0C91BC942}") = "LuaExe", "Code\Externals\Lua\LuaExe.vcxproj", "{9653A255-0309-403F-9193-DE569343011F}"
	ProjectSection(ProjectDependencies) = postProject
		{45CDCFF0-7F57-457F-9706-C3C15E7EA597} = {45CDCFF0-7F57-457F-9706-C3C15E7EA597}
	EndProjectSection
EndProject
Project("{2150E333-8FDC-42A3-9474-1A3956D46DE8}") = "Scripts", "Scripts", "{D059EFF6-245A-492F-8C95-A970B4481899}"
	ProjectSection(SolutionItems) = preProject
		Scripts\AssetsToBuild.lua = Scripts\AssetsToBuild.lua
		Scripts\BuildAssets.lua = Scripts\BuildAssets.lua
	EndProjectSection
EndProject
Project("{8BC9CEB8-8B4A-11D0-8D11-00A0C91BC942}") = "BuilderHelper", "Code\Tools\BuilderHelper\BuilderHelper.vcxproj", "{5F8004A7-75AD-49AC-85C7-96D9B9F19533}"
	ProjectSection(ProjectDependencies) = postProject
		{3DB76F64-6EC9-4080-8675-0661759507D9} = {3DB76F64-6EC9-4080-8675-0661759507D9}
	EndProjectSection
EndProject
Project("{8BC9CEB8-8B4A-11D0-8D11-00A0C91BC942}") = "GenericBuilder", "Code\Tools\GenericBuilder\GenericBuilder.vcxproj", "{C9BDAC7C-C59A-4367-A21D-0FEDABB93012}"
	ProjectSection(ProjectDependencies) = postProject
		{37273532-5767-4369-B6D7-C10F81AE4282} = {37273532-5767-4369-B6D7-C10F81AE4282}
		{5F8004A7-75AD-49AC-85C7-96D9B9F19533} = {5F8004A7-75AD-49AC-85C7-96D9B9F19533}
	EndProjectSection
EndProject
Project("{8BC9CEB8-8B4A-11D0-8D11-00A0C91BC942}") = "MeshBuilder", "Code\Tools\MeshBuilder\MeshBuilder.vcxproj", "{B90989E1-E039-4E69-894E-1FBA7724587E}"
	ProjectSection(ProjectDependencies) = postProject
		{3DB76F64-6EC9-4080-8675-0661759507D9} = {3DB76F64-6EC9-4080-8675-0661759507D9}
		{5F8004A7-75AD-49AC-85C7-96D9B9F19533} = {5F8004A7-75AD-49AC-85C7-96D9B9F19533}
	EndProjectSection
EndProject
Project("{8BC9CEB8-8B4A-11D0-8D11-00A0C91BC942}") = "Maths", "Code\Engine\Core\Maths\Maths.vcxproj", "{E4154547-FDAC-4B90-979D-BDF433C87597}"
EndProject
Project("{8BC9CEB8-8B4A-11D0-8D11-00A0C91BC942}") = "Time", "Code\Engine\Core\Time\Time.vcxproj", "{43B6C442-8C3A-403D-B6E3-26505ADB2493}"
	ProjectSection(ProjectDependencies) = postProject
		{08115731-DC04-4C7E-A782-6F74673B9353} = {08115731-DC04-4C7E-A782-6F74673B9353}
	EndProjectSection
EndProject
Project("{8BC9CEB8-8B4A-11D0-8D11-00A0C91BC942}") = "Utilities", "Code\Engine\Core\Utilities\Utilities.vcxproj", "{08115731-DC04-4C7E-A782-6F74673B9353}"
EndProject
Project("{8BC9CEB8-8B4A-11D0-8D11-00A0C91BC942}") = "EngineCore", "Code\Engine\Core\EngineCore\EngineCore.vcxproj", "{887E9B0F-6FC5-4069-BD18-85246309F59E}"
	ProjectSection(ProjectDependencies) = postProject
		{1A97BFDF-D891-474A-86B1-6E76E89ABC73} = {1A97BFDF-D891-474A-86B1-6E76E89ABC73}
	EndProjectSection
EndProject
Project("{8BC9CEB8-8B4A-11D0-8D11-00A0C91BC942}") = "MessagingSystem", "Code\Engine\Core\MessagingSystem\MessagingSystem.vcxproj", "{5BE2E9CC-B674-4100-A1C7-E87A3AA48DD7}"
	ProjectSection(ProjectDependencies) = postProject
		{08115731-DC04-4C7E-A782-6F74673B9353} = {08115731-DC04-4C7E-A782-6F74673B9353}
	EndProjectSection
EndProject
Project("{8BC9CEB8-8B4A-11D0-8D11-00A0C91BC942}") = "StringPoolManager", "Code\Engine\Core\StringPoolManager\StringPoolManager.vcxproj", "{703EA41E-3F54-45E2-B6D4-A25E0585715B}"
	ProjectSection(ProjectDependencies) = postProject
		{08115731-DC04-4C7E-A782-6F74673B9353} = {08115731-DC04-4C7E-A782-6F74673B9353}
	EndProjectSection
EndProject
Project("{8BC9CEB8-8B4A-11D0-8D11-00A0C91BC942}") = "ShaderBuilder", "Code\Tools\ShaderBuilder\ShaderBuilder.vcxproj", "{EC809270-CE46-4204-A0F7-F88A6A4732E9}"
	ProjectSection(ProjectDependencies) = postProject
		{4228BC52-904F-4BA2-B78E-7BCB85068A82} = {4228BC52-904F-4BA2-B78E-7BCB85068A82}
		{5F8004A7-75AD-49AC-85C7-96D9B9F19533} = {5F8004A7-75AD-49AC-85C7-96D9B9F19533}
	EndProjectSection
EndProject
Project("{8BC9CEB8-8B4A-11D0-8D11-00A0C91BC942}") = "Mcpp", "Code\Externals\Mcpp\Mcpp.vcxproj", "{4228BC52-904F-4BA2-B78E-7BCB85068A82}"
EndProject
Project("{8BC9CEB8-8B4A-11D0-8D11-00A0C91BC942}") = "EffectBuilder", "Code\Tools\EffectBuilder\EffectBuilder.vcxproj", "{59372B6A-B411-44A7-9B90-0CA2A462BDB5}"
	ProjectSection(ProjectDependencies) = postProject
		{5F8004A7-75AD-49AC-85C7-96D9B9F19533} = {5F8004A7-75AD-49AC-85C7-96D9B9F19533}
	EndProjectSection
EndProject
Project("{8BC9CEB8-8B4A-11D0-8D11-00A0C91BC942}") = "LuaHelper", "Code\Externals\LuaHelper\LuaHelper.vcxproj", "{3DB76F64-6EC9-4080-8675-0661759507D9}"
	ProjectSection(ProjectDependencies) = postProject
		{45CDCFF0-7F57-457F-9706-C3C15E7EA597} = {45CDCFF0-7F57-457F-9706-C3C15E7EA597}
	EndProjectSection
EndProject
Global
	GlobalSection(SolutionConfigurationPlatforms) = preSolution
		_ENGINE_DEBUG|Direct3D_64 = _ENGINE_DEBUG|Direct3D_64
		_ENGINE_DEBUG|OpenGL_32 = _ENGINE_DEBUG|OpenGL_32
		_ENGINE_DEBUG|x64 = _ENGINE_DEBUG|x64
		_ENGINE_DEBUG|x86 = _ENGINE_DEBUG|x86
		BUILD_DEBUG|Direct3D_64 = BUILD_DEBUG|Direct3D_64
		BUILD_DEBUG|OpenGL_32 = BUILD_DEBUG|OpenGL_32
		BUILD_DEBUG|x64 = BUILD_DEBUG|x64
		BUILD_DEBUG|x86 = BUILD_DEBUG|x86
		Debug|Direct3D_64 = Debug|Direct3D_64
		Debug|OpenGL_32 = Debug|OpenGL_32
		Debug|x64 = Debug|x64
		Debug|x86 = Debug|x86
		RELEASE_DEBUG|Direct3D_64 = RELEASE_DEBUG|Direct3D_64
		RELEASE_DEBUG|OpenGL_32 = RELEASE_DEBUG|OpenGL_32
		RELEASE_DEBUG|x64 = RELEASE_DEBUG|x64
		RELEASE_DEBUG|x86 = RELEASE_DEBUG|x86
		Release|Direct3D_64 = Release|Direct3D_64
		Release|OpenGL_32 = Release|OpenGL_32
		Release|x64 = Release|x64
		Release|x86 = Release|x86
	EndGlobalSection
	GlobalSection(ProjectConfigurationPlatforms) = postSolution
		{2A9B8537-3E35-45F6-AB22-9F382ECE45CA}._ENGINE_DEBUG|Direct3D_64.ActiveCfg = _ENGINE_DEBUG|x64
		{2A9B8537-3E35-45F6-AB22-9F382ECE45CA}._ENGINE_DEBUG|Direct3D_64.Build.0 = _ENGINE_DEBUG|x64
		{2A9B8537-3E35-45F6-AB22-9F382ECE45CA}._ENGINE_DEBUG|OpenGL_32.ActiveCfg = _ENGINE_DEBUG|Win32
		{2A9B8537-3E35-45F6-AB22-9F382ECE45CA}._ENGINE_DEBUG|OpenGL_32.Build.0 = _ENGINE_DEBUG|Win32
		{2A9B8537-3E35-45F6-AB22-9F382ECE45CA}._ENGINE_DEBUG|x64.ActiveCfg = _ENGINE_DEBUG|x64
		{2A9B8537-3E35-45F6-AB22-9F382ECE45CA}._ENGINE_DEBUG|x64.Build.0 = _ENGINE_DEBUG|x64
		{2A9B8537-3E35-45F6-AB22-9F382ECE45CA}._ENGINE_DEBUG|x86.ActiveCfg = _ENGINE_DEBUG|Win32
		{2A9B8537-3E35-45F6-AB22-9F382ECE45CA}._ENGINE_DEBUG|x86.Build.0 = _ENGINE_DEBUG|Win32
		{2A9B8537-3E35-45F6-AB22-9F382ECE45CA}.BUILD_DEBUG|Direct3D_64.ActiveCfg = BUILD_DEBUG|x64
		{2A9B8537-3E35-45F6-AB22-9F382ECE45CA}.BUILD_DEBUG|Direct3D_64.Build.0 = BUILD_DEBUG|x64
		{2A9B8537-3E35-45F6-AB22-9F382ECE45CA}.BUILD_DEBUG|OpenGL_32.ActiveCfg = BUILD_DEBUG|Win32
		{2A9B8537-3E35-45F6-AB22-9F382ECE45CA}.BUILD_DEBUG|OpenGL_32.Build.0 = BUILD_DEBUG|Win32
		{2A9B8537-3E35-45F6-AB22-9F382ECE45CA}.BUILD_DEBUG|x64.ActiveCfg = BUILD_DEBUG|x64
		{2A9B8537-3E35-45F6-AB22-9F382ECE45CA}.BUILD_DEBUG|x64.Build.0 = BUILD_DEBUG|x64
		{2A9B8537-3E35-45F6-AB22-9F382ECE45CA}.BUILD_DEBUG|x86.ActiveCfg = BUILD_DEBUG|Win32
		{2A9B8537-3E35-45F6-AB22-9F382ECE45CA}.BUILD_DEBUG|x86.Build.0 = BUILD_DEBUG|Win32
		{2A9B8537-3E35-45F6-AB22-9F382ECE45CA}.Debug|Direct3D_64.ActiveCfg = Debug|x64
		{2A9B8537-3E35-45F6-AB22-9F382ECE45CA}.Debug|Direct3D_64.Build.0 = Debug|x64
		{2A9B8537-3E35-45F6-AB22-9F382ECE45CA}.Debug|OpenGL_32.ActiveCfg = Debug|Win32
		{2A9B8537-3E35-45F6-AB22-9F382ECE45CA}.Debug|OpenGL_32.Build.0 = Debug|Win32
		{2A9B8537-3E35-45F6-AB22-9F382ECE45CA}.Debug|x64.ActiveCfg = Debug|x64
		{2A9B8537-3E35-45F6-AB22-9F382ECE45CA}.Debug|x64.Build.0 = Debug|x64
		{2A9B8537-3E35-45F6-AB22-9F382ECE45CA}.Debug|x86.ActiveCfg = Debug|Win32
		{2A9B8537-3E35-45F6-AB22-9F382ECE45CA}.Debug|x86.Build.0 = Debug|Win32
		{2A9B8537-3E35-45F6-AB22-9F382ECE45CA}.RELEASE_DEBUG|Direct3D_64.ActiveCfg = RELEASE_DEBUG|x64
		{2A9B8537-3E35-45F6-AB22-9F382ECE45CA}.RELEASE_DEBUG|Direct3D_64.Build.0 = RELEASE_DEBUG|x64
		{2A9B8537-3E35-45F6-AB22-9F382ECE45CA}.RELEASE_DEBUG|OpenGL_32.ActiveCfg = RELEASE_DEBUG|Win32
		{2A9B8537-3E35-45F6-AB22-9F382ECE45CA}.RELEASE_DEBUG|OpenGL_32.Build.0 = RELEASE_DEBUG|Win32
		{2A9B8537-3E35-45F6-AB22-9F382ECE45CA}.RELEASE_DEBUG|x64.ActiveCfg = RELEASE_DEBUG|x64
		{2A9B8537-3E35-45F6-AB22-9F382ECE45CA}.RELEASE_DEBUG|x64.Build.0 = RELEASE_DEBUG|x64
		{2A9B8537-3E35-45F6-AB22-9F382ECE45CA}.RELEASE_DEBUG|x86.ActiveCfg = RELEASE_DEBUG|Win32
		{2A9B8537-3E35-45F6-AB22-9F382ECE45CA}.RELEASE_DEBUG|x86.Build.0 = RELEASE_DEBUG|Win32
		{2A9B8537-3E35-45F6-AB22-9F382ECE45CA}.Release|Direct3D_64.ActiveCfg = Release|x64
		{2A9B8537-3E35-45F6-AB22-9F382ECE45CA}.Release|Direct3D_64.Build.0 = Release|x64
		{2A9B8537-3E35-45F6-AB22-9F382ECE45CA}.Release|OpenGL_32.ActiveCfg = Release|Win32
		{2A9B8537-3E35-45F6-AB22-9F382ECE45CA}.Release|OpenGL_32.Build.0 = Release|Win32
		{2A9B8537-3E35-45F6-AB22-9F382ECE45CA}.Release|x64.ActiveCfg = Release|x64
		{2A9B8537-3E35-45F6-AB22-9F382ECE45CA}.Release|x64.Build.0 = Release|x64
		{2A9B8537-3E35-45F6-AB22-9F382ECE45CA}.Release|x86.ActiveCfg = Release|Win32
		{2A9B8537-3E35-45F6-AB22-9F382ECE45CA}.Release|x86.Build.0 = Release|Win32
		{1A97BFDF-D891-474A-86B1-6E76E89ABC73}._ENGINE_DEBUG|Direct3D_64.ActiveCfg = _ENGINE_DEBUG|x64
		{1A97BFDF-D891-474A-86B1-6E76E89ABC73}._ENGINE_DEBUG|Direct3D_64.Build.0 = _ENGINE_DEBUG|x64
		{1A97BFDF-D891-474A-86B1-6E76E89ABC73}._ENGINE_DEBUG|OpenGL_32.ActiveCfg = _ENGINE_DEBUG|Win32
		{1A97BFDF-D891-474A-86B1-6E76E89ABC73}._ENGINE_DEBUG|OpenGL_32.Build.0 = _ENGINE_DEBUG|Win32
		{1A97BFDF-D891-474A-86B1-6E76E89ABC73}._ENGINE_DEBUG|x64.ActiveCfg = _ENGINE_DEBUG|x64
		{1A97BFDF-D891-474A-86B1-6E76E89ABC73}._ENGINE_DEBUG|x64.Build.0 = _ENGINE_DEBUG|x64
		{1A97BFDF-D891-474A-86B1-6E76E89ABC73}._ENGINE_DEBUG|x86.ActiveCfg = _ENGINE_DEBUG|Win32
		{1A97BFDF-D891-474A-86B1-6E76E89ABC73}._ENGINE_DEBUG|x86.Build.0 = _ENGINE_DEBUG|Win32
		{1A97BFDF-D891-474A-86B1-6E76E89ABC73}.BUILD_DEBUG|Direct3D_64.ActiveCfg = BUILD_DEBUG|x64
		{1A97BFDF-D891-474A-86B1-6E76E89ABC73}.BUILD_DEBUG|Direct3D_64.Build.0 = BUILD_DEBUG|x64
		{1A97BFDF-D891-474A-86B1-6E76E89ABC73}.BUILD_DEBUG|OpenGL_32.ActiveCfg = BUILD_DEBUG|Win32
		{1A97BFDF-D891-474A-86B1-6E76E89ABC73}.BUILD_DEBUG|OpenGL_32.Build.0 = BUILD_DEBUG|Win32
		{1A97BFDF-D891-474A-86B1-6E76E89ABC73}.BUILD_DEBUG|x64.ActiveCfg = BUILD_DEBUG|x64
		{1A97BFDF-D891-474A-86B1-6E76E89ABC73}.BUILD_DEBUG|x64.Build.0 = BUILD_DEBUG|x64
		{1A97BFDF-D891-474A-86B1-6E76E89ABC73}.BUILD_DEBUG|x86.ActiveCfg = BUILD_DEBUG|Win32
		{1A97BFDF-D891-474A-86B1-6E76E89ABC73}.BUILD_DEBUG|x86.Build.0 = BUILD_DEBUG|Win32
		{1A97BFDF-D891-474A-86B1-6E76E89ABC73}.Debug|Direct3D_64.ActiveCfg = Debug|x64
		{1A97BFDF-D891-474A-86B1-6E76E89ABC73}.Debug|Direct3D_64.Build.0 = Debug|x64
		{1A97BFDF-D891-474A-86B1-6E76E89ABC73}.Debug|OpenGL_32.ActiveCfg = Debug|Win32
		{1A97BFDF-D891-474A-86B1-6E76E89ABC73}.Debug|OpenGL_32.Build.0 = Debug|Win32
		{1A97BFDF-D891-474A-86B1-6E76E89ABC73}.Debug|x64.ActiveCfg = Debug|x64
		{1A97BFDF-D891-474A-86B1-6E76E89ABC73}.Debug|x64.Build.0 = Debug|x64
		{1A97BFDF-D891-474A-86B1-6E76E89ABC73}.Debug|x86.ActiveCfg = Debug|Win32
		{1A97BFDF-D891-474A-86B1-6E76E89ABC73}.Debug|x86.Build.0 = Debug|Win32
		{1A97BFDF-D891-474A-86B1-6E76E89ABC73}.RELEASE_DEBUG|Direct3D_64.ActiveCfg = RELEASE_DEBUG|x64
		{1A97BFDF-D891-474A-86B1-6E76E89ABC73}.RELEASE_DEBUG|Direct3D_64.Build.0 = RELEASE_DEBUG|x64
		{1A97BFDF-D891-474A-86B1-6E76E89ABC73}.RELEASE_DEBUG|OpenGL_32.ActiveCfg = RELEASE_DEBUG|Win32
		{1A97BFDF-D891-474A-86B1-6E76E89ABC73}.RELEASE_DEBUG|OpenGL_32.Build.0 = RELEASE_DEBUG|Win32
		{1A97BFDF-D891-474A-86B1-6E76E89ABC73}.RELEASE_DEBUG|x64.ActiveCfg = RELEASE_DEBUG|x64
		{1A97BFDF-D891-474A-86B1-6E76E89ABC73}.RELEASE_DEBUG|x64.Build.0 = RELEASE_DEBUG|x64
		{1A97BFDF-D891-474A-86B1-6E76E89ABC73}.RELEASE_DEBUG|x86.ActiveCfg = RELEASE_DEBUG|Win32
		{1A97BFDF-D891-474A-86B1-6E76E89ABC73}.RELEASE_DEBUG|x86.Build.0 = RELEASE_DEBUG|Win32
		{1A97BFDF-D891-474A-86B1-6E76E89ABC73}.Release|Direct3D_64.ActiveCfg = Release|x64
		{1A97BFDF-D891-474A-86B1-6E76E89ABC73}.Release|Direct3D_64.Build.0 = Release|x64
		{1A97BFDF-D891-474A-86B1-6E76E89ABC73}.Release|OpenGL_32.ActiveCfg = Release|Win32
		{1A97BFDF-D891-474A-86B1-6E76E89ABC73}.Release|OpenGL_32.Build.0 = Release|Win32
		{1A97BFDF-D891-474A-86B1-6E76E89ABC73}.Release|x64.ActiveCfg = Release|x64
		{1A97BFDF-D891-474A-86B1-6E76E89ABC73}.Release|x64.Build.0 = Release|x64
		{1A97BFDF-D891-474A-86B1-6E76E89ABC73}.Release|x86.ActiveCfg = Release|Win32
		{1A97BFDF-D891-474A-86B1-6E76E89ABC73}.Release|x86.Build.0 = Release|Win32
		{348168E0-D7C3-496B-BA86-AA77007B2FED}._ENGINE_DEBUG|Direct3D_64.ActiveCfg = _ENGINE_DEBUG|x64
		{348168E0-D7C3-496B-BA86-AA77007B2FED}._ENGINE_DEBUG|Direct3D_64.Build.0 = _ENGINE_DEBUG|x64
		{348168E0-D7C3-496B-BA86-AA77007B2FED}._ENGINE_DEBUG|OpenGL_32.ActiveCfg = _ENGINE_DEBUG|Win32
		{348168E0-D7C3-496B-BA86-AA77007B2FED}._ENGINE_DEBUG|OpenGL_32.Build.0 = _ENGINE_DEBUG|Win32
		{348168E0-D7C3-496B-BA86-AA77007B2FED}._ENGINE_DEBUG|x64.ActiveCfg = _ENGINE_DEBUG|x64
		{348168E0-D7C3-496B-BA86-AA77007B2FED}._ENGINE_DEBUG|x64.Build.0 = _ENGINE_DEBUG|x64
		{348168E0-D7C3-496B-BA86-AA77007B2FED}._ENGINE_DEBUG|x86.ActiveCfg = _ENGINE_DEBUG|Win32
		{348168E0-D7C3-496B-BA86-AA77007B2FED}._ENGINE_DEBUG|x86.Build.0 = _ENGINE_DEBUG|Win32
		{348168E0-D7C3-496B-BA86-AA77007B2FED}.BUILD_DEBUG|Direct3D_64.ActiveCfg = BUILD_DEBUG|x64
		{348168E0-D7C3-496B-BA86-AA77007B2FED}.BUILD_DEBUG|Direct3D_64.Build.0 = BUILD_DEBUG|x64
		{348168E0-D7C3-496B-BA86-AA77007B2FED}.BUILD_DEBUG|OpenGL_32.ActiveCfg = BUILD_DEBUG|Win32
		{348168E0-D7C3-496B-BA86-AA77007B2FED}.BUILD_DEBUG|OpenGL_32.Build.0 = BUILD_DEBUG|Win32
		{348168E0-D7C3-496B-BA86-AA77007B2FED}.BUILD_DEBUG|x64.ActiveCfg = BUILD_DEBUG|x64
		{348168E0-D7C3-496B-BA86-AA77007B2FED}.BUILD_DEBUG|x64.Build.0 = BUILD_DEBUG|x64
		{348168E0-D7C3-496B-BA86-AA77007B2FED}.BUILD_DEBUG|x86.ActiveCfg = BUILD_DEBUG|Win32
		{348168E0-D7C3-496B-BA86-AA77007B2FED}.BUILD_DEBUG|x86.Build.0 = BUILD_DEBUG|Win32
		{348168E0-D7C3-496B-BA86-AA77007B2FED}.Debug|Direct3D_64.ActiveCfg = Debug|x64
		{348168E0-D7C3-496B-BA86-AA77007B2FED}.Debug|Direct3D_64.Build.0 = Debug|x64
		{348168E0-D7C3-496B-BA86-AA77007B2FED}.Debug|OpenGL_32.ActiveCfg = Debug|Win32
		{348168E0-D7C3-496B-BA86-AA77007B2FED}.Debug|OpenGL_32.Build.0 = Debug|Win32
		{348168E0-D7C3-496B-BA86-AA77007B2FED}.Debug|x64.ActiveCfg = Debug|x64
		{348168E0-D7C3-496B-BA86-AA77007B2FED}.Debug|x64.Build.0 = Debug|x64
		{348168E0-D7C3-496B-BA86-AA77007B2FED}.Debug|x86.ActiveCfg = Debug|Win32
		{348168E0-D7C3-496B-BA86-AA77007B2FED}.Debug|x86.Build.0 = Debug|Win32
		{348168E0-D7C3-496B-BA86-AA77007B2FED}.RELEASE_DEBUG|Direct3D_64.ActiveCfg = RELEASE_DEBUG|x64
		{348168E0-D7C3-496B-BA86-AA77007B2FED}.RELEASE_DEBUG|Direct3D_64.Build.0 = RELEASE_DEBUG|x64
		{348168E0-D7C3-496B-BA86-AA77007B2FED}.RELEASE_DEBUG|OpenGL_32.ActiveCfg = RELEASE_DEBUG|Win32
		{348168E0-D7C3-496B-BA86-AA77007B2FED}.RELEASE_DEBUG|OpenGL_32.Build.0 = RELEASE_DEBUG|Win32
		{348168E0-D7C3-496B-BA86-AA77007B2FED}.RELEASE_DEBUG|x64.ActiveCfg = RELEASE_DEBUG|x64
		{348168E0-D7C3-496B-BA86-AA77007B2FED}.RELEASE_DEBUG|x64.Build.0 = RELEASE_DEBUG|x64
		{348168E0-D7C3-496B-BA86-AA77007B2FED}.RELEASE_DEBUG|x86.ActiveCfg = RELEASE_DEBUG|Win32
		{348168E0-D7C3-496B-BA86-AA77007B2FED}.RELEASE_DEBUG|x86.Build.0 = RELEASE_DEBUG|Win32
		{348168E0-D7C3-496B-BA86-AA77007B2FED}.Release|Direct3D_64.ActiveCfg = Release|x64
		{348168E0-D7C3-496B-BA86-AA77007B2FED}.Release|Direct3D_64.Build.0 = Release|x64
		{348168E0-D7C3-496B-BA86-AA77007B2FED}.Release|OpenGL_32.ActiveCfg = Release|Win32
		{348168E0-D7C3-496B-BA86-AA77007B2FED}.Release|OpenGL_32.Build.0 = Release|Win32
		{348168E0-D7C3-496B-BA86-AA77007B2FED}.Release|x64.ActiveCfg = Release|x64
		{348168E0-D7C3-496B-BA86-AA77007B2FED}.Release|x64.Build.0 = Release|x64
		{348168E0-D7C3-496B-BA86-AA77007B2FED}.Release|x86.ActiveCfg = Release|Win32
		{348168E0-D7C3-496B-BA86-AA77007B2FED}.Release|x86.Build.0 = Release|Win32
		{D5AE31D0-68F3-4ABC-ABE8-DAAB7F89336D}._ENGINE_DEBUG|Direct3D_64.ActiveCfg = _ENGINE_DEBUG|x64
		{D5AE31D0-68F3-4ABC-ABE8-DAAB7F89336D}._ENGINE_DEBUG|Direct3D_64.Build.0 = _ENGINE_DEBUG|x64
		{D5AE31D0-68F3-4ABC-ABE8-DAAB7F89336D}._ENGINE_DEBUG|OpenGL_32.ActiveCfg = _ENGINE_DEBUG|Win32
		{D5AE31D0-68F3-4ABC-ABE8-DAAB7F89336D}._ENGINE_DEBUG|OpenGL_32.Build.0 = _ENGINE_DEBUG|Win32
		{D5AE31D0-68F3-4ABC-ABE8-DAAB7F89336D}._ENGINE_DEBUG|x64.ActiveCfg = _ENGINE_DEBUG|x64
		{D5AE31D0-68F3-4ABC-ABE8-DAAB7F89336D}._ENGINE_DEBUG|x64.Build.0 = _ENGINE_DEBUG|x64
		{D5AE31D0-68F3-4ABC-ABE8-DAAB7F89336D}._ENGINE_DEBUG|x86.ActiveCfg = _ENGINE_DEBUG|Win32
		{D5AE31D0-68F3-4ABC-ABE8-DAAB7F89336D}._ENGINE_DEBUG|x86.Build.0 = _ENGINE_DEBUG|Win32
		{D5AE31D0-68F3-4ABC-ABE8-DAAB7F89336D}.BUILD_DEBUG|Direct3D_64.ActiveCfg = BUILD_DEBUG|x64
		{D5AE31D0-68F3-4ABC-ABE8-DAAB7F89336D}.BUILD_DEBUG|Direct3D_64.Build.0 = BUILD_DEBUG|x64
		{D5AE31D0-68F3-4ABC-ABE8-DAAB7F89336D}.BUILD_DEBUG|OpenGL_32.ActiveCfg = BUILD_DEBUG|Win32
		{D5AE31D0-68F3-4ABC-ABE8-DAAB7F89336D}.BUILD_DEBUG|OpenGL_32.Build.0 = BUILD_DEBUG|Win32
		{D5AE31D0-68F3-4ABC-ABE8-DAAB7F89336D}.BUILD_DEBUG|x64.ActiveCfg = BUILD_DEBUG|x64
		{D5AE31D0-68F3-4ABC-ABE8-DAAB7F89336D}.BUILD_DEBUG|x64.Build.0 = BUILD_DEBUG|x64
		{D5AE31D0-68F3-4ABC-ABE8-DAAB7F89336D}.BUILD_DEBUG|x86.ActiveCfg = BUILD_DEBUG|Win32
		{D5AE31D0-68F3-4ABC-ABE8-DAAB7F89336D}.BUILD_DEBUG|x86.Build.0 = BUILD_DEBUG|Win32
		{D5AE31D0-68F3-4ABC-ABE8-DAAB7F89336D}.Debug|Direct3D_64.ActiveCfg = Debug|x64
		{D5AE31D0-68F3-4ABC-ABE8-DAAB7F89336D}.Debug|Direct3D_64.Build.0 = Debug|x64
		{D5AE31D0-68F3-4ABC-ABE8-DAAB7F89336D}.Debug|OpenGL_32.ActiveCfg = Debug|Win32
		{D5AE31D0-68F3-4ABC-ABE8-DAAB7F89336D}.Debug|OpenGL_32.Build.0 = Debug|Win32
		{D5AE31D0-68F3-4ABC-ABE8-DAAB7F89336D}.Debug|x64.ActiveCfg = Debug|x64
		{D5AE31D0-68F3-4ABC-ABE8-DAAB7F89336D}.Debug|x64.Build.0 = Debug|x64
		{D5AE31D0-68F3-4ABC-ABE8-DAAB7F89336D}.Debug|x86.ActiveCfg = Debug|Win32
		{D5AE31D0-68F3-4ABC-ABE8-DAAB7F89336D}.Debug|x86.Build.0 = Debug|Win32
		{D5AE31D0-68F3-4ABC-ABE8-DAAB7F89336D}.RELEASE_DEBUG|Direct3D_64.ActiveCfg = RELEASE_DEBUG|x64
		{D5AE31D0-68F3-4ABC-ABE8-DAAB7F89336D}.RELEASE_DEBUG|Direct3D_64.Build.0 = RELEASE_DEBUG|x64
		{D5AE31D0-68F3-4ABC-ABE8-DAAB7F89336D}.RELEASE_DEBUG|OpenGL_32.ActiveCfg = RELEASE_DEBUG|Win32
		{D5AE31D0-68F3-4ABC-ABE8-DAAB7F89336D}.RELEASE_DEBUG|OpenGL_32.Build.0 = RELEASE_DEBUG|Win32
		{D5AE31D0-68F3-4ABC-ABE8-DAAB7F89336D}.RELEASE_DEBUG|x64.ActiveCfg = RELEASE_DEBUG|x64
		{D5AE31D0-68F3-4ABC-ABE8-DAAB7F89336D}.RELEASE_DEBUG|x64.Build.0 = RELEASE_DEBUG|x64
		{D5AE31D0-68F3-4ABC-ABE8-DAAB7F89336D}.RELEASE_DEBUG|x86.ActiveCfg = RELEASE_DEBUG|Win32
		{D5AE31D0-68F3-4ABC-ABE8-DAAB7F89336D}.RELEASE_DEBUG|x86.Build.0 = RELEASE_DEBUG|Win32
		{D5AE31D0-68F3-4ABC-ABE8-DAAB7F89336D}.Release|Direct3D_64.ActiveCfg = Release|x64
		{D5AE31D0-68F3-4ABC-ABE8-DAAB7F89336D}.Release|Direct3D_64.Build.0 = Release|x64
		{D5AE31D0-68F3-4ABC-ABE8-DAAB7F89336D}.Release|OpenGL_32.ActiveCfg = Release|Win32
		{D5AE31D0-68F3-4ABC-ABE8-DAAB7F89336D}.Release|OpenGL_32.Build.0 = Release|Win32
		{D5AE31D0-68F3-4ABC-ABE8-DAAB7F89336D}.Release|x64.ActiveCfg = Release|x64
		{D5AE31D0-68F3-4ABC-ABE8-DAAB7F89336D}.Release|x64.Build.0 = Release|x64
		{D5AE31D0-68F3-4ABC-ABE8-DAAB7F89336D}.Release|x86.ActiveCfg = Release|Win32
		{D5AE31D0-68F3-4ABC-ABE8-DAAB7F89336D}.Release|x86.Build.0 = Release|Win32
		{37273532-5767-4369-B6D7-C10F81AE4282}._ENGINE_DEBUG|Direct3D_64.ActiveCfg = _ENGINE_DEBUG|x64
		{37273532-5767-4369-B6D7-C10F81AE4282}._ENGINE_DEBUG|Direct3D_64.Build.0 = _ENGINE_DEBUG|x64
		{37273532-5767-4369-B6D7-C10F81AE4282}._ENGINE_DEBUG|OpenGL_32.ActiveCfg = _ENGINE_DEBUG|Win32
		{37273532-5767-4369-B6D7-C10F81AE4282}._ENGINE_DEBUG|OpenGL_32.Build.0 = _ENGINE_DEBUG|Win32
		{37273532-5767-4369-B6D7-C10F81AE4282}._ENGINE_DEBUG|x64.ActiveCfg = _ENGINE_DEBUG|x64
		{37273532-5767-4369-B6D7-C10F81AE4282}._ENGINE_DEBUG|x64.Build.0 = _ENGINE_DEBUG|x64
		{37273532-5767-4369-B6D7-C10F81AE4282}._ENGINE_DEBUG|x86.ActiveCfg = _ENGINE_DEBUG|Win32
		{37273532-5767-4369-B6D7-C10F81AE4282}._ENGINE_DEBUG|x86.Build.0 = _ENGINE_DEBUG|Win32
		{37273532-5767-4369-B6D7-C10F81AE4282}.BUILD_DEBUG|Direct3D_64.ActiveCfg = BUILD_DEBUG|x64
		{37273532-5767-4369-B6D7-C10F81AE4282}.BUILD_DEBUG|Direct3D_64.Build.0 = BUILD_DEBUG|x64
		{37273532-5767-4369-B6D7-C10F81AE4282}.BUILD_DEBUG|OpenGL_32.ActiveCfg = BUILD_DEBUG|Win32
		{37273532-5767-4369-B6D7-C10F81AE4282}.BUILD_DEBUG|OpenGL_32.Build.0 = BUILD_DEBUG|Win32
		{37273532-5767-4369-B6D7-C10F81AE4282}.BUILD_DEBUG|x64.ActiveCfg = BUILD_DEBUG|x64
		{37273532-5767-4369-B6D7-C10F81AE4282}.BUILD_DEBUG|x64.Build.0 = BUILD_DEBUG|x64
		{37273532-5767-4369-B6D7-C10F81AE4282}.BUILD_DEBUG|x86.ActiveCfg = BUILD_DEBUG|Win32
		{37273532-5767-4369-B6D7-C10F81AE4282}.BUILD_DEBUG|x86.Build.0 = BUILD_DEBUG|Win32
		{37273532-5767-4369-B6D7-C10F81AE4282}.Debug|Direct3D_64.ActiveCfg = Debug|x64
		{37273532-5767-4369-B6D7-C10F81AE4282}.Debug|Direct3D_64.Build.0 = Debug|x64
		{37273532-5767-4369-B6D7-C10F81AE4282}.Debug|OpenGL_32.ActiveCfg = Debug|Win32
		{37273532-5767-4369-B6D7-C10F81AE4282}.Debug|OpenGL_32.Build.0 = Debug|Win32
		{37273532-5767-4369-B6D7-C10F81AE4282}.Debug|x64.ActiveCfg = Debug|x64
		{37273532-5767-4369-B6D7-C10F81AE4282}.Debug|x64.Build.0 = Debug|x64
		{37273532-5767-4369-B6D7-C10F81AE4282}.Debug|x86.ActiveCfg = Debug|Win32
		{37273532-5767-4369-B6D7-C10F81AE4282}.Debug|x86.Build.0 = Debug|Win32
		{37273532-5767-4369-B6D7-C10F81AE4282}.RELEASE_DEBUG|Direct3D_64.ActiveCfg = RELEASE_DEBUG|x64
		{37273532-5767-4369-B6D7-C10F81AE4282}.RELEASE_DEBUG|Direct3D_64.Build.0 = RELEASE_DEBUG|x64
		{37273532-5767-4369-B6D7-C10F81AE4282}.RELEASE_DEBUG|OpenGL_32.ActiveCfg = RELEASE_DEBUG|Win32
		{37273532-5767-4369-B6D7-C10F81AE4282}.RELEASE_DEBUG|OpenGL_32.Build.0 = RELEASE_DEBUG|Win32
		{37273532-5767-4369-B6D7-C10F81AE4282}.RELEASE_DEBUG|x64.ActiveCfg = RELEASE_DEBUG|x64
		{37273532-5767-4369-B6D7-C10F81AE4282}.RELEASE_DEBUG|x64.Build.0 = RELEASE_DEBUG|x64
		{37273532-5767-4369-B6D7-C10F81AE4282}.RELEASE_DEBUG|x86.ActiveCfg = RELEASE_DEBUG|Win32
		{37273532-5767-4369-B6D7-C10F81AE4282}.RELEASE_DEBUG|x86.Build.0 = RELEASE_DEBUG|Win32
		{37273532-5767-4369-B6D7-C10F81AE4282}.Release|Direct3D_64.ActiveCfg = Release|x64
		{37273532-5767-4369-B6D7-C10F81AE4282}.Release|Direct3D_64.Build.0 = Release|x64
		{37273532-5767-4369-B6D7-C10F81AE4282}.Release|OpenGL_32.ActiveCfg = Release|Win32
		{37273532-5767-4369-B6D7-C10F81AE4282}.Release|OpenGL_32.Build.0 = Release|Win32
		{37273532-5767-4369-B6D7-C10F81AE4282}.Release|x64.ActiveCfg = Release|x64
		{37273532-5767-4369-B6D7-C10F81AE4282}.Release|x64.Build.0 = Release|x64
		{37273532-5767-4369-B6D7-C10F81AE4282}.Release|x86.ActiveCfg = Release|Win32
		{37273532-5767-4369-B6D7-C10F81AE4282}.Release|x86.Build.0 = Release|Win32
		{CC853871-E1C2-442D-A66A-CF326121BD90}._ENGINE_DEBUG|Direct3D_64.ActiveCfg = _ENGINE_DEBUG|x64
		{CC853871-E1C2-442D-A66A-CF326121BD90}._ENGINE_DEBUG|OpenGL_32.ActiveCfg = _ENGINE_DEBUG|Win32
		{CC853871-E1C2-442D-A66A-CF326121BD90}._ENGINE_DEBUG|OpenGL_32.Build.0 = _ENGINE_DEBUG|Win32
		{CC853871-E1C2-442D-A66A-CF326121BD90}._ENGINE_DEBUG|x64.ActiveCfg = _ENGINE_DEBUG|x64
		{CC853871-E1C2-442D-A66A-CF326121BD90}._ENGINE_DEBUG|x64.Build.0 = _ENGINE_DEBUG|x64
		{CC853871-E1C2-442D-A66A-CF326121BD90}._ENGINE_DEBUG|x86.ActiveCfg = _ENGINE_DEBUG|Win32
		{CC853871-E1C2-442D-A66A-CF326121BD90}._ENGINE_DEBUG|x86.Build.0 = _ENGINE_DEBUG|Win32
		{CC853871-E1C2-442D-A66A-CF326121BD90}.BUILD_DEBUG|Direct3D_64.ActiveCfg = BUILD_DEBUG|x64
		{CC853871-E1C2-442D-A66A-CF326121BD90}.BUILD_DEBUG|OpenGL_32.ActiveCfg = BUILD_DEBUG|Win32
		{CC853871-E1C2-442D-A66A-CF326121BD90}.BUILD_DEBUG|OpenGL_32.Build.0 = BUILD_DEBUG|Win32
		{CC853871-E1C2-442D-A66A-CF326121BD90}.BUILD_DEBUG|x64.ActiveCfg = BUILD_DEBUG|x64
		{CC853871-E1C2-442D-A66A-CF326121BD90}.BUILD_DEBUG|x64.Build.0 = BUILD_DEBUG|x64
		{CC853871-E1C2-442D-A66A-CF326121BD90}.BUILD_DEBUG|x86.ActiveCfg = BUILD_DEBUG|Win32
		{CC853871-E1C2-442D-A66A-CF326121BD90}.BUILD_DEBUG|x86.Build.0 = BUILD_DEBUG|Win32
		{CC853871-E1C2-442D-A66A-CF326121BD90}.Debug|Direct3D_64.ActiveCfg = Debug|x64
		{CC853871-E1C2-442D-A66A-CF326121BD90}.Debug|OpenGL_32.ActiveCfg = Debug|Win32
		{CC853871-E1C2-442D-A66A-CF326121BD90}.Debug|OpenGL_32.Build.0 = Debug|Win32
		{CC853871-E1C2-442D-A66A-CF326121BD90}.Debug|x64.ActiveCfg = Debug|x64
		{CC853871-E1C2-442D-A66A-CF326121BD90}.Debug|x64.Build.0 = Debug|x64
		{CC853871-E1C2-442D-A66A-CF326121BD90}.Debug|x86.ActiveCfg = Debug|Win32
		{CC853871-E1C2-442D-A66A-CF326121BD90}.Debug|x86.Build.0 = Debug|Win32
		{CC853871-E1C2-442D-A66A-CF326121BD90}.RELEASE_DEBUG|Direct3D_64.ActiveCfg = RELEASE_DEBUG|x64
		{CC853871-E1C2-442D-A66A-CF326121BD90}.RELEASE_DEBUG|Direct3D_64.Build.0 = RELEASE_DEBUG|x64
		{CC853871-E1C2-442D-A66A-CF326121BD90}.RELEASE_DEBUG|OpenGL_32.ActiveCfg = RELEASE_DEBUG|Win32
		{CC853871-E1C2-442D-A66A-CF326121BD90}.RELEASE_DEBUG|OpenGL_32.Build.0 = RELEASE_DEBUG|Win32
		{CC853871-E1C2-442D-A66A-CF326121BD90}.RELEASE_DEBUG|x64.ActiveCfg = RELEASE_DEBUG|x64
		{CC853871-E1C2-442D-A66A-CF326121BD90}.RELEASE_DEBUG|x64.Build.0 = RELEASE_DEBUG|x64
		{CC853871-E1C2-442D-A66A-CF326121BD90}.RELEASE_DEBUG|x86.ActiveCfg = RELEASE_DEBUG|Win32
		{CC853871-E1C2-442D-A66A-CF326121BD90}.RELEASE_DEBUG|x86.Build.0 = RELEASE_DEBUG|Win32
		{CC853871-E1C2-442D-A66A-CF326121BD90}.Release|Direct3D_64.ActiveCfg = Release|x64
		{CC853871-E1C2-442D-A66A-CF326121BD90}.Release|OpenGL_32.ActiveCfg = Release|Win32
		{CC853871-E1C2-442D-A66A-CF326121BD90}.Release|OpenGL_32.Build.0 = Release|Win32
		{CC853871-E1C2-442D-A66A-CF326121BD90}.Release|x64.ActiveCfg = Release|x64
		{CC853871-E1C2-442D-A66A-CF326121BD90}.Release|x64.Build.0 = Release|x64
		{CC853871-E1C2-442D-A66A-CF326121BD90}.Release|x86.ActiveCfg = Release|Win32
		{CC853871-E1C2-442D-A66A-CF326121BD90}.Release|x86.Build.0 = Release|Win32
		{45CDCFF0-7F57-457F-9706-C3C15E7EA597}._ENGINE_DEBUG|Direct3D_64.ActiveCfg = _ENGINE_DEBUG|x64
		{45CDCFF0-7F57-457F-9706-C3C15E7EA597}._ENGINE_DEBUG|Direct3D_64.Build.0 = _ENGINE_DEBUG|x64
		{45CDCFF0-7F57-457F-9706-C3C15E7EA597}._ENGINE_DEBUG|OpenGL_32.ActiveCfg = _ENGINE_DEBUG|Win32
		{45CDCFF0-7F57-457F-9706-C3C15E7EA597}._ENGINE_DEBUG|OpenGL_32.Build.0 = _ENGINE_DEBUG|Win32
		{45CDCFF0-7F57-457F-9706-C3C15E7EA597}._ENGINE_DEBUG|x64.ActiveCfg = _ENGINE_DEBUG|x64
		{45CDCFF0-7F57-457F-9706-C3C15E7EA597}._ENGINE_DEBUG|x64.Build.0 = _ENGINE_DEBUG|x64
		{45CDCFF0-7F57-457F-9706-C3C15E7EA597}._ENGINE_DEBUG|x86.ActiveCfg = _ENGINE_DEBUG|Win32
		{45CDCFF0-7F57-457F-9706-C3C15E7EA597}._ENGINE_DEBUG|x86.Build.0 = _ENGINE_DEBUG|Win32
		{45CDCFF0-7F57-457F-9706-C3C15E7EA597}.BUILD_DEBUG|Direct3D_64.ActiveCfg = BUILD_DEBUG|x64
		{45CDCFF0-7F57-457F-9706-C3C15E7EA597}.BUILD_DEBUG|Direct3D_64.Build.0 = BUILD_DEBUG|x64
		{45CDCFF0-7F57-457F-9706-C3C15E7EA597}.BUILD_DEBUG|OpenGL_32.ActiveCfg = BUILD_DEBUG|Win32
		{45CDCFF0-7F57-457F-9706-C3C15E7EA597}.BUILD_DEBUG|OpenGL_32.Build.0 = BUILD_DEBUG|Win32
		{45CDCFF0-7F57-457F-9706-C3C15E7EA597}.BUILD_DEBUG|x64.ActiveCfg = BUILD_DEBUG|x64
		{45CDCFF0-7F57-457F-9706-C3C15E7EA597}.BUILD_DEBUG|x64.Build.0 = BUILD_DEBUG|x64
		{45CDCFF0-7F57-457F-9706-C3C15E7EA597}.BUILD_DEBUG|x86.ActiveCfg = BUILD_DEBUG|Win32
		{45CDCFF0-7F57-457F-9706-C3C15E7EA597}.BUILD_DEBUG|x86.Build.0 = BUILD_DEBUG|Win32
		{45CDCFF0-7F57-457F-9706-C3C15E7EA597}.Debug|Direct3D_64.ActiveCfg = Debug|x64
		{45CDCFF0-7F57-457F-9706-C3C15E7EA597}.Debug|Direct3D_64.Build.0 = Debug|x64
		{45CDCFF0-7F57-457F-9706-C3C15E7EA597}.Debug|OpenGL_32.ActiveCfg = Debug|Win32
		{45CDCFF0-7F57-457F-9706-C3C15E7EA597}.Debug|OpenGL_32.Build.0 = Debug|Win32
		{45CDCFF0-7F57-457F-9706-C3C15E7EA597}.Debug|x64.ActiveCfg = Debug|x64
		{45CDCFF0-7F57-457F-9706-C3C15E7EA597}.Debug|x64.Build.0 = Debug|x64
		{45CDCFF0-7F57-457F-9706-C3C15E7EA597}.Debug|x86.ActiveCfg = Debug|Win32
		{45CDCFF0-7F57-457F-9706-C3C15E7EA597}.Debug|x86.Build.0 = Debug|Win32
		{45CDCFF0-7F57-457F-9706-C3C15E7EA597}.RELEASE_DEBUG|Direct3D_64.ActiveCfg = RELEASE_DEBUG|x64
		{45CDCFF0-7F57-457F-9706-C3C15E7EA597}.RELEASE_DEBUG|Direct3D_64.Build.0 = RELEASE_DEBUG|x64
		{45CDCFF0-7F57-457F-9706-C3C15E7EA597}.RELEASE_DEBUG|OpenGL_32.ActiveCfg = RELEASE_DEBUG|Win32
		{45CDCFF0-7F57-457F-9706-C3C15E7EA597}.RELEASE_DEBUG|OpenGL_32.Build.0 = RELEASE_DEBUG|Win32
		{45CDCFF0-7F57-457F-9706-C3C15E7EA597}.RELEASE_DEBUG|x64.ActiveCfg = RELEASE_DEBUG|x64
		{45CDCFF0-7F57-457F-9706-C3C15E7EA597}.RELEASE_DEBUG|x64.Build.0 = RELEASE_DEBUG|x64
		{45CDCFF0-7F57-457F-9706-C3C15E7EA597}.RELEASE_DEBUG|x86.ActiveCfg = RELEASE_DEBUG|Win32
		{45CDCFF0-7F57-457F-9706-C3C15E7EA597}.RELEASE_DEBUG|x86.Build.0 = RELEASE_DEBUG|Win32
		{45CDCFF0-7F57-457F-9706-C3C15E7EA597}.Release|Direct3D_64.ActiveCfg = Release|x64
		{45CDCFF0-7F57-457F-9706-C3C15E7EA597}.Release|Direct3D_64.Build.0 = Release|x64
		{45CDCFF0-7F57-457F-9706-C3C15E7EA597}.Release|OpenGL_32.ActiveCfg = Release|Win32
		{45CDCFF0-7F57-457F-9706-C3C15E7EA597}.Release|OpenGL_32.Build.0 = Release|Win32
		{45CDCFF0-7F57-457F-9706-C3C15E7EA597}.Release|x64.ActiveCfg = Release|x64
		{45CDCFF0-7F57-457F-9706-C3C15E7EA597}.Release|x64.Build.0 = Release|x64
		{45CDCFF0-7F57-457F-9706-C3C15E7EA597}.Release|x86.ActiveCfg = Release|Win32
		{45CDCFF0-7F57-457F-9706-C3C15E7EA597}.Release|x86.Build.0 = Release|Win32
		{393119AF-5F33-4130-9BE8-8A59EEBED07E}._ENGINE_DEBUG|Direct3D_64.ActiveCfg = _ENGINE_DEBUG|x64
		{393119AF-5F33-4130-9BE8-8A59EEBED07E}._ENGINE_DEBUG|Direct3D_64.Build.0 = _ENGINE_DEBUG|x64
		{393119AF-5F33-4130-9BE8-8A59EEBED07E}._ENGINE_DEBUG|OpenGL_32.ActiveCfg = _ENGINE_DEBUG|Win32
		{393119AF-5F33-4130-9BE8-8A59EEBED07E}._ENGINE_DEBUG|OpenGL_32.Build.0 = _ENGINE_DEBUG|Win32
		{393119AF-5F33-4130-9BE8-8A59EEBED07E}._ENGINE_DEBUG|x64.ActiveCfg = _ENGINE_DEBUG|x64
		{393119AF-5F33-4130-9BE8-8A59EEBED07E}._ENGINE_DEBUG|x64.Build.0 = _ENGINE_DEBUG|x64
		{393119AF-5F33-4130-9BE8-8A59EEBED07E}._ENGINE_DEBUG|x86.ActiveCfg = _ENGINE_DEBUG|Win32
		{393119AF-5F33-4130-9BE8-8A59EEBED07E}._ENGINE_DEBUG|x86.Build.0 = _ENGINE_DEBUG|Win32
		{393119AF-5F33-4130-9BE8-8A59EEBED07E}.BUILD_DEBUG|Direct3D_64.ActiveCfg = BUILD_DEBUG|x64
		{393119AF-5F33-4130-9BE8-8A59EEBED07E}.BUILD_DEBUG|Direct3D_64.Build.0 = BUILD_DEBUG|x64
		{393119AF-5F33-4130-9BE8-8A59EEBED07E}.BUILD_DEBUG|OpenGL_32.ActiveCfg = BUILD_DEBUG|Win32
		{393119AF-5F33-4130-9BE8-8A59EEBED07E}.BUILD_DEBUG|OpenGL_32.Build.0 = BUILD_DEBUG|Win32
		{393119AF-5F33-4130-9BE8-8A59EEBED07E}.BUILD_DEBUG|x64.ActiveCfg = BUILD_DEBUG|x64
		{393119AF-5F33-4130-9BE8-8A59EEBED07E}.BUILD_DEBUG|x64.Build.0 = BUILD_DEBUG|x64
		{393119AF-5F33-4130-9BE8-8A59EEBED07E}.BUILD_DEBUG|x86.ActiveCfg = BUILD_DEBUG|Win32
		{393119AF-5F33-4130-9BE8-8A59EEBED07E}.BUILD_DEBUG|x86.Build.0 = BUILD_DEBUG|Win32
		{393119AF-5F33-4130-9BE8-8A59EEBED07E}.Debug|Direct3D_64.ActiveCfg = Debug|x64
		{393119AF-5F33-4130-9BE8-8A59EEBED07E}.Debug|Direct3D_64.Build.0 = Debug|x64
		{393119AF-5F33-4130-9BE8-8A59EEBED07E}.Debug|OpenGL_32.ActiveCfg = Debug|Win32
		{393119AF-5F33-4130-9BE8-8A59EEBED07E}.Debug|OpenGL_32.Build.0 = Debug|Win32
		{393119AF-5F33-4130-9BE8-8A59EEBED07E}.Debug|x64.ActiveCfg = Debug|x64
		{393119AF-5F33-4130-9BE8-8A59EEBED07E}.Debug|x64.Build.0 = Debug|x64
		{393119AF-5F33-4130-9BE8-8A59EEBED07E}.Debug|x86.ActiveCfg = Debug|Win32
		{393119AF-5F33-4130-9BE8-8A59EEBED07E}.Debug|x86.Build.0 = Debug|Win32
		{393119AF-5F33-4130-9BE8-8A59EEBED07E}.RELEASE_DEBUG|Direct3D_64.ActiveCfg = RELEASE_DEBUG|x64
		{393119AF-5F33-4130-9BE8-8A59EEBED07E}.RELEASE_DEBUG|Direct3D_64.Build.0 = RELEASE_DEBUG|x64
		{393119AF-5F33-4130-9BE8-8A59EEBED07E}.RELEASE_DEBUG|OpenGL_32.ActiveCfg = RELEASE_DEBUG|Win32
		{393119AF-5F33-4130-9BE8-8A59EEBED07E}.RELEASE_DEBUG|OpenGL_32.Build.0 = RELEASE_DEBUG|Win32
		{393119AF-5F33-4130-9BE8-8A59EEBED07E}.RELEASE_DEBUG|x64.ActiveCfg = RELEASE_DEBUG|x64
		{393119AF-5F33-4130-9BE8-8A59EEBED07E}.RELEASE_DEBUG|x64.Build.0 = RELEASE_DEBUG|x64
		{393119AF-5F33-4130-9BE8-8A59EEBED07E}.RELEASE_DEBUG|x86.ActiveCfg = RELEASE_DEBUG|Win32
		{393119AF-5F33-4130-9BE8-8A59EEBED07E}.RELEASE_DEBUG|x86.Build.0 = RELEASE_DEBUG|Win32
		{393119AF-5F33-4130-9BE8-8A59EEBED07E}.Release|Direct3D_64.ActiveCfg = Release|x64
		{393119AF-5F33-4130-9BE8-8A59EEBED07E}.Release|Direct3D_64.Build.0 = Release|x64
		{393119AF-5F33-4130-9BE8-8A59EEBED07E}.Release|OpenGL_32.ActiveCfg = Release|Win32
		{393119AF-5F33-4130-9BE8-8A59EEBED07E}.Release|OpenGL_32.Build.0 = Release|Win32
		{393119AF-5F33-4130-9BE8-8A59EEBED07E}.Release|x64.ActiveCfg = Release|x64
		{393119AF-5F33-4130-9BE8-8A59EEBED07E}.Release|x64.Build.0 = Release|x64
		{393119AF-5F33-4130-9BE8-8A59EEBED07E}.Release|x86.ActiveCfg = Release|Win32
		{393119AF-5F33-4130-9BE8-8A59EEBED07E}.Release|x86.Build.0 = Release|Win32
		{9653A255-0309-403F-9193-DE569343011F}._ENGINE_DEBUG|Direct3D_64.ActiveCfg = _ENGINE_DEBUG|x64
		{9653A255-0309-403F-9193-DE569343011F}._ENGINE_DEBUG|Direct3D_64.Build.0 = _ENGINE_DEBUG|x64
		{9653A255-0309-403F-9193-DE569343011F}._ENGINE_DEBUG|OpenGL_32.ActiveCfg = _ENGINE_DEBUG|Win32
		{9653A255-0309-403F-9193-DE569343011F}._ENGINE_DEBUG|OpenGL_32.Build.0 = _ENGINE_DEBUG|Win32
		{9653A255-0309-403F-9193-DE569343011F}._ENGINE_DEBUG|x64.ActiveCfg = _ENGINE_DEBUG|x64
		{9653A255-0309-403F-9193-DE569343011F}._ENGINE_DEBUG|x64.Build.0 = _ENGINE_DEBUG|x64
		{9653A255-0309-403F-9193-DE569343011F}._ENGINE_DEBUG|x86.ActiveCfg = _ENGINE_DEBUG|Win32
		{9653A255-0309-403F-9193-DE569343011F}._ENGINE_DEBUG|x86.Build.0 = _ENGINE_DEBUG|Win32
		{9653A255-0309-403F-9193-DE569343011F}.BUILD_DEBUG|Direct3D_64.ActiveCfg = BUILD_DEBUG|x64
		{9653A255-0309-403F-9193-DE569343011F}.BUILD_DEBUG|Direct3D_64.Build.0 = BUILD_DEBUG|x64
		{9653A255-0309-403F-9193-DE569343011F}.BUILD_DEBUG|OpenGL_32.ActiveCfg = BUILD_DEBUG|Win32
		{9653A255-0309-403F-9193-DE569343011F}.BUILD_DEBUG|OpenGL_32.Build.0 = BUILD_DEBUG|Win32
		{9653A255-0309-403F-9193-DE569343011F}.BUILD_DEBUG|x64.ActiveCfg = BUILD_DEBUG|x64
		{9653A255-0309-403F-9193-DE569343011F}.BUILD_DEBUG|x64.Build.0 = BUILD_DEBUG|x64
		{9653A255-0309-403F-9193-DE569343011F}.BUILD_DEBUG|x86.ActiveCfg = BUILD_DEBUG|Win32
		{9653A255-0309-403F-9193-DE569343011F}.BUILD_DEBUG|x86.Build.0 = BUILD_DEBUG|Win32
		{9653A255-0309-403F-9193-DE569343011F}.Debug|Direct3D_64.ActiveCfg = Debug|x64
		{9653A255-0309-403F-9193-DE569343011F}.Debug|Direct3D_64.Build.0 = Debug|x64
		{9653A255-0309-403F-9193-DE569343011F}.Debug|OpenGL_32.ActiveCfg = Debug|Win32
		{9653A255-0309-403F-9193-DE569343011F}.Debug|OpenGL_32.Build.0 = Debug|Win32
		{9653A255-0309-403F-9193-DE569343011F}.Debug|x64.ActiveCfg = Debug|x64
		{9653A255-0309-403F-9193-DE569343011F}.Debug|x64.Build.0 = Debug|x64
		{9653A255-0309-403F-9193-DE569343011F}.Debug|x86.ActiveCfg = Debug|Win32
		{9653A255-0309-403F-9193-DE569343011F}.Debug|x86.Build.0 = Debug|Win32
		{9653A255-0309-403F-9193-DE569343011F}.RELEASE_DEBUG|Direct3D_64.ActiveCfg = RELEASE_DEBUG|x64
		{9653A255-0309-403F-9193-DE569343011F}.RELEASE_DEBUG|Direct3D_64.Build.0 = RELEASE_DEBUG|x64
		{9653A255-0309-403F-9193-DE569343011F}.RELEASE_DEBUG|OpenGL_32.ActiveCfg = RELEASE_DEBUG|Win32
		{9653A255-0309-403F-9193-DE569343011F}.RELEASE_DEBUG|OpenGL_32.Build.0 = RELEASE_DEBUG|Win32
		{9653A255-0309-403F-9193-DE569343011F}.RELEASE_DEBUG|x64.ActiveCfg = RELEASE_DEBUG|x64
		{9653A255-0309-403F-9193-DE569343011F}.RELEASE_DEBUG|x64.Build.0 = RELEASE_DEBUG|x64
		{9653A255-0309-403F-9193-DE569343011F}.RELEASE_DEBUG|x86.ActiveCfg = RELEASE_DEBUG|Win32
		{9653A255-0309-403F-9193-DE569343011F}.RELEASE_DEBUG|x86.Build.0 = RELEASE_DEBUG|Win32
		{9653A255-0309-403F-9193-DE569343011F}.Release|Direct3D_64.ActiveCfg = Release|x64
		{9653A255-0309-403F-9193-DE569343011F}.Release|Direct3D_64.Build.0 = Release|x64
		{9653A255-0309-403F-9193-DE569343011F}.Release|OpenGL_32.ActiveCfg = Release|Win32
		{9653A255-0309-403F-9193-DE569343011F}.Release|OpenGL_32.Build.0 = Release|Win32
		{9653A255-0309-403F-9193-DE569343011F}.Release|x64.ActiveCfg = Release|x64
		{9653A255-0309-403F-9193-DE569343011F}.Release|x64.Build.0 = Release|x64
		{9653A255-0309-403F-9193-DE569343011F}.Release|x86.ActiveCfg = Release|Win32
		{9653A255-0309-403F-9193-DE569343011F}.Release|x86.Build.0 = Release|Win32
		{5F8004A7-75AD-49AC-85C7-96D9B9F19533}._ENGINE_DEBUG|Direct3D_64.ActiveCfg = _ENGINE_DEBUG|x64
		{5F8004A7-75AD-49AC-85C7-96D9B9F19533}._ENGINE_DEBUG|Direct3D_64.Build.0 = _ENGINE_DEBUG|x64
		{5F8004A7-75AD-49AC-85C7-96D9B9F19533}._ENGINE_DEBUG|OpenGL_32.ActiveCfg = _ENGINE_DEBUG|Win32
		{5F8004A7-75AD-49AC-85C7-96D9B9F19533}._ENGINE_DEBUG|OpenGL_32.Build.0 = _ENGINE_DEBUG|Win32
		{5F8004A7-75AD-49AC-85C7-96D9B9F19533}._ENGINE_DEBUG|x64.ActiveCfg = _ENGINE_DEBUG|x64
		{5F8004A7-75AD-49AC-85C7-96D9B9F19533}._ENGINE_DEBUG|x64.Build.0 = _ENGINE_DEBUG|x64
		{5F8004A7-75AD-49AC-85C7-96D9B9F19533}._ENGINE_DEBUG|x86.ActiveCfg = _ENGINE_DEBUG|Win32
		{5F8004A7-75AD-49AC-85C7-96D9B9F19533}._ENGINE_DEBUG|x86.Build.0 = _ENGINE_DEBUG|Win32
		{5F8004A7-75AD-49AC-85C7-96D9B9F19533}.BUILD_DEBUG|Direct3D_64.ActiveCfg = BUILD_DEBUG|x64
		{5F8004A7-75AD-49AC-85C7-96D9B9F19533}.BUILD_DEBUG|Direct3D_64.Build.0 = BUILD_DEBUG|x64
		{5F8004A7-75AD-49AC-85C7-96D9B9F19533}.BUILD_DEBUG|OpenGL_32.ActiveCfg = BUILD_DEBUG|Win32
		{5F8004A7-75AD-49AC-85C7-96D9B9F19533}.BUILD_DEBUG|OpenGL_32.Build.0 = BUILD_DEBUG|Win32
		{5F8004A7-75AD-49AC-85C7-96D9B9F19533}.BUILD_DEBUG|x64.ActiveCfg = BUILD_DEBUG|x64
		{5F8004A7-75AD-49AC-85C7-96D9B9F19533}.BUILD_DEBUG|x64.Build.0 = BUILD_DEBUG|x64
		{5F8004A7-75AD-49AC-85C7-96D9B9F19533}.BUILD_DEBUG|x86.ActiveCfg = BUILD_DEBUG|Win32
		{5F8004A7-75AD-49AC-85C7-96D9B9F19533}.BUILD_DEBUG|x86.Build.0 = BUILD_DEBUG|Win32
		{5F8004A7-75AD-49AC-85C7-96D9B9F19533}.Debug|Direct3D_64.ActiveCfg = Debug|x64
		{5F8004A7-75AD-49AC-85C7-96D9B9F19533}.Debug|Direct3D_64.Build.0 = Debug|x64
		{5F8004A7-75AD-49AC-85C7-96D9B9F19533}.Debug|OpenGL_32.ActiveCfg = Debug|Win32
		{5F8004A7-75AD-49AC-85C7-96D9B9F19533}.Debug|OpenGL_32.Build.0 = Debug|Win32
		{5F8004A7-75AD-49AC-85C7-96D9B9F19533}.Debug|x64.ActiveCfg = Debug|x64
		{5F8004A7-75AD-49AC-85C7-96D9B9F19533}.Debug|x64.Build.0 = Debug|x64
		{5F8004A7-75AD-49AC-85C7-96D9B9F19533}.Debug|x86.ActiveCfg = Debug|Win32
		{5F8004A7-75AD-49AC-85C7-96D9B9F19533}.Debug|x86.Build.0 = Debug|Win32
		{5F8004A7-75AD-49AC-85C7-96D9B9F19533}.RELEASE_DEBUG|Direct3D_64.ActiveCfg = RELEASE_DEBUG|x64
		{5F8004A7-75AD-49AC-85C7-96D9B9F19533}.RELEASE_DEBUG|Direct3D_64.Build.0 = RELEASE_DEBUG|x64
		{5F8004A7-75AD-49AC-85C7-96D9B9F19533}.RELEASE_DEBUG|OpenGL_32.ActiveCfg = RELEASE_DEBUG|Win32
		{5F8004A7-75AD-49AC-85C7-96D9B9F19533}.RELEASE_DEBUG|OpenGL_32.Build.0 = RELEASE_DEBUG|Win32
		{5F8004A7-75AD-49AC-85C7-96D9B9F19533}.RELEASE_DEBUG|x64.ActiveCfg = RELEASE_DEBUG|x64
		{5F8004A7-75AD-49AC-85C7-96D9B9F19533}.RELEASE_DEBUG|x64.Build.0 = RELEASE_DEBUG|x64
		{5F8004A7-75AD-49AC-85C7-96D9B9F19533}.RELEASE_DEBUG|x86.ActiveCfg = RELEASE_DEBUG|Win32
		{5F8004A7-75AD-49AC-85C7-96D9B9F19533}.RELEASE_DEBUG|x86.Build.0 = RELEASE_DEBUG|Win32
		{5F8004A7-75AD-49AC-85C7-96D9B9F19533}.Release|Direct3D_64.ActiveCfg = Release|x64
		{5F8004A7-75AD-49AC-85C7-96D9B9F19533}.Release|Direct3D_64.Build.0 = Release|x64
		{5F8004A7-75AD-49AC-85C7-96D9B9F19533}.Release|OpenGL_32.ActiveCfg = Release|Win32
		{5F8004A7-75AD-49AC-85C7-96D9B9F19533}.Release|OpenGL_32.Build.0 = Release|Win32
		{5F8004A7-75AD-49AC-85C7-96D9B9F19533}.Release|x64.ActiveCfg = Release|x64
		{5F8004A7-75AD-49AC-85C7-96D9B9F19533}.Release|x64.Build.0 = Release|x64
		{5F8004A7-75AD-49AC-85C7-96D9B9F19533}.Release|x86.ActiveCfg = Release|Win32
		{5F8004A7-75AD-49AC-85C7-96D9B9F19533}.Release|x86.Build.0 = Release|Win32
		{C9BDAC7C-C59A-4367-A21D-0FEDABB93012}._ENGINE_DEBUG|Direct3D_64.ActiveCfg = _ENGINE_DEBUG|x64
		{C9BDAC7C-C59A-4367-A21D-0FEDABB93012}._ENGINE_DEBUG|Direct3D_64.Build.0 = _ENGINE_DEBUG|x64
		{C9BDAC7C-C59A-4367-A21D-0FEDABB93012}._ENGINE_DEBUG|OpenGL_32.ActiveCfg = _ENGINE_DEBUG|Win32
		{C9BDAC7C-C59A-4367-A21D-0FEDABB93012}._ENGINE_DEBUG|OpenGL_32.Build.0 = _ENGINE_DEBUG|Win32
		{C9BDAC7C-C59A-4367-A21D-0FEDABB93012}._ENGINE_DEBUG|x64.ActiveCfg = _ENGINE_DEBUG|x64
		{C9BDAC7C-C59A-4367-A21D-0FEDABB93012}._ENGINE_DEBUG|x64.Build.0 = _ENGINE_DEBUG|x64
		{C9BDAC7C-C59A-4367-A21D-0FEDABB93012}._ENGINE_DEBUG|x86.ActiveCfg = _ENGINE_DEBUG|Win32
		{C9BDAC7C-C59A-4367-A21D-0FEDABB93012}._ENGINE_DEBUG|x86.Build.0 = _ENGINE_DEBUG|Win32
		{C9BDAC7C-C59A-4367-A21D-0FEDABB93012}.BUILD_DEBUG|Direct3D_64.ActiveCfg = BUILD_DEBUG|x64
		{C9BDAC7C-C59A-4367-A21D-0FEDABB93012}.BUILD_DEBUG|Direct3D_64.Build.0 = BUILD_DEBUG|x64
		{C9BDAC7C-C59A-4367-A21D-0FEDABB93012}.BUILD_DEBUG|OpenGL_32.ActiveCfg = BUILD_DEBUG|Win32
		{C9BDAC7C-C59A-4367-A21D-0FEDABB93012}.BUILD_DEBUG|OpenGL_32.Build.0 = BUILD_DEBUG|Win32
		{C9BDAC7C-C59A-4367-A21D-0FEDABB93012}.BUILD_DEBUG|x64.ActiveCfg = BUILD_DEBUG|x64
		{C9BDAC7C-C59A-4367-A21D-0FEDABB93012}.BUILD_DEBUG|x64.Build.0 = BUILD_DEBUG|x64
		{C9BDAC7C-C59A-4367-A21D-0FEDABB93012}.BUILD_DEBUG|x86.ActiveCfg = BUILD_DEBUG|Win32
		{C9BDAC7C-C59A-4367-A21D-0FEDABB93012}.BUILD_DEBUG|x86.Build.0 = BUILD_DEBUG|Win32
		{C9BDAC7C-C59A-4367-A21D-0FEDABB93012}.Debug|Direct3D_64.ActiveCfg = Debug|x64
		{C9BDAC7C-C59A-4367-A21D-0FEDABB93012}.Debug|Direct3D_64.Build.0 = Debug|x64
		{C9BDAC7C-C59A-4367-A21D-0FEDABB93012}.Debug|OpenGL_32.ActiveCfg = Debug|Win32
		{C9BDAC7C-C59A-4367-A21D-0FEDABB93012}.Debug|OpenGL_32.Build.0 = Debug|Win32
		{C9BDAC7C-C59A-4367-A21D-0FEDABB93012}.Debug|x64.ActiveCfg = Debug|x64
		{C9BDAC7C-C59A-4367-A21D-0FEDABB93012}.Debug|x64.Build.0 = Debug|x64
		{C9BDAC7C-C59A-4367-A21D-0FEDABB93012}.Debug|x86.ActiveCfg = Debug|Win32
		{C9BDAC7C-C59A-4367-A21D-0FEDABB93012}.Debug|x86.Build.0 = Debug|Win32
		{C9BDAC7C-C59A-4367-A21D-0FEDABB93012}.RELEASE_DEBUG|Direct3D_64.ActiveCfg = RELEASE_DEBUG|x64
		{C9BDAC7C-C59A-4367-A21D-0FEDABB93012}.RELEASE_DEBUG|Direct3D_64.Build.0 = RELEASE_DEBUG|x64
		{C9BDAC7C-C59A-4367-A21D-0FEDABB93012}.RELEASE_DEBUG|OpenGL_32.ActiveCfg = RELEASE_DEBUG|Win32
		{C9BDAC7C-C59A-4367-A21D-0FEDABB93012}.RELEASE_DEBUG|OpenGL_32.Build.0 = RELEASE_DEBUG|Win32
		{C9BDAC7C-C59A-4367-A21D-0FEDABB93012}.RELEASE_DEBUG|x64.ActiveCfg = RELEASE_DEBUG|x64
		{C9BDAC7C-C59A-4367-A21D-0FEDABB93012}.RELEASE_DEBUG|x64.Build.0 = RELEASE_DEBUG|x64
		{C9BDAC7C-C59A-4367-A21D-0FEDABB93012}.RELEASE_DEBUG|x86.ActiveCfg = RELEASE_DEBUG|Win32
		{C9BDAC7C-C59A-4367-A21D-0FEDABB93012}.RELEASE_DEBUG|x86.Build.0 = RELEASE_DEBUG|Win32
		{C9BDAC7C-C59A-4367-A21D-0FEDABB93012}.Release|Direct3D_64.ActiveCfg = Release|x64
		{C9BDAC7C-C59A-4367-A21D-0FEDABB93012}.Release|Direct3D_64.Build.0 = Release|x64
		{C9BDAC7C-C59A-4367-A21D-0FEDABB93012}.Release|OpenGL_32.ActiveCfg = Release|Win32
		{C9BDAC7C-C59A-4367-A21D-0FEDABB93012}.Release|OpenGL_32.Build.0 = Release|Win32
		{C9BDAC7C-C59A-4367-A21D-0FEDABB93012}.Release|x64.ActiveCfg = Release|x64
		{C9BDAC7C-C59A-4367-A21D-0FEDABB93012}.Release|x64.Build.0 = Release|x64
		{C9BDAC7C-C59A-4367-A21D-0FEDABB93012}.Release|x86.ActiveCfg = Release|Win32
		{C9BDAC7C-C59A-4367-A21D-0FEDABB93012}.Release|x86.Build.0 = Release|Win32
		{B90989E1-E039-4E69-894E-1FBA7724587E}._ENGINE_DEBUG|Direct3D_64.ActiveCfg = _ENGINE_DEBUG|x64
		{B90989E1-E039-4E69-894E-1FBA7724587E}._ENGINE_DEBUG|Direct3D_64.Build.0 = _ENGINE_DEBUG|x64
		{B90989E1-E039-4E69-894E-1FBA7724587E}._ENGINE_DEBUG|OpenGL_32.ActiveCfg = _ENGINE_DEBUG|Win32
		{B90989E1-E039-4E69-894E-1FBA7724587E}._ENGINE_DEBUG|OpenGL_32.Build.0 = _ENGINE_DEBUG|Win32
		{B90989E1-E039-4E69-894E-1FBA7724587E}._ENGINE_DEBUG|x64.ActiveCfg = _ENGINE_DEBUG|x64
		{B90989E1-E039-4E69-894E-1FBA7724587E}._ENGINE_DEBUG|x64.Build.0 = _ENGINE_DEBUG|x64
		{B90989E1-E039-4E69-894E-1FBA7724587E}._ENGINE_DEBUG|x86.ActiveCfg = _ENGINE_DEBUG|Win32
		{B90989E1-E039-4E69-894E-1FBA7724587E}._ENGINE_DEBUG|x86.Build.0 = _ENGINE_DEBUG|Win32
		{B90989E1-E039-4E69-894E-1FBA7724587E}.BUILD_DEBUG|Direct3D_64.ActiveCfg = BUILD_DEBUG|x64
		{B90989E1-E039-4E69-894E-1FBA7724587E}.BUILD_DEBUG|Direct3D_64.Build.0 = BUILD_DEBUG|x64
		{B90989E1-E039-4E69-894E-1FBA7724587E}.BUILD_DEBUG|OpenGL_32.ActiveCfg = BUILD_DEBUG|Win32
		{B90989E1-E039-4E69-894E-1FBA7724587E}.BUILD_DEBUG|OpenGL_32.Build.0 = BUILD_DEBUG|Win32
		{B90989E1-E039-4E69-894E-1FBA7724587E}.BUILD_DEBUG|x64.ActiveCfg = BUILD_DEBUG|x64
		{B90989E1-E039-4E69-894E-1FBA7724587E}.BUILD_DEBUG|x64.Build.0 = BUILD_DEBUG|x64
		{B90989E1-E039-4E69-894E-1FBA7724587E}.BUILD_DEBUG|x86.ActiveCfg = BUILD_DEBUG|Win32
		{B90989E1-E039-4E69-894E-1FBA7724587E}.BUILD_DEBUG|x86.Build.0 = BUILD_DEBUG|Win32
		{B90989E1-E039-4E69-894E-1FBA7724587E}.Debug|Direct3D_64.ActiveCfg = Debug|x64
		{B90989E1-E039-4E69-894E-1FBA7724587E}.Debug|Direct3D_64.Build.0 = Debug|x64
		{B90989E1-E039-4E69-894E-1FBA7724587E}.Debug|OpenGL_32.ActiveCfg = Debug|Win32
		{B90989E1-E039-4E69-894E-1FBA7724587E}.Debug|OpenGL_32.Build.0 = Debug|Win32
		{B90989E1-E039-4E69-894E-1FBA7724587E}.Debug|x64.ActiveCfg = Debug|x64
		{B90989E1-E039-4E69-894E-1FBA7724587E}.Debug|x64.Build.0 = Debug|x64
		{B90989E1-E039-4E69-894E-1FBA7724587E}.Debug|x86.ActiveCfg = Debug|Win32
		{B90989E1-E039-4E69-894E-1FBA7724587E}.Debug|x86.Build.0 = Debug|Win32
		{B90989E1-E039-4E69-894E-1FBA7724587E}.RELEASE_DEBUG|Direct3D_64.ActiveCfg = RELEASE_DEBUG|x64
		{B90989E1-E039-4E69-894E-1FBA7724587E}.RELEASE_DEBUG|Direct3D_64.Build.0 = RELEASE_DEBUG|x64
		{B90989E1-E039-4E69-894E-1FBA7724587E}.RELEASE_DEBUG|OpenGL_32.ActiveCfg = RELEASE_DEBUG|Win32
		{B90989E1-E039-4E69-894E-1FBA7724587E}.RELEASE_DEBUG|OpenGL_32.Build.0 = RELEASE_DEBUG|Win32
		{B90989E1-E039-4E69-894E-1FBA7724587E}.RELEASE_DEBUG|x64.ActiveCfg = RELEASE_DEBUG|x64
		{B90989E1-E039-4E69-894E-1FBA7724587E}.RELEASE_DEBUG|x64.Build.0 = RELEASE_DEBUG|x64
		{B90989E1-E039-4E69-894E-1FBA7724587E}.RELEASE_DEBUG|x86.ActiveCfg = RELEASE_DEBUG|Win32
		{B90989E1-E039-4E69-894E-1FBA7724587E}.RELEASE_DEBUG|x86.Build.0 = RELEASE_DEBUG|Win32
		{B90989E1-E039-4E69-894E-1FBA7724587E}.Release|Direct3D_64.ActiveCfg = Release|x64
		{B90989E1-E039-4E69-894E-1FBA7724587E}.Release|Direct3D_64.Build.0 = Release|x64
		{B90989E1-E039-4E69-894E-1FBA7724587E}.Release|OpenGL_32.ActiveCfg = Release|Win32
		{B90989E1-E039-4E69-894E-1FBA7724587E}.Release|OpenGL_32.Build.0 = Release|Win32
		{B90989E1-E039-4E69-894E-1FBA7724587E}.Release|x64.ActiveCfg = Release|x64
		{B90989E1-E039-4E69-894E-1FBA7724587E}.Release|x64.Build.0 = Release|x64
		{B90989E1-E039-4E69-894E-1FBA7724587E}.Release|x86.ActiveCfg = Release|Win32
		{B90989E1-E039-4E69-894E-1FBA7724587E}.Release|x86.Build.0 = Release|Win32
		{E4154547-FDAC-4B90-979D-BDF433C87597}._ENGINE_DEBUG|Direct3D_64.ActiveCfg = _ENGINE_DEBUG|x64
		{E4154547-FDAC-4B90-979D-BDF433C87597}._ENGINE_DEBUG|Direct3D_64.Build.0 = _ENGINE_DEBUG|x64
		{E4154547-FDAC-4B90-979D-BDF433C87597}._ENGINE_DEBUG|OpenGL_32.ActiveCfg = _ENGINE_DEBUG|Win32
		{E4154547-FDAC-4B90-979D-BDF433C87597}._ENGINE_DEBUG|OpenGL_32.Build.0 = _ENGINE_DEBUG|Win32
		{E4154547-FDAC-4B90-979D-BDF433C87597}._ENGINE_DEBUG|x64.ActiveCfg = _ENGINE_DEBUG|x64
		{E4154547-FDAC-4B90-979D-BDF433C87597}._ENGINE_DEBUG|x64.Build.0 = _ENGINE_DEBUG|x64
		{E4154547-FDAC-4B90-979D-BDF433C87597}._ENGINE_DEBUG|x86.ActiveCfg = _ENGINE_DEBUG|Win32
		{E4154547-FDAC-4B90-979D-BDF433C87597}._ENGINE_DEBUG|x86.Build.0 = _ENGINE_DEBUG|Win32
		{E4154547-FDAC-4B90-979D-BDF433C87597}.BUILD_DEBUG|Direct3D_64.ActiveCfg = Release|x64
		{E4154547-FDAC-4B90-979D-BDF433C87597}.BUILD_DEBUG|Direct3D_64.Build.0 = Release|x64
		{E4154547-FDAC-4B90-979D-BDF433C87597}.BUILD_DEBUG|OpenGL_32.ActiveCfg = Release|Win32
		{E4154547-FDAC-4B90-979D-BDF433C87597}.BUILD_DEBUG|OpenGL_32.Build.0 = Release|Win32
		{E4154547-FDAC-4B90-979D-BDF433C87597}.BUILD_DEBUG|x64.ActiveCfg = Release|x64
		{E4154547-FDAC-4B90-979D-BDF433C87597}.BUILD_DEBUG|x64.Build.0 = Release|x64
		{E4154547-FDAC-4B90-979D-BDF433C87597}.BUILD_DEBUG|x86.ActiveCfg = Release|Win32
		{E4154547-FDAC-4B90-979D-BDF433C87597}.BUILD_DEBUG|x86.Build.0 = Release|Win32
		{E4154547-FDAC-4B90-979D-BDF433C87597}.Debug|Direct3D_64.ActiveCfg = Debug|x64
		{E4154547-FDAC-4B90-979D-BDF433C87597}.Debug|Direct3D_64.Build.0 = Debug|x64
		{E4154547-FDAC-4B90-979D-BDF433C87597}.Debug|OpenGL_32.ActiveCfg = Debug|Win32
		{E4154547-FDAC-4B90-979D-BDF433C87597}.Debug|OpenGL_32.Build.0 = Debug|Win32
		{E4154547-FDAC-4B90-979D-BDF433C87597}.Debug|x64.ActiveCfg = Debug|x64
		{E4154547-FDAC-4B90-979D-BDF433C87597}.Debug|x64.Build.0 = Debug|x64
		{E4154547-FDAC-4B90-979D-BDF433C87597}.Debug|x86.ActiveCfg = Debug|Win32
		{E4154547-FDAC-4B90-979D-BDF433C87597}.Debug|x86.Build.0 = Debug|Win32
		{E4154547-FDAC-4B90-979D-BDF433C87597}.RELEASE_DEBUG|Direct3D_64.ActiveCfg = RELEASE_DEBUG|x64
		{E4154547-FDAC-4B90-979D-BDF433C87597}.RELEASE_DEBUG|Direct3D_64.Build.0 = RELEASE_DEBUG|x64
		{E4154547-FDAC-4B90-979D-BDF433C87597}.RELEASE_DEBUG|OpenGL_32.ActiveCfg = RELEASE_DEBUG|Win32
		{E4154547-FDAC-4B90-979D-BDF433C87597}.RELEASE_DEBUG|OpenGL_32.Build.0 = RELEASE_DEBUG|Win32
		{E4154547-FDAC-4B90-979D-BDF433C87597}.RELEASE_DEBUG|x64.ActiveCfg = RELEASE_DEBUG|x64
		{E4154547-FDAC-4B90-979D-BDF433C87597}.RELEASE_DEBUG|x64.Build.0 = RELEASE_DEBUG|x64
		{E4154547-FDAC-4B90-979D-BDF433C87597}.RELEASE_DEBUG|x86.ActiveCfg = RELEASE_DEBUG|Win32
		{E4154547-FDAC-4B90-979D-BDF433C87597}.RELEASE_DEBUG|x86.Build.0 = RELEASE_DEBUG|Win32
		{E4154547-FDAC-4B90-979D-BDF433C87597}.Release|Direct3D_64.ActiveCfg = Release|x64
		{E4154547-FDAC-4B90-979D-BDF433C87597}.Release|Direct3D_64.Build.0 = Release|x64
		{E4154547-FDAC-4B90-979D-BDF433C87597}.Release|OpenGL_32.ActiveCfg = Release|Win32
		{E4154547-FDAC-4B90-979D-BDF433C87597}.Release|OpenGL_32.Build.0 = Release|Win32
		{E4154547-FDAC-4B90-979D-BDF433C87597}.Release|x64.ActiveCfg = Release|x64
		{E4154547-FDAC-4B90-979D-BDF433C87597}.Release|x64.Build.0 = Release|x64
		{E4154547-FDAC-4B90-979D-BDF433C87597}.Release|x86.ActiveCfg = Release|Win32
		{E4154547-FDAC-4B90-979D-BDF433C87597}.Release|x86.Build.0 = Release|Win32
		{43B6C442-8C3A-403D-B6E3-26505ADB2493}._ENGINE_DEBUG|Direct3D_64.ActiveCfg = _ENGINE_DEBUG|x64
		{43B6C442-8C3A-403D-B6E3-26505ADB2493}._ENGINE_DEBUG|Direct3D_64.Build.0 = _ENGINE_DEBUG|x64
		{43B6C442-8C3A-403D-B6E3-26505ADB2493}._ENGINE_DEBUG|OpenGL_32.ActiveCfg = _ENGINE_DEBUG|Win32
		{43B6C442-8C3A-403D-B6E3-26505ADB2493}._ENGINE_DEBUG|OpenGL_32.Build.0 = _ENGINE_DEBUG|Win32
		{43B6C442-8C3A-403D-B6E3-26505ADB2493}._ENGINE_DEBUG|x64.ActiveCfg = _ENGINE_DEBUG|x64
		{43B6C442-8C3A-403D-B6E3-26505ADB2493}._ENGINE_DEBUG|x64.Build.0 = _ENGINE_DEBUG|x64
		{43B6C442-8C3A-403D-B6E3-26505ADB2493}._ENGINE_DEBUG|x86.ActiveCfg = _ENGINE_DEBUG|Win32
		{43B6C442-8C3A-403D-B6E3-26505ADB2493}._ENGINE_DEBUG|x86.Build.0 = _ENGINE_DEBUG|Win32
		{43B6C442-8C3A-403D-B6E3-26505ADB2493}.BUILD_DEBUG|Direct3D_64.ActiveCfg = Release|x64
		{43B6C442-8C3A-403D-B6E3-26505ADB2493}.BUILD_DEBUG|Direct3D_64.Build.0 = Release|x64
		{43B6C442-8C3A-403D-B6E3-26505ADB2493}.BUILD_DEBUG|OpenGL_32.ActiveCfg = Release|Win32
		{43B6C442-8C3A-403D-B6E3-26505ADB2493}.BUILD_DEBUG|OpenGL_32.Build.0 = Release|Win32
		{43B6C442-8C3A-403D-B6E3-26505ADB2493}.BUILD_DEBUG|x64.ActiveCfg = Release|x64
		{43B6C442-8C3A-403D-B6E3-26505ADB2493}.BUILD_DEBUG|x64.Build.0 = Release|x64
		{43B6C442-8C3A-403D-B6E3-26505ADB2493}.BUILD_DEBUG|x86.ActiveCfg = Release|Win32
		{43B6C442-8C3A-403D-B6E3-26505ADB2493}.BUILD_DEBUG|x86.Build.0 = Release|Win32
		{43B6C442-8C3A-403D-B6E3-26505ADB2493}.Debug|Direct3D_64.ActiveCfg = Debug|x64
		{43B6C442-8C3A-403D-B6E3-26505ADB2493}.Debug|Direct3D_64.Build.0 = Debug|x64
		{43B6C442-8C3A-403D-B6E3-26505ADB2493}.Debug|OpenGL_32.ActiveCfg = Debug|Win32
		{43B6C442-8C3A-403D-B6E3-26505ADB2493}.Debug|OpenGL_32.Build.0 = Debug|Win32
		{43B6C442-8C3A-403D-B6E3-26505ADB2493}.Debug|x64.ActiveCfg = Debug|x64
		{43B6C442-8C3A-403D-B6E3-26505ADB2493}.Debug|x64.Build.0 = Debug|x64
		{43B6C442-8C3A-403D-B6E3-26505ADB2493}.Debug|x86.ActiveCfg = Debug|Win32
		{43B6C442-8C3A-403D-B6E3-26505ADB2493}.Debug|x86.Build.0 = Debug|Win32
		{43B6C442-8C3A-403D-B6E3-26505ADB2493}.RELEASE_DEBUG|Direct3D_64.ActiveCfg = RELEASE_DEBUG|x64
		{43B6C442-8C3A-403D-B6E3-26505ADB2493}.RELEASE_DEBUG|Direct3D_64.Build.0 = RELEASE_DEBUG|x64
		{43B6C442-8C3A-403D-B6E3-26505ADB2493}.RELEASE_DEBUG|OpenGL_32.ActiveCfg = RELEASE_DEBUG|Win32
		{43B6C442-8C3A-403D-B6E3-26505ADB2493}.RELEASE_DEBUG|OpenGL_32.Build.0 = RELEASE_DEBUG|Win32
		{43B6C442-8C3A-403D-B6E3-26505ADB2493}.RELEASE_DEBUG|x64.ActiveCfg = RELEASE_DEBUG|x64
		{43B6C442-8C3A-403D-B6E3-26505ADB2493}.RELEASE_DEBUG|x64.Build.0 = RELEASE_DEBUG|x64
		{43B6C442-8C3A-403D-B6E3-26505ADB2493}.RELEASE_DEBUG|x86.ActiveCfg = RELEASE_DEBUG|Win32
		{43B6C442-8C3A-403D-B6E3-26505ADB2493}.RELEASE_DEBUG|x86.Build.0 = RELEASE_DEBUG|Win32
		{43B6C442-8C3A-403D-B6E3-26505ADB2493}.Release|Direct3D_64.ActiveCfg = Release|x64
		{43B6C442-8C3A-403D-B6E3-26505ADB2493}.Release|Direct3D_64.Build.0 = Release|x64
		{43B6C442-8C3A-403D-B6E3-26505ADB2493}.Release|OpenGL_32.ActiveCfg = Release|Win32
		{43B6C442-8C3A-403D-B6E3-26505ADB2493}.Release|OpenGL_32.Build.0 = Release|Win32
		{43B6C442-8C3A-403D-B6E3-26505ADB2493}.Release|x64.ActiveCfg = Release|x64
		{43B6C442-8C3A-403D-B6E3-26505ADB2493}.Release|x64.Build.0 = Release|x64
		{43B6C442-8C3A-403D-B6E3-26505ADB2493}.Release|x86.ActiveCfg = Release|Win32
		{43B6C442-8C3A-403D-B6E3-26505ADB2493}.Release|x86.Build.0 = Release|Win32
		{08115731-DC04-4C7E-A782-6F74673B9353}._ENGINE_DEBUG|Direct3D_64.ActiveCfg = _ENGINE_DEBUG|x64
		{08115731-DC04-4C7E-A782-6F74673B9353}._ENGINE_DEBUG|Direct3D_64.Build.0 = _ENGINE_DEBUG|x64
		{08115731-DC04-4C7E-A782-6F74673B9353}._ENGINE_DEBUG|OpenGL_32.ActiveCfg = _ENGINE_DEBUG|Win32
		{08115731-DC04-4C7E-A782-6F74673B9353}._ENGINE_DEBUG|OpenGL_32.Build.0 = _ENGINE_DEBUG|Win32
		{08115731-DC04-4C7E-A782-6F74673B9353}._ENGINE_DEBUG|x64.ActiveCfg = _ENGINE_DEBUG|x64
		{08115731-DC04-4C7E-A782-6F74673B9353}._ENGINE_DEBUG|x64.Build.0 = _ENGINE_DEBUG|x64
		{08115731-DC04-4C7E-A782-6F74673B9353}._ENGINE_DEBUG|x86.ActiveCfg = _ENGINE_DEBUG|Win32
		{08115731-DC04-4C7E-A782-6F74673B9353}._ENGINE_DEBUG|x86.Build.0 = _ENGINE_DEBUG|Win32
		{08115731-DC04-4C7E-A782-6F74673B9353}.BUILD_DEBUG|Direct3D_64.ActiveCfg = Release|x64
		{08115731-DC04-4C7E-A782-6F74673B9353}.BUILD_DEBUG|Direct3D_64.Build.0 = Release|x64
		{08115731-DC04-4C7E-A782-6F74673B9353}.BUILD_DEBUG|OpenGL_32.ActiveCfg = Release|Win32
		{08115731-DC04-4C7E-A782-6F74673B9353}.BUILD_DEBUG|OpenGL_32.Build.0 = Release|Win32
		{08115731-DC04-4C7E-A782-6F74673B9353}.BUILD_DEBUG|x64.ActiveCfg = Release|x64
		{08115731-DC04-4C7E-A782-6F74673B9353}.BUILD_DEBUG|x64.Build.0 = Release|x64
		{08115731-DC04-4C7E-A782-6F74673B9353}.BUILD_DEBUG|x86.ActiveCfg = Release|Win32
		{08115731-DC04-4C7E-A782-6F74673B9353}.BUILD_DEBUG|x86.Build.0 = Release|Win32
		{08115731-DC04-4C7E-A782-6F74673B9353}.Debug|Direct3D_64.ActiveCfg = Debug|x64
		{08115731-DC04-4C7E-A782-6F74673B9353}.Debug|Direct3D_64.Build.0 = Debug|x64
		{08115731-DC04-4C7E-A782-6F74673B9353}.Debug|OpenGL_32.ActiveCfg = Debug|Win32
		{08115731-DC04-4C7E-A782-6F74673B9353}.Debug|OpenGL_32.Build.0 = Debug|Win32
		{08115731-DC04-4C7E-A782-6F74673B9353}.Debug|x64.ActiveCfg = Debug|x64
		{08115731-DC04-4C7E-A782-6F74673B9353}.Debug|x64.Build.0 = Debug|x64
		{08115731-DC04-4C7E-A782-6F74673B9353}.Debug|x86.ActiveCfg = Debug|Win32
		{08115731-DC04-4C7E-A782-6F74673B9353}.Debug|x86.Build.0 = Debug|Win32
		{08115731-DC04-4C7E-A782-6F74673B9353}.RELEASE_DEBUG|Direct3D_64.ActiveCfg = RELEASE_DEBUG|x64
		{08115731-DC04-4C7E-A782-6F74673B9353}.RELEASE_DEBUG|Direct3D_64.Build.0 = RELEASE_DEBUG|x64
		{08115731-DC04-4C7E-A782-6F74673B9353}.RELEASE_DEBUG|OpenGL_32.ActiveCfg = RELEASE_DEBUG|Win32
		{08115731-DC04-4C7E-A782-6F74673B9353}.RELEASE_DEBUG|OpenGL_32.Build.0 = RELEASE_DEBUG|Win32
		{08115731-DC04-4C7E-A782-6F74673B9353}.RELEASE_DEBUG|x64.ActiveCfg = RELEASE_DEBUG|x64
		{08115731-DC04-4C7E-A782-6F74673B9353}.RELEASE_DEBUG|x64.Build.0 = RELEASE_DEBUG|x64
		{08115731-DC04-4C7E-A782-6F74673B9353}.RELEASE_DEBUG|x86.ActiveCfg = RELEASE_DEBUG|Win32
		{08115731-DC04-4C7E-A782-6F74673B9353}.RELEASE_DEBUG|x86.Build.0 = RELEASE_DEBUG|Win32
		{08115731-DC04-4C7E-A782-6F74673B9353}.Release|Direct3D_64.ActiveCfg = Release|x64
		{08115731-DC04-4C7E-A782-6F74673B9353}.Release|Direct3D_64.Build.0 = Release|x64
		{08115731-DC04-4C7E-A782-6F74673B9353}.Release|OpenGL_32.ActiveCfg = Release|Win32
		{08115731-DC04-4C7E-A782-6F74673B9353}.Release|OpenGL_32.Build.0 = Release|Win32
		{08115731-DC04-4C7E-A782-6F74673B9353}.Release|x64.ActiveCfg = Release|x64
		{08115731-DC04-4C7E-A782-6F74673B9353}.Release|x64.Build.0 = Release|x64
		{08115731-DC04-4C7E-A782-6F74673B9353}.Release|x86.ActiveCfg = Release|Win32
		{08115731-DC04-4C7E-A782-6F74673B9353}.Release|x86.Build.0 = Release|Win32
		{887E9B0F-6FC5-4069-BD18-85246309F59E}._ENGINE_DEBUG|Direct3D_64.ActiveCfg = _ENGINE_DEBUG|x64
		{887E9B0F-6FC5-4069-BD18-85246309F59E}._ENGINE_DEBUG|Direct3D_64.Build.0 = _ENGINE_DEBUG|x64
		{887E9B0F-6FC5-4069-BD18-85246309F59E}._ENGINE_DEBUG|OpenGL_32.ActiveCfg = _ENGINE_DEBUG|Win32
		{887E9B0F-6FC5-4069-BD18-85246309F59E}._ENGINE_DEBUG|OpenGL_32.Build.0 = _ENGINE_DEBUG|Win32
		{887E9B0F-6FC5-4069-BD18-85246309F59E}._ENGINE_DEBUG|x64.ActiveCfg = _ENGINE_DEBUG|x64
		{887E9B0F-6FC5-4069-BD18-85246309F59E}._ENGINE_DEBUG|x64.Build.0 = _ENGINE_DEBUG|x64
		{887E9B0F-6FC5-4069-BD18-85246309F59E}._ENGINE_DEBUG|x86.ActiveCfg = _ENGINE_DEBUG|Win32
		{887E9B0F-6FC5-4069-BD18-85246309F59E}._ENGINE_DEBUG|x86.Build.0 = _ENGINE_DEBUG|Win32
		{887E9B0F-6FC5-4069-BD18-85246309F59E}.BUILD_DEBUG|Direct3D_64.ActiveCfg = Release|x64
		{887E9B0F-6FC5-4069-BD18-85246309F59E}.BUILD_DEBUG|Direct3D_64.Build.0 = Release|x64
		{887E9B0F-6FC5-4069-BD18-85246309F59E}.BUILD_DEBUG|OpenGL_32.ActiveCfg = Release|x64
		{887E9B0F-6FC5-4069-BD18-85246309F59E}.BUILD_DEBUG|OpenGL_32.Build.0 = Release|x64
		{887E9B0F-6FC5-4069-BD18-85246309F59E}.BUILD_DEBUG|x64.ActiveCfg = Release|x64
		{887E9B0F-6FC5-4069-BD18-85246309F59E}.BUILD_DEBUG|x64.Build.0 = Release|x64
		{887E9B0F-6FC5-4069-BD18-85246309F59E}.BUILD_DEBUG|x86.ActiveCfg = Release|Win32
		{887E9B0F-6FC5-4069-BD18-85246309F59E}.BUILD_DEBUG|x86.Build.0 = Release|Win32
		{887E9B0F-6FC5-4069-BD18-85246309F59E}.Debug|Direct3D_64.ActiveCfg = Debug|x64
		{887E9B0F-6FC5-4069-BD18-85246309F59E}.Debug|Direct3D_64.Build.0 = Debug|x64
		{887E9B0F-6FC5-4069-BD18-85246309F59E}.Debug|OpenGL_32.ActiveCfg = Debug|Win32
		{887E9B0F-6FC5-4069-BD18-85246309F59E}.Debug|OpenGL_32.Build.0 = Debug|Win32
		{887E9B0F-6FC5-4069-BD18-85246309F59E}.Debug|x64.ActiveCfg = Debug|x64
		{887E9B0F-6FC5-4069-BD18-85246309F59E}.Debug|x64.Build.0 = Debug|x64
		{887E9B0F-6FC5-4069-BD18-85246309F59E}.Debug|x86.ActiveCfg = Debug|Win32
		{887E9B0F-6FC5-4069-BD18-85246309F59E}.Debug|x86.Build.0 = Debug|Win32
		{887E9B0F-6FC5-4069-BD18-85246309F59E}.RELEASE_DEBUG|Direct3D_64.ActiveCfg = RELEASE_DEBUG|x64
		{887E9B0F-6FC5-4069-BD18-85246309F59E}.RELEASE_DEBUG|Direct3D_64.Build.0 = RELEASE_DEBUG|x64
		{887E9B0F-6FC5-4069-BD18-85246309F59E}.RELEASE_DEBUG|OpenGL_32.ActiveCfg = RELEASE_DEBUG|Win32
		{887E9B0F-6FC5-4069-BD18-85246309F59E}.RELEASE_DEBUG|OpenGL_32.Build.0 = RELEASE_DEBUG|Win32
		{887E9B0F-6FC5-4069-BD18-85246309F59E}.RELEASE_DEBUG|x64.ActiveCfg = RELEASE_DEBUG|x64
		{887E9B0F-6FC5-4069-BD18-85246309F59E}.RELEASE_DEBUG|x64.Build.0 = RELEASE_DEBUG|x64
		{887E9B0F-6FC5-4069-BD18-85246309F59E}.RELEASE_DEBUG|x86.ActiveCfg = RELEASE_DEBUG|Win32
		{887E9B0F-6FC5-4069-BD18-85246309F59E}.RELEASE_DEBUG|x86.Build.0 = RELEASE_DEBUG|Win32
		{887E9B0F-6FC5-4069-BD18-85246309F59E}.Release|Direct3D_64.ActiveCfg = Release|x64
		{887E9B0F-6FC5-4069-BD18-85246309F59E}.Release|Direct3D_64.Build.0 = Release|x64
		{887E9B0F-6FC5-4069-BD18-85246309F59E}.Release|OpenGL_32.ActiveCfg = Release|Win32
		{887E9B0F-6FC5-4069-BD18-85246309F59E}.Release|OpenGL_32.Build.0 = Release|Win32
		{887E9B0F-6FC5-4069-BD18-85246309F59E}.Release|x64.ActiveCfg = Release|x64
		{887E9B0F-6FC5-4069-BD18-85246309F59E}.Release|x64.Build.0 = Release|x64
		{887E9B0F-6FC5-4069-BD18-85246309F59E}.Release|x86.ActiveCfg = Release|Win32
		{887E9B0F-6FC5-4069-BD18-85246309F59E}.Release|x86.Build.0 = Release|Win32
		{5BE2E9CC-B674-4100-A1C7-E87A3AA48DD7}._ENGINE_DEBUG|Direct3D_64.ActiveCfg = _ENGINE_DEBUG|x64
		{5BE2E9CC-B674-4100-A1C7-E87A3AA48DD7}._ENGINE_DEBUG|Direct3D_64.Build.0 = _ENGINE_DEBUG|x64
		{5BE2E9CC-B674-4100-A1C7-E87A3AA48DD7}._ENGINE_DEBUG|OpenGL_32.ActiveCfg = _ENGINE_DEBUG|Win32
		{5BE2E9CC-B674-4100-A1C7-E87A3AA48DD7}._ENGINE_DEBUG|OpenGL_32.Build.0 = _ENGINE_DEBUG|Win32
		{5BE2E9CC-B674-4100-A1C7-E87A3AA48DD7}._ENGINE_DEBUG|x64.ActiveCfg = _ENGINE_DEBUG|x64
		{5BE2E9CC-B674-4100-A1C7-E87A3AA48DD7}._ENGINE_DEBUG|x64.Build.0 = _ENGINE_DEBUG|x64
		{5BE2E9CC-B674-4100-A1C7-E87A3AA48DD7}._ENGINE_DEBUG|x86.ActiveCfg = _ENGINE_DEBUG|Win32
		{5BE2E9CC-B674-4100-A1C7-E87A3AA48DD7}._ENGINE_DEBUG|x86.Build.0 = _ENGINE_DEBUG|Win32
		{5BE2E9CC-B674-4100-A1C7-E87A3AA48DD7}.BUILD_DEBUG|Direct3D_64.ActiveCfg = Release|x64
		{5BE2E9CC-B674-4100-A1C7-E87A3AA48DD7}.BUILD_DEBUG|Direct3D_64.Build.0 = Release|x64
		{5BE2E9CC-B674-4100-A1C7-E87A3AA48DD7}.BUILD_DEBUG|OpenGL_32.ActiveCfg = Release|x64
		{5BE2E9CC-B674-4100-A1C7-E87A3AA48DD7}.BUILD_DEBUG|OpenGL_32.Build.0 = Release|x64
		{5BE2E9CC-B674-4100-A1C7-E87A3AA48DD7}.BUILD_DEBUG|x64.ActiveCfg = Release|x64
		{5BE2E9CC-B674-4100-A1C7-E87A3AA48DD7}.BUILD_DEBUG|x64.Build.0 = Release|x64
		{5BE2E9CC-B674-4100-A1C7-E87A3AA48DD7}.BUILD_DEBUG|x86.ActiveCfg = Release|Win32
		{5BE2E9CC-B674-4100-A1C7-E87A3AA48DD7}.BUILD_DEBUG|x86.Build.0 = Release|Win32
		{5BE2E9CC-B674-4100-A1C7-E87A3AA48DD7}.Debug|Direct3D_64.ActiveCfg = Debug|x64
		{5BE2E9CC-B674-4100-A1C7-E87A3AA48DD7}.Debug|Direct3D_64.Build.0 = Debug|x64
		{5BE2E9CC-B674-4100-A1C7-E87A3AA48DD7}.Debug|OpenGL_32.ActiveCfg = Debug|Win32
		{5BE2E9CC-B674-4100-A1C7-E87A3AA48DD7}.Debug|OpenGL_32.Build.0 = Debug|Win32
		{5BE2E9CC-B674-4100-A1C7-E87A3AA48DD7}.Debug|x64.ActiveCfg = Debug|x64
		{5BE2E9CC-B674-4100-A1C7-E87A3AA48DD7}.Debug|x64.Build.0 = Debug|x64
		{5BE2E9CC-B674-4100-A1C7-E87A3AA48DD7}.Debug|x86.ActiveCfg = Debug|Win32
		{5BE2E9CC-B674-4100-A1C7-E87A3AA48DD7}.Debug|x86.Build.0 = Debug|Win32
		{5BE2E9CC-B674-4100-A1C7-E87A3AA48DD7}.RELEASE_DEBUG|Direct3D_64.ActiveCfg = RELEASE_DEBUG|x64
		{5BE2E9CC-B674-4100-A1C7-E87A3AA48DD7}.RELEASE_DEBUG|Direct3D_64.Build.0 = RELEASE_DEBUG|x64
		{5BE2E9CC-B674-4100-A1C7-E87A3AA48DD7}.RELEASE_DEBUG|OpenGL_32.ActiveCfg = RELEASE_DEBUG|Win32
		{5BE2E9CC-B674-4100-A1C7-E87A3AA48DD7}.RELEASE_DEBUG|OpenGL_32.Build.0 = RELEASE_DEBUG|Win32
		{5BE2E9CC-B674-4100-A1C7-E87A3AA48DD7}.RELEASE_DEBUG|x64.ActiveCfg = RELEASE_DEBUG|x64
		{5BE2E9CC-B674-4100-A1C7-E87A3AA48DD7}.RELEASE_DEBUG|x64.Build.0 = RELEASE_DEBUG|x64
		{5BE2E9CC-B674-4100-A1C7-E87A3AA48DD7}.RELEASE_DEBUG|x86.ActiveCfg = RELEASE_DEBUG|Win32
		{5BE2E9CC-B674-4100-A1C7-E87A3AA48DD7}.RELEASE_DEBUG|x86.Build.0 = RELEASE_DEBUG|Win32
		{5BE2E9CC-B674-4100-A1C7-E87A3AA48DD7}.Release|Direct3D_64.ActiveCfg = Release|x64
		{5BE2E9CC-B674-4100-A1C7-E87A3AA48DD7}.Release|Direct3D_64.Build.0 = Release|x64
		{5BE2E9CC-B674-4100-A1C7-E87A3AA48DD7}.Release|OpenGL_32.ActiveCfg = Release|Win32
		{5BE2E9CC-B674-4100-A1C7-E87A3AA48DD7}.Release|OpenGL_32.Build.0 = Release|Win32
		{5BE2E9CC-B674-4100-A1C7-E87A3AA48DD7}.Release|x64.ActiveCfg = Release|x64
		{5BE2E9CC-B674-4100-A1C7-E87A3AA48DD7}.Release|x64.Build.0 = Release|x64
		{5BE2E9CC-B674-4100-A1C7-E87A3AA48DD7}.Release|x86.ActiveCfg = Release|Win32
		{5BE2E9CC-B674-4100-A1C7-E87A3AA48DD7}.Release|x86.Build.0 = Release|Win32
		{703EA41E-3F54-45E2-B6D4-A25E0585715B}._ENGINE_DEBUG|Direct3D_64.ActiveCfg = _ENGINE_DEBUG|x64
		{703EA41E-3F54-45E2-B6D4-A25E0585715B}._ENGINE_DEBUG|Direct3D_64.Build.0 = _ENGINE_DEBUG|x64
		{703EA41E-3F54-45E2-B6D4-A25E0585715B}._ENGINE_DEBUG|OpenGL_32.ActiveCfg = _ENGINE_DEBUG|Win32
		{703EA41E-3F54-45E2-B6D4-A25E0585715B}._ENGINE_DEBUG|OpenGL_32.Build.0 = _ENGINE_DEBUG|Win32
		{703EA41E-3F54-45E2-B6D4-A25E0585715B}._ENGINE_DEBUG|x64.ActiveCfg = _ENGINE_DEBUG|x64
		{703EA41E-3F54-45E2-B6D4-A25E0585715B}._ENGINE_DEBUG|x64.Build.0 = _ENGINE_DEBUG|x64
		{703EA41E-3F54-45E2-B6D4-A25E0585715B}._ENGINE_DEBUG|x86.ActiveCfg = _ENGINE_DEBUG|Win32
		{703EA41E-3F54-45E2-B6D4-A25E0585715B}._ENGINE_DEBUG|x86.Build.0 = _ENGINE_DEBUG|Win32
		{703EA41E-3F54-45E2-B6D4-A25E0585715B}.BUILD_DEBUG|Direct3D_64.ActiveCfg = Release|x64
		{703EA41E-3F54-45E2-B6D4-A25E0585715B}.BUILD_DEBUG|Direct3D_64.Build.0 = Release|x64
		{703EA41E-3F54-45E2-B6D4-A25E0585715B}.BUILD_DEBUG|OpenGL_32.ActiveCfg = Release|x64
		{703EA41E-3F54-45E2-B6D4-A25E0585715B}.BUILD_DEBUG|OpenGL_32.Build.0 = Release|x64
		{703EA41E-3F54-45E2-B6D4-A25E0585715B}.BUILD_DEBUG|x64.ActiveCfg = Release|x64
		{703EA41E-3F54-45E2-B6D4-A25E0585715B}.BUILD_DEBUG|x64.Build.0 = Release|x64
		{703EA41E-3F54-45E2-B6D4-A25E0585715B}.BUILD_DEBUG|x86.ActiveCfg = Release|Win32
		{703EA41E-3F54-45E2-B6D4-A25E0585715B}.BUILD_DEBUG|x86.Build.0 = Release|Win32
		{703EA41E-3F54-45E2-B6D4-A25E0585715B}.Debug|Direct3D_64.ActiveCfg = Debug|x64
		{703EA41E-3F54-45E2-B6D4-A25E0585715B}.Debug|Direct3D_64.Build.0 = Debug|x64
		{703EA41E-3F54-45E2-B6D4-A25E0585715B}.Debug|OpenGL_32.ActiveCfg = Debug|Win32
		{703EA41E-3F54-45E2-B6D4-A25E0585715B}.Debug|OpenGL_32.Build.0 = Debug|Win32
		{703EA41E-3F54-45E2-B6D4-A25E0585715B}.Debug|x64.ActiveCfg = Debug|x64
		{703EA41E-3F54-45E2-B6D4-A25E0585715B}.Debug|x64.Build.0 = Debug|x64
		{703EA41E-3F54-45E2-B6D4-A25E0585715B}.Debug|x86.ActiveCfg = Debug|Win32
		{703EA41E-3F54-45E2-B6D4-A25E0585715B}.Debug|x86.Build.0 = Debug|Win32
		{703EA41E-3F54-45E2-B6D4-A25E0585715B}.RELEASE_DEBUG|Direct3D_64.ActiveCfg = RELEASE_DEBUG|x64
		{703EA41E-3F54-45E2-B6D4-A25E0585715B}.RELEASE_DEBUG|Direct3D_64.Build.0 = RELEASE_DEBUG|x64
		{703EA41E-3F54-45E2-B6D4-A25E0585715B}.RELEASE_DEBUG|OpenGL_32.ActiveCfg = RELEASE_DEBUG|Win32
		{703EA41E-3F54-45E2-B6D4-A25E0585715B}.RELEASE_DEBUG|OpenGL_32.Build.0 = RELEASE_DEBUG|Win32
		{703EA41E-3F54-45E2-B6D4-A25E0585715B}.RELEASE_DEBUG|x64.ActiveCfg = RELEASE_DEBUG|x64
		{703EA41E-3F54-45E2-B6D4-A25E0585715B}.RELEASE_DEBUG|x64.Build.0 = RELEASE_DEBUG|x64
		{703EA41E-3F54-45E2-B6D4-A25E0585715B}.RELEASE_DEBUG|x86.ActiveCfg = RELEASE_DEBUG|Win32
		{703EA41E-3F54-45E2-B6D4-A25E0585715B}.RELEASE_DEBUG|x86.Build.0 = RELEASE_DEBUG|Win32
		{703EA41E-3F54-45E2-B6D4-A25E0585715B}.Release|Direct3D_64.ActiveCfg = Release|x64
		{703EA41E-3F54-45E2-B6D4-A25E0585715B}.Release|Direct3D_64.Build.0 = Release|x64
		{703EA41E-3F54-45E2-B6D4-A25E0585715B}.Release|OpenGL_32.ActiveCfg = Release|Win32
		{703EA41E-3F54-45E2-B6D4-A25E0585715B}.Release|OpenGL_32.Build.0 = Release|Win32
		{703EA41E-3F54-45E2-B6D4-A25E0585715B}.Release|x64.ActiveCfg = Release|x64
		{703EA41E-3F54-45E2-B6D4-A25E0585715B}.Release|x64.Build.0 = Release|x64
		{703EA41E-3F54-45E2-B6D4-A25E0585715B}.Release|x86.ActiveCfg = Release|Win32
		{703EA41E-3F54-45E2-B6D4-A25E0585715B}.Release|x86.Build.0 = Release|Win32
		{EC809270-CE46-4204-A0F7-F88A6A4732E9}._ENGINE_DEBUG|Direct3D_64.ActiveCfg = Release|x64
		{EC809270-CE46-4204-A0F7-F88A6A4732E9}._ENGINE_DEBUG|Direct3D_64.Build.0 = Release|x64
		{EC809270-CE46-4204-A0F7-F88A6A4732E9}._ENGINE_DEBUG|OpenGL_32.ActiveCfg = Release|x64
		{EC809270-CE46-4204-A0F7-F88A6A4732E9}._ENGINE_DEBUG|OpenGL_32.Build.0 = Release|x64
		{EC809270-CE46-4204-A0F7-F88A6A4732E9}._ENGINE_DEBUG|x64.ActiveCfg = Release|x64
		{EC809270-CE46-4204-A0F7-F88A6A4732E9}._ENGINE_DEBUG|x64.Build.0 = Release|x64
		{EC809270-CE46-4204-A0F7-F88A6A4732E9}._ENGINE_DEBUG|x86.ActiveCfg = Release|Win32
		{EC809270-CE46-4204-A0F7-F88A6A4732E9}._ENGINE_DEBUG|x86.Build.0 = Release|Win32
		{EC809270-CE46-4204-A0F7-F88A6A4732E9}.BUILD_DEBUG|Direct3D_64.ActiveCfg = Release|x64
		{EC809270-CE46-4204-A0F7-F88A6A4732E9}.BUILD_DEBUG|Direct3D_64.Build.0 = Release|x64
		{EC809270-CE46-4204-A0F7-F88A6A4732E9}.BUILD_DEBUG|OpenGL_32.ActiveCfg = Release|x64
		{EC809270-CE46-4204-A0F7-F88A6A4732E9}.BUILD_DEBUG|OpenGL_32.Build.0 = Release|x64
		{EC809270-CE46-4204-A0F7-F88A6A4732E9}.BUILD_DEBUG|x64.ActiveCfg = Release|x64
		{EC809270-CE46-4204-A0F7-F88A6A4732E9}.BUILD_DEBUG|x64.Build.0 = Release|x64
		{EC809270-CE46-4204-A0F7-F88A6A4732E9}.BUILD_DEBUG|x86.ActiveCfg = Release|Win32
		{EC809270-CE46-4204-A0F7-F88A6A4732E9}.BUILD_DEBUG|x86.Build.0 = Release|Win32
		{EC809270-CE46-4204-A0F7-F88A6A4732E9}.Debug|Direct3D_64.ActiveCfg = Debug|x64
		{EC809270-CE46-4204-A0F7-F88A6A4732E9}.Debug|Direct3D_64.Build.0 = Debug|x64
		{EC809270-CE46-4204-A0F7-F88A6A4732E9}.Debug|OpenGL_32.ActiveCfg = Debug|Win32
		{EC809270-CE46-4204-A0F7-F88A6A4732E9}.Debug|OpenGL_32.Build.0 = Debug|Win32
		{EC809270-CE46-4204-A0F7-F88A6A4732E9}.Debug|x64.ActiveCfg = Debug|x64
		{EC809270-CE46-4204-A0F7-F88A6A4732E9}.Debug|x64.Build.0 = Debug|x64
		{EC809270-CE46-4204-A0F7-F88A6A4732E9}.Debug|x86.ActiveCfg = Debug|Win32
		{EC809270-CE46-4204-A0F7-F88A6A4732E9}.Debug|x86.Build.0 = Debug|Win32
		{EC809270-CE46-4204-A0F7-F88A6A4732E9}.RELEASE_DEBUG|Direct3D_64.ActiveCfg = Release|x64
		{EC809270-CE46-4204-A0F7-F88A6A4732E9}.RELEASE_DEBUG|Direct3D_64.Build.0 = Release|x64
		{EC809270-CE46-4204-A0F7-F88A6A4732E9}.RELEASE_DEBUG|OpenGL_32.ActiveCfg = Release|x64
		{EC809270-CE46-4204-A0F7-F88A6A4732E9}.RELEASE_DEBUG|OpenGL_32.Build.0 = Release|x64
		{EC809270-CE46-4204-A0F7-F88A6A4732E9}.RELEASE_DEBUG|x64.ActiveCfg = Release|x64
		{EC809270-CE46-4204-A0F7-F88A6A4732E9}.RELEASE_DEBUG|x64.Build.0 = Release|x64
		{EC809270-CE46-4204-A0F7-F88A6A4732E9}.RELEASE_DEBUG|x86.ActiveCfg = Release|Win32
		{EC809270-CE46-4204-A0F7-F88A6A4732E9}.RELEASE_DEBUG|x86.Build.0 = Release|Win32
		{EC809270-CE46-4204-A0F7-F88A6A4732E9}.Release|Direct3D_64.ActiveCfg = Release|x64
		{EC809270-CE46-4204-A0F7-F88A6A4732E9}.Release|Direct3D_64.Build.0 = Release|x64
		{EC809270-CE46-4204-A0F7-F88A6A4732E9}.Release|OpenGL_32.ActiveCfg = Release|Win32
		{EC809270-CE46-4204-A0F7-F88A6A4732E9}.Release|OpenGL_32.Build.0 = Release|Win32
		{EC809270-CE46-4204-A0F7-F88A6A4732E9}.Release|x64.ActiveCfg = Release|x64
		{EC809270-CE46-4204-A0F7-F88A6A4732E9}.Release|x64.Build.0 = Release|x64
		{EC809270-CE46-4204-A0F7-F88A6A4732E9}.Release|x86.ActiveCfg = Release|Win32
		{EC809270-CE46-4204-A0F7-F88A6A4732E9}.Release|x86.Build.0 = Release|Win32
		{4228BC52-904F-4BA2-B78E-7BCB85068A82}._ENGINE_DEBUG|Direct3D_64.ActiveCfg = Release|x64
		{4228BC52-904F-4BA2-B78E-7BCB85068A82}._ENGINE_DEBUG|Direct3D_64.Build.0 = Release|x64
		{4228BC52-904F-4BA2-B78E-7BCB85068A82}._ENGINE_DEBUG|OpenGL_32.ActiveCfg = Release|x64
		{4228BC52-904F-4BA2-B78E-7BCB85068A82}._ENGINE_DEBUG|OpenGL_32.Build.0 = Release|x64
		{4228BC52-904F-4BA2-B78E-7BCB85068A82}._ENGINE_DEBUG|x64.ActiveCfg = Release|x64
		{4228BC52-904F-4BA2-B78E-7BCB85068A82}._ENGINE_DEBUG|x64.Build.0 = Release|x64
		{4228BC52-904F-4BA2-B78E-7BCB85068A82}._ENGINE_DEBUG|x86.ActiveCfg = Release|Win32
		{4228BC52-904F-4BA2-B78E-7BCB85068A82}._ENGINE_DEBUG|x86.Build.0 = Release|Win32
		{4228BC52-904F-4BA2-B78E-7BCB85068A82}.BUILD_DEBUG|Direct3D_64.ActiveCfg = Release|x64
		{4228BC52-904F-4BA2-B78E-7BCB85068A82}.BUILD_DEBUG|Direct3D_64.Build.0 = Release|x64
		{4228BC52-904F-4BA2-B78E-7BCB85068A82}.BUILD_DEBUG|OpenGL_32.ActiveCfg = Release|x64
		{4228BC52-904F-4BA2-B78E-7BCB85068A82}.BUILD_DEBUG|OpenGL_32.Build.0 = Release|x64
		{4228BC52-904F-4BA2-B78E-7BCB85068A82}.BUILD_DEBUG|x64.ActiveCfg = Release|x64
		{4228BC52-904F-4BA2-B78E-7BCB85068A82}.BUILD_DEBUG|x64.Build.0 = Release|x64
		{4228BC52-904F-4BA2-B78E-7BCB85068A82}.BUILD_DEBUG|x86.ActiveCfg = Release|Win32
		{4228BC52-904F-4BA2-B78E-7BCB85068A82}.BUILD_DEBUG|x86.Build.0 = Release|Win32
		{4228BC52-904F-4BA2-B78E-7BCB85068A82}.Debug|Direct3D_64.ActiveCfg = Debug|x64
		{4228BC52-904F-4BA2-B78E-7BCB85068A82}.Debug|Direct3D_64.Build.0 = Debug|x64
		{4228BC52-904F-4BA2-B78E-7BCB85068A82}.Debug|OpenGL_32.ActiveCfg = Debug|Win32
		{4228BC52-904F-4BA2-B78E-7BCB85068A82}.Debug|OpenGL_32.Build.0 = Debug|Win32
		{4228BC52-904F-4BA2-B78E-7BCB85068A82}.Debug|x64.ActiveCfg = Debug|x64
		{4228BC52-904F-4BA2-B78E-7BCB85068A82}.Debug|x64.Build.0 = Debug|x64
		{4228BC52-904F-4BA2-B78E-7BCB85068A82}.Debug|x86.ActiveCfg = Debug|Win32
		{4228BC52-904F-4BA2-B78E-7BCB85068A82}.Debug|x86.Build.0 = Debug|Win32
		{4228BC52-904F-4BA2-B78E-7BCB85068A82}.RELEASE_DEBUG|Direct3D_64.ActiveCfg = Release|x64
		{4228BC52-904F-4BA2-B78E-7BCB85068A82}.RELEASE_DEBUG|Direct3D_64.Build.0 = Release|x64
		{4228BC52-904F-4BA2-B78E-7BCB85068A82}.RELEASE_DEBUG|OpenGL_32.ActiveCfg = Release|x64
		{4228BC52-904F-4BA2-B78E-7BCB85068A82}.RELEASE_DEBUG|OpenGL_32.Build.0 = Release|x64
		{4228BC52-904F-4BA2-B78E-7BCB85068A82}.RELEASE_DEBUG|x64.ActiveCfg = Release|x64
		{4228BC52-904F-4BA2-B78E-7BCB85068A82}.RELEASE_DEBUG|x64.Build.0 = Release|x64
		{4228BC52-904F-4BA2-B78E-7BCB85068A82}.RELEASE_DEBUG|x86.ActiveCfg = Release|Win32
		{4228BC52-904F-4BA2-B78E-7BCB85068A82}.RELEASE_DEBUG|x86.Build.0 = Release|Win32
		{4228BC52-904F-4BA2-B78E-7BCB85068A82}.Release|Direct3D_64.ActiveCfg = Release|x64
		{4228BC52-904F-4BA2-B78E-7BCB85068A82}.Release|Direct3D_64.Build.0 = Release|x64
		{4228BC52-904F-4BA2-B78E-7BCB85068A82}.Release|OpenGL_32.ActiveCfg = Release|Win32
		{4228BC52-904F-4BA2-B78E-7BCB85068A82}.Release|OpenGL_32.Build.0 = Release|Win32
		{4228BC52-904F-4BA2-B78E-7BCB85068A82}.Release|x64.ActiveCfg = Release|x64
		{4228BC52-904F-4BA2-B78E-7BCB85068A82}.Release|x64.Build.0 = Release|x64
		{4228BC52-904F-4BA2-B78E-7BCB85068A82}.Release|x86.ActiveCfg = Release|Win32
		{4228BC52-904F-4BA2-B78E-7BCB85068A82}.Release|x86.Build.0 = Release|Win32
		{59372B6A-B411-44A7-9B90-0CA2A462BDB5}._ENGINE_DEBUG|Direct3D_64.ActiveCfg = Release|x64
		{59372B6A-B411-44A7-9B90-0CA2A462BDB5}._ENGINE_DEBUG|Direct3D_64.Build.0 = Release|x64
		{59372B6A-B411-44A7-9B90-0CA2A462BDB5}._ENGINE_DEBUG|OpenGL_32.ActiveCfg = Release|x64
		{59372B6A-B411-44A7-9B90-0CA2A462BDB5}._ENGINE_DEBUG|OpenGL_32.Build.0 = Release|x64
		{59372B6A-B411-44A7-9B90-0CA2A462BDB5}._ENGINE_DEBUG|x64.ActiveCfg = Release|x64
		{59372B6A-B411-44A7-9B90-0CA2A462BDB5}._ENGINE_DEBUG|x64.Build.0 = Release|x64
		{59372B6A-B411-44A7-9B90-0CA2A462BDB5}._ENGINE_DEBUG|x86.ActiveCfg = Release|Win32
		{59372B6A-B411-44A7-9B90-0CA2A462BDB5}._ENGINE_DEBUG|x86.Build.0 = Release|Win32
		{59372B6A-B411-44A7-9B90-0CA2A462BDB5}.BUILD_DEBUG|Direct3D_64.ActiveCfg = Release|x64
		{59372B6A-B411-44A7-9B90-0CA2A462BDB5}.BUILD_DEBUG|Direct3D_64.Build.0 = Release|x64
		{59372B6A-B411-44A7-9B90-0CA2A462BDB5}.BUILD_DEBUG|OpenGL_32.ActiveCfg = Release|x64
		{59372B6A-B411-44A7-9B90-0CA2A462BDB5}.BUILD_DEBUG|OpenGL_32.Build.0 = Release|x64
		{59372B6A-B411-44A7-9B90-0CA2A462BDB5}.BUILD_DEBUG|x64.ActiveCfg = Release|x64
		{59372B6A-B411-44A7-9B90-0CA2A462BDB5}.BUILD_DEBUG|x64.Build.0 = Release|x64
		{59372B6A-B411-44A7-9B90-0CA2A462BDB5}.BUILD_DEBUG|x86.ActiveCfg = Release|Win32
		{59372B6A-B411-44A7-9B90-0CA2A462BDB5}.BUILD_DEBUG|x86.Build.0 = Release|Win32
		{59372B6A-B411-44A7-9B90-0CA2A462BDB5}.Debug|Direct3D_64.ActiveCfg = Debug|x64
		{59372B6A-B411-44A7-9B90-0CA2A462BDB5}.Debug|Direct3D_64.Build.0 = Debug|x64
		{59372B6A-B411-44A7-9B90-0CA2A462BDB5}.Debug|OpenGL_32.ActiveCfg = Debug|Win32
		{59372B6A-B411-44A7-9B90-0CA2A462BDB5}.Debug|OpenGL_32.Build.0 = Debug|Win32
		{59372B6A-B411-44A7-9B90-0CA2A462BDB5}.Debug|x64.ActiveCfg = Debug|x64
		{59372B6A-B411-44A7-9B90-0CA2A462BDB5}.Debug|x64.Build.0 = Debug|x64
		{59372B6A-B411-44A7-9B90-0CA2A462BDB5}.Debug|x86.ActiveCfg = Debug|Win32
		{59372B6A-B411-44A7-9B90-0CA2A462BDB5}.Debug|x86.Build.0 = Debug|Win32
		{59372B6A-B411-44A7-9B90-0CA2A462BDB5}.RELEASE_DEBUG|Direct3D_64.ActiveCfg = Release|x64
		{59372B6A-B411-44A7-9B90-0CA2A462BDB5}.RELEASE_DEBUG|Direct3D_64.Build.0 = Release|x64
		{59372B6A-B411-44A7-9B90-0CA2A462BDB5}.RELEASE_DEBUG|OpenGL_32.ActiveCfg = Release|x64
		{59372B6A-B411-44A7-9B90-0CA2A462BDB5}.RELEASE_DEBUG|OpenGL_32.Build.0 = Release|x64
		{59372B6A-B411-44A7-9B90-0CA2A462BDB5}.RELEASE_DEBUG|x64.ActiveCfg = Release|x64
		{59372B6A-B411-44A7-9B90-0CA2A462BDB5}.RELEASE_DEBUG|x64.Build.0 = Release|x64
		{59372B6A-B411-44A7-9B90-0CA2A462BDB5}.RELEASE_DEBUG|x86.ActiveCfg = Release|Win32
		{59372B6A-B411-44A7-9B90-0CA2A462BDB5}.RELEASE_DEBUG|x86.Build.0 = Release|Win32
		{59372B6A-B411-44A7-9B90-0CA2A462BDB5}.Release|Direct3D_64.ActiveCfg = Release|x64
		{59372B6A-B411-44A7-9B90-0CA2A462BDB5}.Release|Direct3D_64.Build.0 = Release|x64
		{59372B6A-B411-44A7-9B90-0CA2A462BDB5}.Release|OpenGL_32.ActiveCfg = Release|Win32
		{59372B6A-B411-44A7-9B90-0CA2A462BDB5}.Release|OpenGL_32.Build.0 = Release|Win32
		{59372B6A-B411-44A7-9B90-0CA2A462BDB5}.Release|x64.ActiveCfg = Release|x64
		{59372B6A-B411-44A7-9B90-0CA2A462BDB5}.Release|x64.Build.0 = Release|x64
		{59372B6A-B411-44A7-9B90-0CA2A462BDB5}.Release|x86.ActiveCfg = Release|Win32
		{59372B6A-B411-44A7-9B90-0CA2A462BDB5}.Release|x86.Build.0 = Release|Win32
		{3DB76F64-6EC9-4080-8675-0661759507D9}._ENGINE_DEBUG|Direct3D_64.ActiveCfg = Release|x64
		{3DB76F64-6EC9-4080-8675-0661759507D9}._ENGINE_DEBUG|Direct3D_64.Build.0 = Release|x64
		{3DB76F64-6EC9-4080-8675-0661759507D9}._ENGINE_DEBUG|OpenGL_32.ActiveCfg = Release|x64
		{3DB76F64-6EC9-4080-8675-0661759507D9}._ENGINE_DEBUG|OpenGL_32.Build.0 = Release|x64
		{3DB76F64-6EC9-4080-8675-0661759507D9}._ENGINE_DEBUG|x64.ActiveCfg = Release|x64
		{3DB76F64-6EC9-4080-8675-0661759507D9}._ENGINE_DEBUG|x64.Build.0 = Release|x64
		{3DB76F64-6EC9-4080-8675-0661759507D9}._ENGINE_DEBUG|x86.ActiveCfg = Release|Win32
		{3DB76F64-6EC9-4080-8675-0661759507D9}._ENGINE_DEBUG|x86.Build.0 = Release|Win32
		{3DB76F64-6EC9-4080-8675-0661759507D9}.BUILD_DEBUG|Direct3D_64.ActiveCfg = Release|x64
		{3DB76F64-6EC9-4080-8675-0661759507D9}.BUILD_DEBUG|Direct3D_64.Build.0 = Release|x64
		{3DB76F64-6EC9-4080-8675-0661759507D9}.BUILD_DEBUG|OpenGL_32.ActiveCfg = Release|x64
		{3DB76F64-6EC9-4080-8675-0661759507D9}.BUILD_DEBUG|OpenGL_32.Build.0 = Release|x64
		{3DB76F64-6EC9-4080-8675-0661759507D9}.BUILD_DEBUG|x64.ActiveCfg = Release|x64
		{3DB76F64-6EC9-4080-8675-0661759507D9}.BUILD_DEBUG|x64.Build.0 = Release|x64
		{3DB76F64-6EC9-4080-8675-0661759507D9}.BUILD_DEBUG|x86.ActiveCfg = Release|Win32
		{3DB76F64-6EC9-4080-8675-0661759507D9}.BUILD_DEBUG|x86.Build.0 = Release|Win32
		{3DB76F64-6EC9-4080-8675-0661759507D9}.Debug|Direct3D_64.ActiveCfg = Debug|x64
		{3DB76F64-6EC9-4080-8675-0661759507D9}.Debug|Direct3D_64.Build.0 = Debug|x64
		{3DB76F64-6EC9-4080-8675-0661759507D9}.Debug|OpenGL_32.ActiveCfg = Debug|Win32
		{3DB76F64-6EC9-4080-8675-0661759507D9}.Debug|OpenGL_32.Build.0 = Debug|Win32
		{3DB76F64-6EC9-4080-8675-0661759507D9}.Debug|x64.ActiveCfg = Debug|x64
		{3DB76F64-6EC9-4080-8675-0661759507D9}.Debug|x64.Build.0 = Debug|x64
		{3DB76F64-6EC9-4080-8675-0661759507D9}.Debug|x86.ActiveCfg = Debug|Win32
		{3DB76F64-6EC9-4080-8675-0661759507D9}.Debug|x86.Build.0 = Debug|Win32
		{3DB76F64-6EC9-4080-8675-0661759507D9}.RELEASE_DEBUG|Direct3D_64.ActiveCfg = Release|x64
		{3DB76F64-6EC9-4080-8675-0661759507D9}.RELEASE_DEBUG|Direct3D_64.Build.0 = Release|x64
		{3DB76F64-6EC9-4080-8675-0661759507D9}.RELEASE_DEBUG|OpenGL_32.ActiveCfg = Release|x64
		{3DB76F64-6EC9-4080-8675-0661759507D9}.RELEASE_DEBUG|OpenGL_32.Build.0 = Release|x64
		{3DB76F64-6EC9-4080-8675-0661759507D9}.RELEASE_DEBUG|x64.ActiveCfg = Release|x64
		{3DB76F64-6EC9-4080-8675-0661759507D9}.RELEASE_DEBUG|x64.Build.0 = Release|x64
		{3DB76F64-6EC9-4080-8675-0661759507D9}.RELEASE_DEBUG|x86.ActiveCfg = Release|Win32
		{3DB76F64-6EC9-4080-8675-0661759507D9}.RELEASE_DEBUG|x86.Build.0 = Release|Win32
		{3DB76F64-6EC9-4080-8675-0661759507D9}.Release|Direct3D_64.ActiveCfg = Release|x64
		{3DB76F64-6EC9-4080-8675-0661759507D9}.Release|Direct3D_64.Build.0 = Release|x64
		{3DB76F64-6EC9-4080-8675-0661759507D9}.Release|OpenGL_32.ActiveCfg = Release|Win32
		{3DB76F64-6EC9-4080-8675-0661759507D9}.Release|OpenGL_32.Build.0 = Release|Win32
		{3DB76F64-6EC9-4080-8675-0661759507D9}.Release|x64.ActiveCfg = Release|x64
		{3DB76F64-6EC9-4080-8675-0661759507D9}.Release|x64.Build.0 = Release|x64
		{3DB76F64-6EC9-4080-8675-0661759507D9}.Release|x86.ActiveCfg = Release|Win32
		{3DB76F64-6EC9-4080-8675-0661759507D9}.Release|x86.Build.0 = Release|Win32
	EndGlobalSection
	GlobalSection(SolutionProperties) = preSolution
		HideSolutionNode = FALSE
	EndGlobalSection
	GlobalSection(NestedProjects) = preSolution
		{2A9B8537-3E35-45F6-AB22-9F382ECE45CA} = {8D74FA87-6D36-4E20-8F70-06D7F986950B}
		{1A97BFDF-D891-474A-86B1-6E76E89ABC73} = {C86E1B48-E86F-4561-B149-5B7BF4104B07}
		{348168E0-D7C3-496B-BA86-AA77007B2FED} = {8D74FA87-6D36-4E20-8F70-06D7F986950B}
		{D5AE31D0-68F3-4ABC-ABE8-DAAB7F89336D} = {0330255F-30B1-443E-8194-46DC857CE0C5}
		{37273532-5767-4369-B6D7-C10F81AE4282} = {C86E1B48-E86F-4561-B149-5B7BF4104B07}
		{CC853871-E1C2-442D-A66A-CF326121BD90} = {A38CE98B-1752-4FA7-8FB5-66B33107C40F}
		{45CDCFF0-7F57-457F-9706-C3C15E7EA597} = {A38CE98B-1752-4FA7-8FB5-66B33107C40F}
		{393119AF-5F33-4130-9BE8-8A59EEBED07E} = {A38CE98B-1752-4FA7-8FB5-66B33107C40F}
		{9653A255-0309-403F-9193-DE569343011F} = {A38CE98B-1752-4FA7-8FB5-66B33107C40F}
		{5F8004A7-75AD-49AC-85C7-96D9B9F19533} = {0330255F-30B1-443E-8194-46DC857CE0C5}
		{C9BDAC7C-C59A-4367-A21D-0FEDABB93012} = {0330255F-30B1-443E-8194-46DC857CE0C5}
		{B90989E1-E039-4E69-894E-1FBA7724587E} = {0330255F-30B1-443E-8194-46DC857CE0C5}
		{E4154547-FDAC-4B90-979D-BDF433C87597} = {C86E1B48-E86F-4561-B149-5B7BF4104B07}
		{43B6C442-8C3A-403D-B6E3-26505ADB2493} = {C86E1B48-E86F-4561-B149-5B7BF4104B07}
		{08115731-DC04-4C7E-A782-6F74673B9353} = {C86E1B48-E86F-4561-B149-5B7BF4104B07}
		{887E9B0F-6FC5-4069-BD18-85246309F59E} = {C86E1B48-E86F-4561-B149-5B7BF4104B07}
		{5BE2E9CC-B674-4100-A1C7-E87A3AA48DD7} = {C86E1B48-E86F-4561-B149-5B7BF4104B07}
		{703EA41E-3F54-45E2-B6D4-A25E0585715B} = {C86E1B48-E86F-4561-B149-5B7BF4104B07}
		{EC809270-CE46-4204-A0F7-F88A6A4732E9} = {0330255F-30B1-443E-8194-46DC857CE0C5}
		{4228BC52-904F-4BA2-B78E-7BCB85068A82} = {A38CE98B-1752-4FA7-8FB5-66B33107C40F}
		{59372B6A-B411-44A7-9B90-0CA2A462BDB5} = {0330255F-30B1-443E-8194-46DC857CE0C5}
		{3DB76F64-6EC9-4080-8675-0661759507D9} = {A38CE98B-1752-4FA7-8FB5-66B33107C40F}
	EndGlobalSection
EndGlobal
