
Microsoft Visual Studio Solution File, Format Version 12.00
# Visual Studio 14
VisualStudioVersion = 14.0.24720.0
MinimumVisualStudioVersion = 10.0.40219.1
Project("{2150E333-8FDC-42A3-9474-1A3956D46DE8}") = "Engine", "Engine", "{C86E1B48-E86F-4561-B149-5B7BF4104B07}"
EndProject
Project("{2150E333-8FDC-42A3-9474-1A3956D46DE8}") = "Game", "Game", "{8D74FA87-6D36-4E20-8F70-06D7F986950B}"
EndProject
Project("{2150E333-8FDC-42A3-9474-1A3956D46DE8}") = "Tools", "Tools", "{0330255F-30B1-443E-8194-46DC857CE0C5}"
EndProject
Project("{8BC9CEB8-8B4A-11D0-8D11-00A0C91BC942}") = "Game", "Code\Game\Game\Game.vcxproj", "{2A9B8537-3E35-45F6-AB22-9F382ECE45CA}"
	ProjectSection(ProjectDependencies) = postProject
		{887E9B0F-6FC5-4069-BD18-85246309F59E} = {887E9B0F-6FC5-4069-BD18-85246309F59E}
		{CAC93CCD-8FEB-4452-80E8-11A2D7BDDB82} = {CAC93CCD-8FEB-4452-80E8-11A2D7BDDB82}
	EndProjectSection
EndProject
Project("{8BC9CEB8-8B4A-11D0-8D11-00A0C91BC942}") = "Graphics", "Code\Engine\Graphics\Graphics.vcxproj", "{1A97BFDF-D891-474A-86B1-6E76E89ABC73}"
	ProjectSection(ProjectDependencies) = postProject
		{703EA41E-3F54-45E2-B6D4-A25E0585715B} = {703EA41E-3F54-45E2-B6D4-A25E0585715B}
		{37273532-5767-4369-B6D7-C10F81AE4282} = {37273532-5767-4369-B6D7-C10F81AE4282}
		{43B6C442-8C3A-403D-B6E3-26505ADB2493} = {43B6C442-8C3A-403D-B6E3-26505ADB2493}
		{E4154547-FDAC-4B90-979D-BDF433C87597} = {E4154547-FDAC-4B90-979D-BDF433C87597}
		{CC853871-E1C2-442D-A66A-CF326121BD90} = {CC853871-E1C2-442D-A66A-CF326121BD90}
		{5BE2E9CC-B674-4100-A1C7-E87A3AA48DD7} = {5BE2E9CC-B674-4100-A1C7-E87A3AA48DD7}
		{348168E0-D7C3-496B-BA86-AA77007B2FED} = {348168E0-D7C3-496B-BA86-AA77007B2FED}
	EndProjectSection
EndProject
Project("{8BC9CEB8-8B4A-11D0-8D11-00A0C91BC942}") = "BuildAssets", "Code\Game\BuildAssets\BuildAssets.vcxproj", "{348168E0-D7C3-496B-BA86-AA77007B2FED}"
	ProjectSection(ProjectDependencies) = postProject
		{59372B6A-B411-44A7-9B90-0CA2A462BDB5} = {59372B6A-B411-44A7-9B90-0CA2A462BDB5}
		{EC809270-CE46-4204-A0F7-F88A6A4732E9} = {EC809270-CE46-4204-A0F7-F88A6A4732E9}
		{668DCA77-813C-4A0E-820C-4CA6FDEB1FDF} = {668DCA77-813C-4A0E-820C-4CA6FDEB1FDF}
		{C9BDAC7C-C59A-4367-A21D-0FEDABB93012} = {C9BDAC7C-C59A-4367-A21D-0FEDABB93012}
		{DE18299E-57DD-420A-9219-31BCCE5A5BC0} = {DE18299E-57DD-420A-9219-31BCCE5A5BC0}
		{D5AE31D0-68F3-4ABC-ABE8-DAAB7F89336D} = {D5AE31D0-68F3-4ABC-ABE8-DAAB7F89336D}
		{B90989E1-E039-4E69-894E-1FBA7724587E} = {B90989E1-E039-4E69-894E-1FBA7724587E}
		{C3577CEC-2D7E-4FBD-8D3C-DC3C9EE1E4A7} = {C3577CEC-2D7E-4FBD-8D3C-DC3C9EE1E4A7}
	EndProjectSection
EndProject
Project("{8BC9CEB8-8B4A-11D0-8D11-00A0C91BC942}") = "AssetBuilder", "Code\Tools\AssetBuilder\AssetBuilder.vcxproj", "{D5AE31D0-68F3-4ABC-ABE8-DAAB7F89336D}"
	ProjectSection(ProjectDependencies) = postProject
		{37273532-5767-4369-B6D7-C10F81AE4282} = {37273532-5767-4369-B6D7-C10F81AE4282}
		{45CDCFF0-7F57-457F-9706-C3C15E7EA597} = {45CDCFF0-7F57-457F-9706-C3C15E7EA597}
	EndProjectSection
EndProject
Project("{8BC9CEB8-8B4A-11D0-8D11-00A0C91BC942}") = "Windows", "Code\Engine\Windows\Windows.vcxproj", "{37273532-5767-4369-B6D7-C10F81AE4282}"
EndProject
Project("{2150E333-8FDC-42A3-9474-1A3956D46DE8}") = "Externals", "Externals", "{A38CE98B-1752-4FA7-8FB5-66B33107C40F}"
EndProject
Project("{8BC9CEB8-8B4A-11D0-8D11-00A0C91BC942}") = "OpenGLExtensions", "Code\Externals\OpenGLExtensions\OpenGLExtensions.vcxproj", "{CC853871-E1C2-442D-A66A-CF326121BD90}"
	ProjectSection(ProjectDependencies) = postProject
		{37273532-5767-4369-B6D7-C10F81AE4282} = {37273532-5767-4369-B6D7-C10F81AE4282}
	EndProjectSection
EndProject
Project("{8BC9CEB8-8B4A-11D0-8D11-00A0C91BC942}") = "Lua", "Code\Externals\Lua\Lua.vcxproj", "{45CDCFF0-7F57-457F-9706-C3C15E7EA597}"
EndProject
Project("{8BC9CEB8-8B4A-11D0-8D11-00A0C91BC942}") = "LuaC", "Code\Externals\Lua\LuaC.vcxproj", "{393119AF-5F33-4130-9BE8-8A59EEBED07E}"
	ProjectSection(ProjectDependencies) = postProject
		{45CDCFF0-7F57-457F-9706-C3C15E7EA597} = {45CDCFF0-7F57-457F-9706-C3C15E7EA597}
	EndProjectSection
EndProject
Project("{8BC9CEB8-8B4A-11D0-8D11-00A0C91BC942}") = "LuaExe", "Code\Externals\Lua\LuaExe.vcxproj", "{9653A255-0309-403F-9193-DE569343011F}"
	ProjectSection(ProjectDependencies) = postProject
		{45CDCFF0-7F57-457F-9706-C3C15E7EA597} = {45CDCFF0-7F57-457F-9706-C3C15E7EA597}
	EndProjectSection
EndProject
Project("{2150E333-8FDC-42A3-9474-1A3956D46DE8}") = "Scripts", "Scripts", "{D059EFF6-245A-492F-8C95-A970B4481899}"
	ProjectSection(SolutionItems) = preProject
		Scripts\BuildAssets.lua = Scripts\BuildAssets.lua
	EndProjectSection
EndProject
Project("{8BC9CEB8-8B4A-11D0-8D11-00A0C91BC942}") = "BuilderHelper", "Code\Tools\BuilderHelper\BuilderHelper.vcxproj", "{5F8004A7-75AD-49AC-85C7-96D9B9F19533}"
	ProjectSection(ProjectDependencies) = postProject
		{3DB76F64-6EC9-4080-8675-0661759507D9} = {3DB76F64-6EC9-4080-8675-0661759507D9}
	EndProjectSection
EndProject
Project("{8BC9CEB8-8B4A-11D0-8D11-00A0C91BC942}") = "GenericBuilder", "Code\Tools\GenericBuilder\GenericBuilder.vcxproj", "{C9BDAC7C-C59A-4367-A21D-0FEDABB93012}"
	ProjectSection(ProjectDependencies) = postProject
		{37273532-5767-4369-B6D7-C10F81AE4282} = {37273532-5767-4369-B6D7-C10F81AE4282}
		{5F8004A7-75AD-49AC-85C7-96D9B9F19533} = {5F8004A7-75AD-49AC-85C7-96D9B9F19533}
	EndProjectSection
EndProject
Project("{8BC9CEB8-8B4A-11D0-8D11-00A0C91BC942}") = "MeshBuilder", "Code\Tools\MeshBuilder\MeshBuilder.vcxproj", "{B90989E1-E039-4E69-894E-1FBA7724587E}"
	ProjectSection(ProjectDependencies) = postProject
		{3DB76F64-6EC9-4080-8675-0661759507D9} = {3DB76F64-6EC9-4080-8675-0661759507D9}
		{5F8004A7-75AD-49AC-85C7-96D9B9F19533} = {5F8004A7-75AD-49AC-85C7-96D9B9F19533}
	EndProjectSection
EndProject
Project("{8BC9CEB8-8B4A-11D0-8D11-00A0C91BC942}") = "Maths", "Code\Engine\Core\Maths\Maths.vcxproj", "{E4154547-FDAC-4B90-979D-BDF433C87597}"
EndProject
Project("{8BC9CEB8-8B4A-11D0-8D11-00A0C91BC942}") = "Time", "Code\Engine\Core\Time\Time.vcxproj", "{43B6C442-8C3A-403D-B6E3-26505ADB2493}"
	ProjectSection(ProjectDependencies) = postProject
		{08115731-DC04-4C7E-A782-6F74673B9353} = {08115731-DC04-4C7E-A782-6F74673B9353}
	EndProjectSection
EndProject
Project("{8BC9CEB8-8B4A-11D0-8D11-00A0C91BC942}") = "Utilities", "Code\Engine\Core\Utilities\Utilities.vcxproj", "{08115731-DC04-4C7E-A782-6F74673B9353}"
EndProject
Project("{8BC9CEB8-8B4A-11D0-8D11-00A0C91BC942}") = "EngineCore", "Code\Engine\Core\EngineCore\EngineCore.vcxproj", "{887E9B0F-6FC5-4069-BD18-85246309F59E}"
	ProjectSection(ProjectDependencies) = postProject
		{1A97BFDF-D891-474A-86B1-6E76E89ABC73} = {1A97BFDF-D891-474A-86B1-6E76E89ABC73}
	EndProjectSection
EndProject
Project("{8BC9CEB8-8B4A-11D0-8D11-00A0C91BC942}") = "MessagingSystem", "Code\Engine\Core\MessagingSystem\MessagingSystem.vcxproj", "{5BE2E9CC-B674-4100-A1C7-E87A3AA48DD7}"
	ProjectSection(ProjectDependencies) = postProject
		{08115731-DC04-4C7E-A782-6F74673B9353} = {08115731-DC04-4C7E-A782-6F74673B9353}
	EndProjectSection
EndProject
Project("{8BC9CEB8-8B4A-11D0-8D11-00A0C91BC942}") = "StringPoolManager", "Code\Engine\Core\StringPoolManager\StringPoolManager.vcxproj", "{703EA41E-3F54-45E2-B6D4-A25E0585715B}"
	ProjectSection(ProjectDependencies) = postProject
		{08115731-DC04-4C7E-A782-6F74673B9353} = {08115731-DC04-4C7E-A782-6F74673B9353}
	EndProjectSection
EndProject
Project("{8BC9CEB8-8B4A-11D0-8D11-00A0C91BC942}") = "ShaderBuilder", "Code\Tools\ShaderBuilder\ShaderBuilder.vcxproj", "{EC809270-CE46-4204-A0F7-F88A6A4732E9}"
	ProjectSection(ProjectDependencies) = postProject
		{4228BC52-904F-4BA2-B78E-7BCB85068A82} = {4228BC52-904F-4BA2-B78E-7BCB85068A82}
		{5F8004A7-75AD-49AC-85C7-96D9B9F19533} = {5F8004A7-75AD-49AC-85C7-96D9B9F19533}
	EndProjectSection
EndProject
Project("{8BC9CEB8-8B4A-11D0-8D11-00A0C91BC942}") = "Mcpp", "Code\Externals\Mcpp\Mcpp.vcxproj", "{4228BC52-904F-4BA2-B78E-7BCB85068A82}"
EndProject
Project("{8BC9CEB8-8B4A-11D0-8D11-00A0C91BC942}") = "EffectBuilder", "Code\Tools\EffectBuilder\EffectBuilder.vcxproj", "{59372B6A-B411-44A7-9B90-0CA2A462BDB5}"
	ProjectSection(ProjectDependencies) = postProject
		{5F8004A7-75AD-49AC-85C7-96D9B9F19533} = {5F8004A7-75AD-49AC-85C7-96D9B9F19533}
	EndProjectSection
EndProject
Project("{8BC9CEB8-8B4A-11D0-8D11-00A0C91BC942}") = "LuaHelper", "Code\Externals\LuaHelper\LuaHelper.vcxproj", "{3DB76F64-6EC9-4080-8675-0661759507D9}"
	ProjectSection(ProjectDependencies) = postProject
		{45CDCFF0-7F57-457F-9706-C3C15E7EA597} = {45CDCFF0-7F57-457F-9706-C3C15E7EA597}
	EndProjectSection
EndProject
Project("{8BC9CEB8-8B4A-11D0-8D11-00A0C91BC942}") = "MayaMeshExporter", "Code\Tools\MayaMeshExporter\MayaMeshExporter.vcxproj", "{70B81970-5665-4429-B2B2-7F6FCED5AB84}"
EndProject
Project("{8BC9CEB8-8B4A-11D0-8D11-00A0C91BC942}") = "MaterialBuilder", "Code\Tools\MaterialBuilder\MaterialBuilder.vcxproj", "{C3577CEC-2D7E-4FBD-8D3C-DC3C9EE1E4A7}"
	ProjectSection(ProjectDependencies) = postProject
		{5F8004A7-75AD-49AC-85C7-96D9B9F19533} = {5F8004A7-75AD-49AC-85C7-96D9B9F19533}
	EndProjectSection
EndProject
Project("{8BC9CEB8-8B4A-11D0-8D11-00A0C91BC942}") = "TextureBuilder", "Code\Tools\TextureBuilder\TextureBuilder.vcxproj", "{DE18299E-57DD-420A-9219-31BCCE5A5BC0}"
	ProjectSection(ProjectDependencies) = postProject
		{5F8004A7-75AD-49AC-85C7-96D9B9F19533} = {5F8004A7-75AD-49AC-85C7-96D9B9F19533}
	EndProjectSection
EndProject
Project("{8BC9CEB8-8B4A-11D0-8D11-00A0C91BC942}") = "Debugging", "Code\Engine\Core\Debugging\Debugging.vcxproj", "{CAC93CCD-8FEB-4452-80E8-11A2D7BDDB82}"
EndProject
Project("{2150E333-8FDC-42A3-9474-1A3956D46DE8}") = "InteractiveComputerGraphics", "InteractiveComputerGraphics", "{1B799B5C-1062-472F-A6D6-71D4D8502F4A}"
EndProject
Project("{8BC9CEB8-8B4A-11D0-8D11-00A0C91BC942}") = "InteractiveCG", "Code\InteractiveCG\InteractiveCG.vcxproj", "{CE7EC0BA-64C0-4C9D-9DA1-B09A8704562B}"
	ProjectSection(ProjectDependencies) = postProject
		{887E9B0F-6FC5-4069-BD18-85246309F59E} = {887E9B0F-6FC5-4069-BD18-85246309F59E}
		{CAC93CCD-8FEB-4452-80E8-11A2D7BDDB82} = {CAC93CCD-8FEB-4452-80E8-11A2D7BDDB82}
	EndProjectSection
EndProject
Project("{2150E333-8FDC-42A3-9474-1A3956D46DE8}") = "TestCase", "TestCase", "{31A6BAD1-97B0-4693-8183-F02907A86159}"
EndProject
Project("{8BC9CEB8-8B4A-11D0-8D11-00A0C91BC942}") = "TestCase", "Code\TestCase\TestCase.vcxproj", "{CB257A48-CDFE-4865-9DEA-85A5D1D0F552}"
	ProjectSection(ProjectDependencies) = postProject
		{37273532-5767-4369-B6D7-C10F81AE4282} = {37273532-5767-4369-B6D7-C10F81AE4282}
		{E4154547-FDAC-4B90-979D-BDF433C87597} = {E4154547-FDAC-4B90-979D-BDF433C87597}
		{CC853871-E1C2-442D-A66A-CF326121BD90} = {CC853871-E1C2-442D-A66A-CF326121BD90}
		{012D9A9E-A662-4D8C-8F2C-C7D66BA29527} = {012D9A9E-A662-4D8C-8F2C-C7D66BA29527}
	EndProjectSection
EndProject
Project("{8BC9CEB8-8B4A-11D0-8D11-00A0C91BC942}") = "SetAssetFile", "Code\Game\SetAssetFile\SetAssetFile.vcxproj", "{668DCA77-813C-4A0E-820C-4CA6FDEB1FDF}"
	ProjectSection(ProjectDependencies) = postProject
		{37273532-5767-4369-B6D7-C10F81AE4282} = {37273532-5767-4369-B6D7-C10F81AE4282}
	EndProjectSection
EndProject
Project("{2150E333-8FDC-42A3-9474-1A3956D46DE8}") = "Assets", "Assets", "{0EB2E7F6-2E4D-4E5C-9960-2D3ACEE26DA8}"
EndProject
Project("{2150E333-8FDC-42A3-9474-1A3956D46DE8}") = "Materials", "Materials", "{037F4548-FF5D-4483-83F1-222116635AD2}"
	ProjectSection(SolutionItems) = preProject
		Assets\Materials\Game\Arena\ceilingMaterial.lua = Assets\Materials\Game\Arena\ceilingMaterial.lua
		Assets\Materials\Game\Arena\cementMaterial.lua = Assets\Materials\Game\Arena\cementMaterial.lua
		Assets\Materials\Game\defaultDebugShapes.lua = Assets\Materials\Game\defaultDebugShapes.lua
		Assets\Materials\Game\defaultMaterial.lua = Assets\Materials\Game\defaultMaterial.lua
		Assets\Materials\Game\Arena\floorMaterial.lua = Assets\Materials\Game\Arena\floorMaterial.lua
		Assets\Materials\Game\Arena\lambertTwoMaterial.lua = Assets\Materials\Game\Arena\lambertTwoMaterial.lua
		Assets\Materials\Game\lineMaterial.lua = Assets\Materials\Game\lineMaterial.lua
		Assets\Materials\Game\Arena\metalMaterial.lua = Assets\Materials\Game\Arena\metalMaterial.lua
		Assets\Materials\Game\numbersMaterial.lua = Assets\Materials\Game\numbersMaterial.lua
		Assets\Materials\Game\Arena\railingMaterial.lua = Assets\Materials\Game\Arena\railingMaterial.lua
		Assets\Materials\Game\spriteMaterial.lua = Assets\Materials\Game\spriteMaterial.lua
		Assets\Materials\Game\Arena\wallsMaterial.lua = Assets\Materials\Game\Arena\wallsMaterial.lua
	EndProjectSection
EndProject
Project("{2150E333-8FDC-42A3-9474-1A3956D46DE8}") = "Meshes", "Meshes", "{2705EE78-3190-47A1-A5A9-EF382A0E244E}"
	ProjectSection(SolutionItems) = preProject
		Assets\Meshes\Game\Arena\ceilingMaterialMesh.lua = Assets\Meshes\Game\Arena\ceilingMaterialMesh.lua
		Assets\Meshes\Game\Arena\cementMaterialMesh.lua = Assets\Meshes\Game\Arena\cementMaterialMesh.lua
		Assets\Meshes\Game\DebugCubeForClass.lua = Assets\Meshes\Game\DebugCubeForClass.lua
		Assets\Meshes\Game\DebugCylinderForClass.lua = Assets\Meshes\Game\DebugCylinderForClass.lua
		Assets\Meshes\Game\DebugSphereForClass.lua = Assets\Meshes\Game\DebugSphereForClass.lua
		Assets\Meshes\Game\Arena\FloorMaterialMesh.lua = Assets\Meshes\Game\Arena\FloorMaterialMesh.lua
		Assets\Meshes\Game\Arena\LambertTwoMaterialMesh.lua = Assets\Meshes\Game\Arena\LambertTwoMaterialMesh.lua
		Assets\Meshes\Game\Arena\MetalMaterialMesh.lua = Assets\Meshes\Game\Arena\MetalMaterialMesh.lua
		Assets\Meshes\Game\Arena\railingMaterialMesh.lua = Assets\Meshes\Game\Arena\railingMaterialMesh.lua
		Assets\Meshes\Game\Arena\wallsMaterialMesh.lua = Assets\Meshes\Game\Arena\wallsMaterialMesh.lua
	EndProjectSection
EndProject
Project("{2150E333-8FDC-42A3-9474-1A3956D46DE8}") = "Effects", "Effects", "{CA8D7265-E33C-4887-9615-51FAFE6FAC62}"
	ProjectSection(SolutionItems) = preProject
		Assets\Effects\Game\lineEffect.lua = Assets\Effects\Game\lineEffect.lua
		Assets\Effects\Game\spriteEffect.lua = Assets\Effects\Game\spriteEffect.lua
		Assets\Effects\Game\standardEffect.lua = Assets\Effects\Game\standardEffect.lua
		Assets\Effects\Game\transparentEffect.lua = Assets\Effects\Game\transparentEffect.lua
	EndProjectSection
EndProject
Project("{2150E333-8FDC-42A3-9474-1A3956D46DE8}") = "Shaders", "Shaders", "{949838A3-5252-42D8-AB70-A8B0C82818B1}"
	ProjectSection(SolutionItems) = preProject
		Assets\Shaders\Game\line.fshd = Assets\Shaders\Game\line.fshd
		Assets\Shaders\Game\line.vshd = Assets\Shaders\Game\line.vshd
		Assets\Shaders\Game\spriteFragment.glsl = Assets\Shaders\Game\spriteFragment.glsl
		Assets\Shaders\Game\spriteVertex.glsl = Assets\Shaders\Game\spriteVertex.glsl
		Assets\Shaders\Game\standard.fshd = Assets\Shaders\Game\standard.fshd
		Assets\Shaders\Game\standard.vshd = Assets\Shaders\Game\standard.vshd
		Assets\Shaders\Game\transparent.fshd = Assets\Shaders\Game\transparent.fshd
	EndProjectSection
EndProject
Project("{2150E333-8FDC-42A3-9474-1A3956D46DE8}") = "Textures", "Textures", "{571616AC-B632-4BAA-AA1B-1B73E88BE726}"
	ProjectSection(SolutionItems) = preProject
		Assets\Textures\Game\alpha.png = Assets\Textures\Game\alpha.png
		Assets\Textures\Game\bricks.png = Assets\Textures\Game\bricks.png
		Assets\Textures\Game\Arena\cement_wall_D.png = Assets\Textures\Game\Arena\cement_wall_D.png
		Assets\Textures\Game\clouds.png = Assets\Textures\Game\clouds.png
		Assets\Textures\Game\defaultTexture.png = Assets\Textures\Game\defaultTexture.png
		Assets\Textures\Game\eae6320.png = Assets\Textures\Game\eae6320.png
		Assets\Textures\Game\Arena\floor_D.png = Assets\Textures\Game\Arena\floor_D.png
		Assets\Textures\Game\logo.png = Assets\Textures\Game\logo.png
		Assets\Textures\Game\Arena\metal_brace_D.png = Assets\Textures\Game\Arena\metal_brace_D.png
		Assets\Textures\Game\numbers.png = Assets\Textures\Game\numbers.png
		Assets\Textures\Game\Arena\railing_D.png = Assets\Textures\Game\Arena\railing_D.png
		Assets\Textures\Game\Arena\wall_D.png = Assets\Textures\Game\Arena\wall_D.png
	EndProjectSection
EndProject
Project("{2150E333-8FDC-42A3-9474-1A3956D46DE8}") = "InteractiveCG", "InteractiveCG", "{C121E793-3704-41FD-8651-61C43E64D057}"
	ProjectSection(SolutionItems) = preProject
		Scripts\ComputerGraphicsAssets.lua = Scripts\ComputerGraphicsAssets.lua
	EndProjectSection
EndProject
Project("{2150E333-8FDC-42A3-9474-1A3956D46DE8}") = "Game", "Game", "{CACD40DE-8CD2-4CDA-8793-0AD57DDEE8A6}"
	ProjectSection(SolutionItems) = preProject
		Scripts\ArenaAssets.lua = Scripts\ArenaAssets.lua
	EndProjectSection
EndProject
Project("{2150E333-8FDC-42A3-9474-1A3956D46DE8}") = "Effects", "Effects", "{7FA5CAB7-C70F-4FA4-A130-4C363991CBC5}"
	ProjectSection(SolutionItems) = preProject
		Assets\Effects\ComputerGraphics\blueEffect.lua = Assets\Effects\ComputerGraphics\blueEffect.lua
		Assets\Effects\ComputerGraphics\cubeEffect.lua = Assets\Effects\ComputerGraphics\cubeEffect.lua
		Assets\Effects\ComputerGraphics\environmentMappingSphereEffect.lua = Assets\Effects\ComputerGraphics\environmentMappingSphereEffect.lua
		Assets\Effects\ComputerGraphics\floorEffect.lua = Assets\Effects\ComputerGraphics\floorEffect.lua
		Assets\Effects\ComputerGraphics\planeEffect.lua = Assets\Effects\ComputerGraphics\planeEffect.lua
		Assets\Effects\ComputerGraphics\planeMeshEffect.lua = Assets\Effects\ComputerGraphics\planeMeshEffect.lua
		Assets\Effects\ComputerGraphics\proxyLightEffect.lua = Assets\Effects\ComputerGraphics\proxyLightEffect.lua
		Assets\Effects\ComputerGraphics\reflectiveSphereEffect.lua = Assets\Effects\ComputerGraphics\reflectiveSphereEffect.lua
		Assets\Effects\ComputerGraphics\skyBoxEffect.lua = Assets\Effects\ComputerGraphics\skyBoxEffect.lua
		Assets\Effects\ComputerGraphics\sphereEffect.lua = Assets\Effects\ComputerGraphics\sphereEffect.lua
		Assets\Effects\ComputerGraphics\utahTeapotEffect.lua = Assets\Effects\ComputerGraphics\utahTeapotEffect.lua
	EndProjectSection
EndProject
Project("{2150E333-8FDC-42A3-9474-1A3956D46DE8}") = "Materials", "Materials", "{EBF44EFF-3961-484B-A0F8-A62D333F56F7}"
	ProjectSection(SolutionItems) = preProject
		Assets\Materials\ComputerGraphics\backWallMaterial.lua = Assets\Materials\ComputerGraphics\backWallMaterial.lua
		Assets\Materials\ComputerGraphics\ceilingMaterial.lua = Assets\Materials\ComputerGraphics\ceilingMaterial.lua
		Assets\Materials\ComputerGraphics\cubeMaterial.lua = Assets\Materials\ComputerGraphics\cubeMaterial.lua
		Assets\Materials\ComputerGraphics\environmentMappingSphereMaterial.lua = Assets\Materials\ComputerGraphics\environmentMappingSphereMaterial.lua
		Assets\Materials\ComputerGraphics\floorMaterial.lua = Assets\Materials\ComputerGraphics\floorMaterial.lua
		Assets\Materials\ComputerGraphics\frontWallMaterial.lua = Assets\Materials\ComputerGraphics\frontWallMaterial.lua
		Assets\Materials\ComputerGraphics\konvinceTeapotMaterial.lua = Assets\Materials\ComputerGraphics\konvinceTeapotMaterial.lua
		Assets\Materials\ComputerGraphics\leftWallMaterial.lua = Assets\Materials\ComputerGraphics\leftWallMaterial.lua
		Assets\Materials\ComputerGraphics\planeMeshMaterial.lua = Assets\Materials\ComputerGraphics\planeMeshMaterial.lua
		Assets\Materials\ComputerGraphics\proxyLightSphereMaterial.lua = Assets\Materials\ComputerGraphics\proxyLightSphereMaterial.lua
		Assets\Materials\ComputerGraphics\reflectiveSphereMaterial.lua = Assets\Materials\ComputerGraphics\reflectiveSphereMaterial.lua
		Assets\Materials\ComputerGraphics\rightWallMaterial.lua = Assets\Materials\ComputerGraphics\rightWallMaterial.lua
		Assets\Materials\ComputerGraphics\skyBoxMaterial Second.lua = Assets\Materials\ComputerGraphics\skyBoxMaterial Second.lua
		Assets\Materials\ComputerGraphics\skyBoxMaterial.lua = Assets\Materials\ComputerGraphics\skyBoxMaterial.lua
		Assets\Materials\ComputerGraphics\skyBoxMaterialThree.lua = Assets\Materials\ComputerGraphics\skyBoxMaterialThree.lua
		Assets\Materials\ComputerGraphics\skyBoxMaterialTwo.lua = Assets\Materials\ComputerGraphics\skyBoxMaterialTwo.lua
		Assets\Materials\ComputerGraphics\sphereMaterial.lua = Assets\Materials\ComputerGraphics\sphereMaterial.lua
		Assets\Materials\ComputerGraphics\utahTeapotMaterial.lua = Assets\Materials\ComputerGraphics\utahTeapotMaterial.lua
	EndProjectSection
EndProject
Project("{2150E333-8FDC-42A3-9474-1A3956D46DE8}") = "Shaders", "Shaders", "{EA91C87F-C090-4591-900B-DB3409264710}"
	ProjectSection(SolutionItems) = preProject
		Assets\Shaders\ComputerGraphics\cubeFragment.glsl = Assets\Shaders\ComputerGraphics\cubeFragment.glsl
		Assets\Shaders\ComputerGraphics\cubeVertex.glsl = Assets\Shaders\ComputerGraphics\cubeVertex.glsl
		Assets\Shaders\ComputerGraphics\environmentMappingSphereFragment.glsl = Assets\Shaders\ComputerGraphics\environmentMappingSphereFragment.glsl
		Assets\Shaders\ComputerGraphics\environmentMappingSphereVertex.glsl = Assets\Shaders\ComputerGraphics\environmentMappingSphereVertex.glsl
		Assets\Shaders\ComputerGraphics\floorFragment.glsl = Assets\Shaders\ComputerGraphics\floorFragment.glsl
		Assets\Shaders\ComputerGraphics\floorVertex.glsl = Assets\Shaders\ComputerGraphics\floorVertex.glsl
		Assets\Shaders\ComputerGraphics\planeFragment.glsl = Assets\Shaders\ComputerGraphics\planeFragment.glsl
		Assets\Shaders\ComputerGraphics\planeMeshFragment.glsl = Assets\Shaders\ComputerGraphics\planeMeshFragment.glsl
		Assets\Shaders\ComputerGraphics\planeMeshVertex.glsl = Assets\Shaders\ComputerGraphics\planeMeshVertex.glsl
		Assets\Shaders\ComputerGraphics\planeVertex.glsl = Assets\Shaders\ComputerGraphics\planeVertex.glsl
		Assets\Shaders\ComputerGraphics\proxyLightFragment.glsl = Assets\Shaders\ComputerGraphics\proxyLightFragment.glsl
		Assets\Shaders\ComputerGraphics\proxyLightVertex.glsl = Assets\Shaders\ComputerGraphics\proxyLightVertex.glsl
		Assets\Shaders\ComputerGraphics\reflectiveSphereFragment.glsl = Assets\Shaders\ComputerGraphics\reflectiveSphereFragment.glsl
		Assets\Shaders\ComputerGraphics\reflectiveSphereVertex.glsl = Assets\Shaders\ComputerGraphics\reflectiveSphereVertex.glsl
		Assets\Shaders\ComputerGraphics\skyBoxFragment.glsl = Assets\Shaders\ComputerGraphics\skyBoxFragment.glsl
		Assets\Shaders\ComputerGraphics\skyBoxVertex.glsl = Assets\Shaders\ComputerGraphics\skyBoxVertex.glsl
		Assets\Shaders\ComputerGraphics\sphereFragment.glsl = Assets\Shaders\ComputerGraphics\sphereFragment.glsl
		Assets\Shaders\ComputerGraphics\sphereVertex.glsl = Assets\Shaders\ComputerGraphics\sphereVertex.glsl
		Assets\Shaders\ComputerGraphics\teapotFragment.glsl = Assets\Shaders\ComputerGraphics\teapotFragment.glsl
		Assets\Shaders\ComputerGraphics\teapotVertex.glsl = Assets\Shaders\ComputerGraphics\teapotVertex.glsl
	EndProjectSection
EndProject
Project("{2150E333-8FDC-42A3-9474-1A3956D46DE8}") = "Meshes", "Meshes", "{5EF8A44E-593F-45D7-B9C3-4D7130965DEA}"
	ProjectSection(SolutionItems) = preProject
		Assets\Meshes\ComputerGraphics\backWall.lua = Assets\Meshes\ComputerGraphics\backWall.lua
		Assets\Meshes\ComputerGraphics\ceiling.lua = Assets\Meshes\ComputerGraphics\ceiling.lua
		Assets\Meshes\ComputerGraphics\Cube.lua = Assets\Meshes\ComputerGraphics\Cube.lua
		Assets\Meshes\ComputerGraphics\environmentMappingSphere.lua = Assets\Meshes\ComputerGraphics\environmentMappingSphere.lua
		Assets\Meshes\ComputerGraphics\floor.lua = Assets\Meshes\ComputerGraphics\floor.lua
		Assets\Meshes\ComputerGraphics\frontWall.lua = Assets\Meshes\ComputerGraphics\frontWall.lua
		Assets\Meshes\ComputerGraphics\konvinceTeapot.lua = Assets\Meshes\ComputerGraphics\konvinceTeapot.lua
		Assets\Meshes\ComputerGraphics\leftWall.lua = Assets\Meshes\ComputerGraphics\leftWall.lua
		Assets\Meshes\ComputerGraphics\proxyLight.lua = Assets\Meshes\ComputerGraphics\proxyLight.lua
		Assets\Meshes\ComputerGraphics\proxyLightSphere.lua = Assets\Meshes\ComputerGraphics\proxyLightSphere.lua
		Assets\Meshes\ComputerGraphics\reflectiveSphere.lua = Assets\Meshes\ComputerGraphics\reflectiveSphere.lua
		Assets\Meshes\ComputerGraphics\rightWall.lua = Assets\Meshes\ComputerGraphics\rightWall.lua
		Assets\Meshes\ComputerGraphics\sphere.lua = Assets\Meshes\ComputerGraphics\sphere.lua
		Assets\Meshes\ComputerGraphics\teapot1_circum.lua = Assets\Meshes\ComputerGraphics\teapot1_circum.lua
		Assets\Meshes\ComputerGraphics\teapot1_handle.lua = Assets\Meshes\ComputerGraphics\teapot1_handle.lua
		Assets\Meshes\ComputerGraphics\teapot1_lid.lua = Assets\Meshes\ComputerGraphics\teapot1_lid.lua
		Assets\Meshes\ComputerGraphics\teapot2_circum.lua = Assets\Meshes\ComputerGraphics\teapot2_circum.lua
		Assets\Meshes\ComputerGraphics\teapot2_handle01.lua = Assets\Meshes\ComputerGraphics\teapot2_handle01.lua
		Assets\Meshes\ComputerGraphics\teapot2_handle02.lua = Assets\Meshes\ComputerGraphics\teapot2_handle02.lua
		Assets\Meshes\ComputerGraphics\teapot2_lid.lua = Assets\Meshes\ComputerGraphics\teapot2_lid.lua
		Assets\Meshes\ComputerGraphics\TestSphere.lua = Assets\Meshes\ComputerGraphics\TestSphere.lua
		Assets\Meshes\ComputerGraphics\Torus.lua = Assets\Meshes\ComputerGraphics\Torus.lua
		Assets\Meshes\ComputerGraphics\tray.lua = Assets\Meshes\ComputerGraphics\tray.lua
		Assets\Meshes\ComputerGraphics\utahTeapot.lua = Assets\Meshes\ComputerGraphics\utahTeapot.lua
	EndProjectSection
EndProject
Project("{2150E333-8FDC-42A3-9474-1A3956D46DE8}") = "Textures", "Textures", "{FC71BA55-020A-4A1D-B503-4DB8A34E55A9}"
	ProjectSection(SolutionItems) = preProject
		Assets\Textures\ComputerGraphics\basketBump.dds = Assets\Textures\ComputerGraphics\basketBump.dds
		Assets\Textures\ComputerGraphics\basketDiffuse.dds = Assets\Textures\ComputerGraphics\basketDiffuse.dds
		Assets\Textures\ComputerGraphics\basketNormal.dds = Assets\Textures\ComputerGraphics\basketNormal.dds
		Assets\Textures\ComputerGraphics\Beveled_Checker_Board_Seamless_by_FantasyStock.jpg = Assets\Textures\ComputerGraphics\Beveled_Checker_Board_Seamless_by_FantasyStock.jpg
		Assets\Textures\ComputerGraphics\borgTexture.jpg = Assets\Textures\ComputerGraphics\borgTexture.jpg
		Assets\Textures\ComputerGraphics\borgTexture_Bump.jpg = Assets\Textures\ComputerGraphics\borgTexture_Bump.jpg
		Assets\Textures\ComputerGraphics\borgTexture_normal.jpg = Assets\Textures\ComputerGraphics\borgTexture_normal.jpg
		Assets\Textures\ComputerGraphics\brickWall_1.dds = Assets\Textures\ComputerGraphics\brickWall_1.dds
		Assets\Textures\ComputerGraphics\brickWall_1_bump.dds = Assets\Textures\ComputerGraphics\brickWall_1_bump.dds
		Assets\Textures\ComputerGraphics\brickWall_1_normal.dds = Assets\Textures\ComputerGraphics\brickWall_1_normal.dds
		Assets\Textures\ComputerGraphics\brickWall_2.dds = Assets\Textures\ComputerGraphics\brickWall_2.dds
		Assets\Textures\ComputerGraphics\brickWall_2_bump_map.dds = Assets\Textures\ComputerGraphics\brickWall_2_bump_map.dds
		Assets\Textures\ComputerGraphics\brickWall_2_normal.dds = Assets\Textures\ComputerGraphics\brickWall_2_normal.dds
		Assets\Textures\ComputerGraphics\brickWall_2_normal_TS.dds = Assets\Textures\ComputerGraphics\brickWall_2_normal_TS.dds
		Assets\Textures\ComputerGraphics\brickWall_3.dds = Assets\Textures\ComputerGraphics\brickWall_3.dds
		Assets\Textures\ComputerGraphics\brickWall_3_bump.dds = Assets\Textures\ComputerGraphics\brickWall_3_bump.dds
		Assets\Textures\ComputerGraphics\brickWall_3_normal.dds = Assets\Textures\ComputerGraphics\brickWall_3_normal.dds
		Assets\Textures\ComputerGraphics\checkerBoard.jpg = Assets\Textures\ComputerGraphics\checkerBoard.jpg
		Assets\Textures\ComputerGraphics\cm_back.tga = Assets\Textures\ComputerGraphics\cm_back.tga
		Assets\Textures\ComputerGraphics\cm_bottom.tga = Assets\Textures\ComputerGraphics\cm_bottom.tga
		Assets\Textures\ComputerGraphics\cm_front.tga = Assets\Textures\ComputerGraphics\cm_front.tga
		Assets\Textures\ComputerGraphics\cm_left.tga = Assets\Textures\ComputerGraphics\cm_left.tga
		Assets\Textures\ComputerGraphics\cm_right.tga = Assets\Textures\ComputerGraphics\cm_right.tga
		Assets\Textures\ComputerGraphics\cm_top.tga = Assets\Textures\ComputerGraphics\cm_top.tga
		Assets\Textures\ComputerGraphics\cube-env01.jpeg = Assets\Textures\ComputerGraphics\cube-env01.jpeg
		Assets\Textures\ComputerGraphics\cube.jpg = Assets\Textures\ComputerGraphics\cube.jpg
		Assets\Textures\ComputerGraphics\cube_map2.png = Assets\Textures\ComputerGraphics\cube_map2.png
		Assets\Textures\ComputerGraphics\cube_map_distribution.png = Assets\Textures\ComputerGraphics\cube_map_distribution.png
		Assets\Textures\ComputerGraphics\CubeLayout6Faces.png = Assets\Textures\ComputerGraphics\CubeLayout6Faces.png
		Assets\Textures\ComputerGraphics\cubemap-diagram.jpg = Assets\Textures\ComputerGraphics\cubemap-diagram.jpg
		Assets\Textures\ComputerGraphics\cubemap.jpg = Assets\Textures\ComputerGraphics\cubemap.jpg
		Assets\Textures\ComputerGraphics\cubemap_512.png = Assets\Textures\ComputerGraphics\cubemap_512.png
		Assets\Textures\ComputerGraphics\cubeMap_Distribution.jpg = Assets\Textures\ComputerGraphics\cubeMap_Distribution.jpg
		Assets\Textures\ComputerGraphics\cubemapping.jpg = Assets\Textures\ComputerGraphics\cubemapping.jpg
		Assets\Textures\ComputerGraphics\CubeMappingSequence_1.jpg = Assets\Textures\ComputerGraphics\CubeMappingSequence_1.jpg
		Assets\Textures\ComputerGraphics\CubeTextureMapFig8p24.jpg = Assets\Textures\ComputerGraphics\CubeTextureMapFig8p24.jpg
		Assets\Textures\ComputerGraphics\cubeview.jpg = Assets\Textures\ComputerGraphics\cubeview.jpg
		Assets\Textures\ComputerGraphics\defaultTexture.png = Assets\Textures\ComputerGraphics\defaultTexture.png
		Assets\Textures\ComputerGraphics\environment - Copy.dds = Assets\Textures\ComputerGraphics\environment - Copy.dds
		Assets\Textures\ComputerGraphics\environment.dds = Assets\Textures\ComputerGraphics\environment.dds
		Assets\Textures\ComputerGraphics\example_cube_map_environment.png = Assets\Textures\ComputerGraphics\example_cube_map_environment.png
		Assets\Textures\ComputerGraphics\i3dp_0807.png = Assets\Textures\ComputerGraphics\i3dp_0807.png
		Assets\Textures\ComputerGraphics\LancellottiChapel.dds = Assets\Textures\ComputerGraphics\LancellottiChapel.dds
		Assets\Textures\ComputerGraphics\marbleTexture.jpg = Assets\Textures\ComputerGraphics\marbleTexture.jpg
		Assets\Textures\ComputerGraphics\myFace.dds = Assets\Textures\ComputerGraphics\myFace.dds
		Assets\Textures\ComputerGraphics\MyFace.png = Assets\Textures\ComputerGraphics\MyFace.png
		Assets\Textures\ComputerGraphics\myFace.psd = Assets\Textures\ComputerGraphics\myFace.psd
		Assets\Textures\ComputerGraphics\nebula_tut10.jpg = Assets\Textures\ComputerGraphics\nebula_tut10.jpg
		Assets\Textures\ComputerGraphics\nvlobby_all6.jpg = Assets\Textures\ComputerGraphics\nvlobby_all6.jpg
		Assets\Textures\ComputerGraphics\Photoshop_cube_maps_in_Fallout_3_image_2.jpg = Assets\Textures\ComputerGraphics\Photoshop_cube_maps_in_Fallout_3_image_2.jpg
		Assets\Textures\ComputerGraphics\plank.png = Assets\Textures\ComputerGraphics\plank.png
		Assets\Textures\ComputerGraphics\sandDrune.dds = Assets\Textures\ComputerGraphics\sandDrune.dds
		Assets\Textures\ComputerGraphics\sandDrune_bump.dds = Assets\Textures\ComputerGraphics\sandDrune_bump.dds
		Assets\Textures\ComputerGraphics\sandDruneNormalMap.dds = Assets\Textures\ComputerGraphics\sandDruneNormalMap.dds
		Assets\Textures\ComputerGraphics\secondEnvironment.dds = Assets\Textures\ComputerGraphics\secondEnvironment.dds
		Assets\Textures\ComputerGraphics\singlelayershadowmask.png = Assets\Textures\ComputerGraphics\singlelayershadowmask.png
		Assets\Textures\ComputerGraphics\sistine_cubemap.jpg = Assets\Textures\ComputerGraphics\sistine_cubemap.jpg
		Assets\Textures\ComputerGraphics\stormydays_large.jpg = Assets\Textures\ComputerGraphics\stormydays_large.jpg
		Assets\Textures\ComputerGraphics\stretching-the-cubic-projection-to-a-virtual-3d-cube.png = Assets\Textures\ComputerGraphics\stretching-the-cubic-projection-to-a-virtual-3d-cube.png
		Assets\Textures\ComputerGraphics\Test.dds = Assets\Textures\ComputerGraphics\Test.dds
		Assets\Textures\ComputerGraphics\Unfolded CubeMap.jpg = Assets\Textures\ComputerGraphics\Unfolded CubeMap.jpg
		Assets\Textures\ComputerGraphics\UV_Checker_Map.jpg = Assets\Textures\ComputerGraphics\UV_Checker_Map.jpg
		Assets\Textures\ComputerGraphics\Vs2Uha6.png = Assets\Textures\ComputerGraphics\Vs2Uha6.png
		Assets\Textures\ComputerGraphics\Yokohama2.dds = Assets\Textures\ComputerGraphics\Yokohama2.dds
		Assets\Textures\ComputerGraphics\Yokohama3.dds = Assets\Textures\ComputerGraphics\Yokohama3.dds
		Assets\Textures\ComputerGraphics\Yokohama3_DX.dds = Assets\Textures\ComputerGraphics\Yokohama3_DX.dds
		Assets\Textures\ComputerGraphics\Yokohama3_Inverted.dds = Assets\Textures\ComputerGraphics\Yokohama3_Inverted.dds
	EndProjectSection
EndProject
Project("{2150E333-8FDC-42A3-9474-1A3956D46DE8}") = "Solution Items", "Solution Items", "{07FF83DF-8928-4595-8EDE-423D6CE130A1}"
	ProjectSection(SolutionItems) = preProject
		ScratchPad And Notes.txt = ScratchPad And Notes.txt
	EndProjectSection
EndProject
Project("{8BC9CEB8-8B4A-11D0-8D11-00A0C91BC942}") = "Raknet", "Code\Externals\Raknet\Raknet.vcxproj", "{012D9A9E-A662-4D8C-8F2C-C7D66BA29527}"
EndProject
Global
	GlobalSection(SolutionConfigurationPlatforms) = preSolution
		Debug|Direct3D_64 = Debug|Direct3D_64
		Debug|OpenGL_32 = Debug|OpenGL_32
		Debug|x64 = Debug|x64
		Debug|x86 = Debug|x86
		Release|Direct3D_64 = Release|Direct3D_64
		Release|OpenGL_32 = Release|OpenGL_32
		Release|x64 = Release|x64
		Release|x86 = Release|x86
	EndGlobalSection
	GlobalSection(ProjectConfigurationPlatforms) = postSolution
		{2A9B8537-3E35-45F6-AB22-9F382ECE45CA}.Debug|Direct3D_64.ActiveCfg = Debug|x64
		{2A9B8537-3E35-45F6-AB22-9F382ECE45CA}.Debug|Direct3D_64.Build.0 = Debug|x64
		{2A9B8537-3E35-45F6-AB22-9F382ECE45CA}.Debug|OpenGL_32.ActiveCfg = Debug|Win32
		{2A9B8537-3E35-45F6-AB22-9F382ECE45CA}.Debug|OpenGL_32.Build.0 = Debug|Win32
		{2A9B8537-3E35-45F6-AB22-9F382ECE45CA}.Debug|x64.ActiveCfg = Debug|x64
		{2A9B8537-3E35-45F6-AB22-9F382ECE45CA}.Debug|x64.Build.0 = Debug|x64
		{2A9B8537-3E35-45F6-AB22-9F382ECE45CA}.Debug|x86.ActiveCfg = Debug|Win32
		{2A9B8537-3E35-45F6-AB22-9F382ECE45CA}.Debug|x86.Build.0 = Debug|Win32
		{2A9B8537-3E35-45F6-AB22-9F382ECE45CA}.Release|Direct3D_64.ActiveCfg = Release|x64
		{2A9B8537-3E35-45F6-AB22-9F382ECE45CA}.Release|Direct3D_64.Build.0 = Release|x64
		{2A9B8537-3E35-45F6-AB22-9F382ECE45CA}.Release|OpenGL_32.ActiveCfg = Release|Win32
		{2A9B8537-3E35-45F6-AB22-9F382ECE45CA}.Release|OpenGL_32.Build.0 = Release|Win32
		{2A9B8537-3E35-45F6-AB22-9F382ECE45CA}.Release|x64.ActiveCfg = Release|x64
		{2A9B8537-3E35-45F6-AB22-9F382ECE45CA}.Release|x64.Build.0 = Release|x64
		{2A9B8537-3E35-45F6-AB22-9F382ECE45CA}.Release|x86.ActiveCfg = Release|Win32
		{2A9B8537-3E35-45F6-AB22-9F382ECE45CA}.Release|x86.Build.0 = Release|Win32
		{1A97BFDF-D891-474A-86B1-6E76E89ABC73}.Debug|Direct3D_64.ActiveCfg = Debug|x64
		{1A97BFDF-D891-474A-86B1-6E76E89ABC73}.Debug|Direct3D_64.Build.0 = Debug|x64
		{1A97BFDF-D891-474A-86B1-6E76E89ABC73}.Debug|OpenGL_32.ActiveCfg = Debug|Win32
		{1A97BFDF-D891-474A-86B1-6E76E89ABC73}.Debug|OpenGL_32.Build.0 = Debug|Win32
		{1A97BFDF-D891-474A-86B1-6E76E89ABC73}.Debug|x64.ActiveCfg = Debug|x64
		{1A97BFDF-D891-474A-86B1-6E76E89ABC73}.Debug|x64.Build.0 = Debug|x64
		{1A97BFDF-D891-474A-86B1-6E76E89ABC73}.Debug|x86.ActiveCfg = Debug|Win32
		{1A97BFDF-D891-474A-86B1-6E76E89ABC73}.Debug|x86.Build.0 = Debug|Win32
		{1A97BFDF-D891-474A-86B1-6E76E89ABC73}.Release|Direct3D_64.ActiveCfg = Release|x64
		{1A97BFDF-D891-474A-86B1-6E76E89ABC73}.Release|Direct3D_64.Build.0 = Release|x64
		{1A97BFDF-D891-474A-86B1-6E76E89ABC73}.Release|OpenGL_32.ActiveCfg = Release|Win32
		{1A97BFDF-D891-474A-86B1-6E76E89ABC73}.Release|OpenGL_32.Build.0 = Release|Win32
		{1A97BFDF-D891-474A-86B1-6E76E89ABC73}.Release|x64.ActiveCfg = Release|x64
		{1A97BFDF-D891-474A-86B1-6E76E89ABC73}.Release|x64.Build.0 = Release|x64
		{1A97BFDF-D891-474A-86B1-6E76E89ABC73}.Release|x86.ActiveCfg = Release|Win32
		{1A97BFDF-D891-474A-86B1-6E76E89ABC73}.Release|x86.Build.0 = Release|Win32
		{348168E0-D7C3-496B-BA86-AA77007B2FED}.Debug|Direct3D_64.ActiveCfg = Debug|x64
		{348168E0-D7C3-496B-BA86-AA77007B2FED}.Debug|Direct3D_64.Build.0 = Debug|x64
		{348168E0-D7C3-496B-BA86-AA77007B2FED}.Debug|OpenGL_32.ActiveCfg = Debug|Win32
		{348168E0-D7C3-496B-BA86-AA77007B2FED}.Debug|OpenGL_32.Build.0 = Debug|Win32
		{348168E0-D7C3-496B-BA86-AA77007B2FED}.Debug|x64.ActiveCfg = Debug|x64
		{348168E0-D7C3-496B-BA86-AA77007B2FED}.Debug|x64.Build.0 = Debug|x64
		{348168E0-D7C3-496B-BA86-AA77007B2FED}.Debug|x86.ActiveCfg = Debug|Win32
		{348168E0-D7C3-496B-BA86-AA77007B2FED}.Debug|x86.Build.0 = Debug|Win32
		{348168E0-D7C3-496B-BA86-AA77007B2FED}.Release|Direct3D_64.ActiveCfg = Release|x64
		{348168E0-D7C3-496B-BA86-AA77007B2FED}.Release|Direct3D_64.Build.0 = Release|x64
		{348168E0-D7C3-496B-BA86-AA77007B2FED}.Release|OpenGL_32.ActiveCfg = Release|Win32
		{348168E0-D7C3-496B-BA86-AA77007B2FED}.Release|OpenGL_32.Build.0 = Release|Win32
		{348168E0-D7C3-496B-BA86-AA77007B2FED}.Release|x64.ActiveCfg = Release|x64
		{348168E0-D7C3-496B-BA86-AA77007B2FED}.Release|x64.Build.0 = Release|x64
		{348168E0-D7C3-496B-BA86-AA77007B2FED}.Release|x86.ActiveCfg = Release|Win32
		{348168E0-D7C3-496B-BA86-AA77007B2FED}.Release|x86.Build.0 = Release|Win32
		{D5AE31D0-68F3-4ABC-ABE8-DAAB7F89336D}.Debug|Direct3D_64.ActiveCfg = Debug|x64
		{D5AE31D0-68F3-4ABC-ABE8-DAAB7F89336D}.Debug|Direct3D_64.Build.0 = Debug|x64
		{D5AE31D0-68F3-4ABC-ABE8-DAAB7F89336D}.Debug|OpenGL_32.ActiveCfg = Debug|Win32
		{D5AE31D0-68F3-4ABC-ABE8-DAAB7F89336D}.Debug|OpenGL_32.Build.0 = Debug|Win32
		{D5AE31D0-68F3-4ABC-ABE8-DAAB7F89336D}.Debug|x64.ActiveCfg = Debug|x64
		{D5AE31D0-68F3-4ABC-ABE8-DAAB7F89336D}.Debug|x64.Build.0 = Debug|x64
		{D5AE31D0-68F3-4ABC-ABE8-DAAB7F89336D}.Debug|x86.ActiveCfg = Debug|Win32
		{D5AE31D0-68F3-4ABC-ABE8-DAAB7F89336D}.Debug|x86.Build.0 = Debug|Win32
		{D5AE31D0-68F3-4ABC-ABE8-DAAB7F89336D}.Release|Direct3D_64.ActiveCfg = Release|x64
		{D5AE31D0-68F3-4ABC-ABE8-DAAB7F89336D}.Release|Direct3D_64.Build.0 = Release|x64
		{D5AE31D0-68F3-4ABC-ABE8-DAAB7F89336D}.Release|OpenGL_32.ActiveCfg = Release|Win32
		{D5AE31D0-68F3-4ABC-ABE8-DAAB7F89336D}.Release|OpenGL_32.Build.0 = Release|Win32
		{D5AE31D0-68F3-4ABC-ABE8-DAAB7F89336D}.Release|x64.ActiveCfg = Release|x64
		{D5AE31D0-68F3-4ABC-ABE8-DAAB7F89336D}.Release|x64.Build.0 = Release|x64
		{D5AE31D0-68F3-4ABC-ABE8-DAAB7F89336D}.Release|x86.ActiveCfg = Release|Win32
		{D5AE31D0-68F3-4ABC-ABE8-DAAB7F89336D}.Release|x86.Build.0 = Release|Win32
		{37273532-5767-4369-B6D7-C10F81AE4282}.Debug|Direct3D_64.ActiveCfg = Debug|x64
		{37273532-5767-4369-B6D7-C10F81AE4282}.Debug|Direct3D_64.Build.0 = Debug|x64
		{37273532-5767-4369-B6D7-C10F81AE4282}.Debug|OpenGL_32.ActiveCfg = Debug|Win32
		{37273532-5767-4369-B6D7-C10F81AE4282}.Debug|OpenGL_32.Build.0 = Debug|Win32
		{37273532-5767-4369-B6D7-C10F81AE4282}.Debug|x64.ActiveCfg = Debug|x64
		{37273532-5767-4369-B6D7-C10F81AE4282}.Debug|x64.Build.0 = Debug|x64
		{37273532-5767-4369-B6D7-C10F81AE4282}.Debug|x86.ActiveCfg = Debug|Win32
		{37273532-5767-4369-B6D7-C10F81AE4282}.Debug|x86.Build.0 = Debug|Win32
		{37273532-5767-4369-B6D7-C10F81AE4282}.Release|Direct3D_64.ActiveCfg = Release|x64
		{37273532-5767-4369-B6D7-C10F81AE4282}.Release|Direct3D_64.Build.0 = Release|x64
		{37273532-5767-4369-B6D7-C10F81AE4282}.Release|OpenGL_32.ActiveCfg = Release|Win32
		{37273532-5767-4369-B6D7-C10F81AE4282}.Release|OpenGL_32.Build.0 = Release|Win32
		{37273532-5767-4369-B6D7-C10F81AE4282}.Release|x64.ActiveCfg = Release|x64
		{37273532-5767-4369-B6D7-C10F81AE4282}.Release|x64.Build.0 = Release|x64
		{37273532-5767-4369-B6D7-C10F81AE4282}.Release|x86.ActiveCfg = Release|Win32
		{37273532-5767-4369-B6D7-C10F81AE4282}.Release|x86.Build.0 = Release|Win32
		{CC853871-E1C2-442D-A66A-CF326121BD90}.Debug|Direct3D_64.ActiveCfg = Debug|x64
		{CC853871-E1C2-442D-A66A-CF326121BD90}.Debug|OpenGL_32.ActiveCfg = Debug|Win32
		{CC853871-E1C2-442D-A66A-CF326121BD90}.Debug|OpenGL_32.Build.0 = Debug|Win32
		{CC853871-E1C2-442D-A66A-CF326121BD90}.Debug|x64.ActiveCfg = Debug|x64
		{CC853871-E1C2-442D-A66A-CF326121BD90}.Debug|x64.Build.0 = Debug|x64
		{CC853871-E1C2-442D-A66A-CF326121BD90}.Debug|x86.ActiveCfg = Debug|Win32
		{CC853871-E1C2-442D-A66A-CF326121BD90}.Debug|x86.Build.0 = Debug|Win32
		{CC853871-E1C2-442D-A66A-CF326121BD90}.Release|Direct3D_64.ActiveCfg = Release|x64
		{CC853871-E1C2-442D-A66A-CF326121BD90}.Release|OpenGL_32.ActiveCfg = Release|Win32
		{CC853871-E1C2-442D-A66A-CF326121BD90}.Release|OpenGL_32.Build.0 = Release|Win32
		{CC853871-E1C2-442D-A66A-CF326121BD90}.Release|x64.ActiveCfg = Release|x64
		{CC853871-E1C2-442D-A66A-CF326121BD90}.Release|x64.Build.0 = Release|x64
		{CC853871-E1C2-442D-A66A-CF326121BD90}.Release|x86.ActiveCfg = Release|Win32
		{CC853871-E1C2-442D-A66A-CF326121BD90}.Release|x86.Build.0 = Release|Win32
		{45CDCFF0-7F57-457F-9706-C3C15E7EA597}.Debug|Direct3D_64.ActiveCfg = Debug|x64
		{45CDCFF0-7F57-457F-9706-C3C15E7EA597}.Debug|Direct3D_64.Build.0 = Debug|x64
		{45CDCFF0-7F57-457F-9706-C3C15E7EA597}.Debug|OpenGL_32.ActiveCfg = Debug|Win32
		{45CDCFF0-7F57-457F-9706-C3C15E7EA597}.Debug|OpenGL_32.Build.0 = Debug|Win32
		{45CDCFF0-7F57-457F-9706-C3C15E7EA597}.Debug|x64.ActiveCfg = Debug|x64
		{45CDCFF0-7F57-457F-9706-C3C15E7EA597}.Debug|x64.Build.0 = Debug|x64
		{45CDCFF0-7F57-457F-9706-C3C15E7EA597}.Debug|x86.ActiveCfg = Debug|Win32
		{45CDCFF0-7F57-457F-9706-C3C15E7EA597}.Debug|x86.Build.0 = Debug|Win32
		{45CDCFF0-7F57-457F-9706-C3C15E7EA597}.Release|Direct3D_64.ActiveCfg = Release|x64
		{45CDCFF0-7F57-457F-9706-C3C15E7EA597}.Release|Direct3D_64.Build.0 = Release|x64
		{45CDCFF0-7F57-457F-9706-C3C15E7EA597}.Release|OpenGL_32.ActiveCfg = Release|Win32
		{45CDCFF0-7F57-457F-9706-C3C15E7EA597}.Release|OpenGL_32.Build.0 = Release|Win32
		{45CDCFF0-7F57-457F-9706-C3C15E7EA597}.Release|x64.ActiveCfg = Release|x64
		{45CDCFF0-7F57-457F-9706-C3C15E7EA597}.Release|x64.Build.0 = Release|x64
		{45CDCFF0-7F57-457F-9706-C3C15E7EA597}.Release|x86.ActiveCfg = Release|Win32
		{45CDCFF0-7F57-457F-9706-C3C15E7EA597}.Release|x86.Build.0 = Release|Win32
		{393119AF-5F33-4130-9BE8-8A59EEBED07E}.Debug|Direct3D_64.ActiveCfg = Debug|x64
		{393119AF-5F33-4130-9BE8-8A59EEBED07E}.Debug|Direct3D_64.Build.0 = Debug|x64
		{393119AF-5F33-4130-9BE8-8A59EEBED07E}.Debug|OpenGL_32.ActiveCfg = Debug|Win32
		{393119AF-5F33-4130-9BE8-8A59EEBED07E}.Debug|OpenGL_32.Build.0 = Debug|Win32
		{393119AF-5F33-4130-9BE8-8A59EEBED07E}.Debug|x64.ActiveCfg = Debug|x64
		{393119AF-5F33-4130-9BE8-8A59EEBED07E}.Debug|x64.Build.0 = Debug|x64
		{393119AF-5F33-4130-9BE8-8A59EEBED07E}.Debug|x86.ActiveCfg = Debug|Win32
		{393119AF-5F33-4130-9BE8-8A59EEBED07E}.Debug|x86.Build.0 = Debug|Win32
		{393119AF-5F33-4130-9BE8-8A59EEBED07E}.Release|Direct3D_64.ActiveCfg = Release|x64
		{393119AF-5F33-4130-9BE8-8A59EEBED07E}.Release|Direct3D_64.Build.0 = Release|x64
		{393119AF-5F33-4130-9BE8-8A59EEBED07E}.Release|OpenGL_32.ActiveCfg = Release|Win32
		{393119AF-5F33-4130-9BE8-8A59EEBED07E}.Release|OpenGL_32.Build.0 = Release|Win32
		{393119AF-5F33-4130-9BE8-8A59EEBED07E}.Release|x64.ActiveCfg = Release|x64
		{393119AF-5F33-4130-9BE8-8A59EEBED07E}.Release|x64.Build.0 = Release|x64
		{393119AF-5F33-4130-9BE8-8A59EEBED07E}.Release|x86.ActiveCfg = Release|Win32
		{393119AF-5F33-4130-9BE8-8A59EEBED07E}.Release|x86.Build.0 = Release|Win32
		{9653A255-0309-403F-9193-DE569343011F}.Debug|Direct3D_64.ActiveCfg = Debug|x64
		{9653A255-0309-403F-9193-DE569343011F}.Debug|Direct3D_64.Build.0 = Debug|x64
		{9653A255-0309-403F-9193-DE569343011F}.Debug|OpenGL_32.ActiveCfg = Debug|Win32
		{9653A255-0309-403F-9193-DE569343011F}.Debug|OpenGL_32.Build.0 = Debug|Win32
		{9653A255-0309-403F-9193-DE569343011F}.Debug|x64.ActiveCfg = Debug|x64
		{9653A255-0309-403F-9193-DE569343011F}.Debug|x64.Build.0 = Debug|x64
		{9653A255-0309-403F-9193-DE569343011F}.Debug|x86.ActiveCfg = Debug|Win32
		{9653A255-0309-403F-9193-DE569343011F}.Debug|x86.Build.0 = Debug|Win32
		{9653A255-0309-403F-9193-DE569343011F}.Release|Direct3D_64.ActiveCfg = Release|x64
		{9653A255-0309-403F-9193-DE569343011F}.Release|Direct3D_64.Build.0 = Release|x64
		{9653A255-0309-403F-9193-DE569343011F}.Release|OpenGL_32.ActiveCfg = Release|Win32
		{9653A255-0309-403F-9193-DE569343011F}.Release|OpenGL_32.Build.0 = Release|Win32
		{9653A255-0309-403F-9193-DE569343011F}.Release|x64.ActiveCfg = Release|x64
		{9653A255-0309-403F-9193-DE569343011F}.Release|x64.Build.0 = Release|x64
		{9653A255-0309-403F-9193-DE569343011F}.Release|x86.ActiveCfg = Release|Win32
		{9653A255-0309-403F-9193-DE569343011F}.Release|x86.Build.0 = Release|Win32
		{5F8004A7-75AD-49AC-85C7-96D9B9F19533}.Debug|Direct3D_64.ActiveCfg = Debug|x64
		{5F8004A7-75AD-49AC-85C7-96D9B9F19533}.Debug|Direct3D_64.Build.0 = Debug|x64
		{5F8004A7-75AD-49AC-85C7-96D9B9F19533}.Debug|OpenGL_32.ActiveCfg = Debug|Win32
		{5F8004A7-75AD-49AC-85C7-96D9B9F19533}.Debug|OpenGL_32.Build.0 = Debug|Win32
		{5F8004A7-75AD-49AC-85C7-96D9B9F19533}.Debug|x64.ActiveCfg = Debug|x64
		{5F8004A7-75AD-49AC-85C7-96D9B9F19533}.Debug|x64.Build.0 = Debug|x64
		{5F8004A7-75AD-49AC-85C7-96D9B9F19533}.Debug|x86.ActiveCfg = Debug|Win32
		{5F8004A7-75AD-49AC-85C7-96D9B9F19533}.Debug|x86.Build.0 = Debug|Win32
		{5F8004A7-75AD-49AC-85C7-96D9B9F19533}.Release|Direct3D_64.ActiveCfg = Release|x64
		{5F8004A7-75AD-49AC-85C7-96D9B9F19533}.Release|Direct3D_64.Build.0 = Release|x64
		{5F8004A7-75AD-49AC-85C7-96D9B9F19533}.Release|OpenGL_32.ActiveCfg = Release|Win32
		{5F8004A7-75AD-49AC-85C7-96D9B9F19533}.Release|OpenGL_32.Build.0 = Release|Win32
		{5F8004A7-75AD-49AC-85C7-96D9B9F19533}.Release|x64.ActiveCfg = Release|x64
		{5F8004A7-75AD-49AC-85C7-96D9B9F19533}.Release|x64.Build.0 = Release|x64
		{5F8004A7-75AD-49AC-85C7-96D9B9F19533}.Release|x86.ActiveCfg = Release|Win32
		{5F8004A7-75AD-49AC-85C7-96D9B9F19533}.Release|x86.Build.0 = Release|Win32
		{C9BDAC7C-C59A-4367-A21D-0FEDABB93012}.Debug|Direct3D_64.ActiveCfg = Debug|x64
		{C9BDAC7C-C59A-4367-A21D-0FEDABB93012}.Debug|Direct3D_64.Build.0 = Debug|x64
		{C9BDAC7C-C59A-4367-A21D-0FEDABB93012}.Debug|OpenGL_32.ActiveCfg = Debug|Win32
		{C9BDAC7C-C59A-4367-A21D-0FEDABB93012}.Debug|OpenGL_32.Build.0 = Debug|Win32
		{C9BDAC7C-C59A-4367-A21D-0FEDABB93012}.Debug|x64.ActiveCfg = Debug|x64
		{C9BDAC7C-C59A-4367-A21D-0FEDABB93012}.Debug|x64.Build.0 = Debug|x64
		{C9BDAC7C-C59A-4367-A21D-0FEDABB93012}.Debug|x86.ActiveCfg = Debug|Win32
		{C9BDAC7C-C59A-4367-A21D-0FEDABB93012}.Debug|x86.Build.0 = Debug|Win32
		{C9BDAC7C-C59A-4367-A21D-0FEDABB93012}.Release|Direct3D_64.ActiveCfg = Release|x64
		{C9BDAC7C-C59A-4367-A21D-0FEDABB93012}.Release|Direct3D_64.Build.0 = Release|x64
		{C9BDAC7C-C59A-4367-A21D-0FEDABB93012}.Release|OpenGL_32.ActiveCfg = Release|Win32
		{C9BDAC7C-C59A-4367-A21D-0FEDABB93012}.Release|OpenGL_32.Build.0 = Release|Win32
		{C9BDAC7C-C59A-4367-A21D-0FEDABB93012}.Release|x64.ActiveCfg = Release|x64
		{C9BDAC7C-C59A-4367-A21D-0FEDABB93012}.Release|x64.Build.0 = Release|x64
		{C9BDAC7C-C59A-4367-A21D-0FEDABB93012}.Release|x86.ActiveCfg = Release|Win32
		{C9BDAC7C-C59A-4367-A21D-0FEDABB93012}.Release|x86.Build.0 = Release|Win32
		{B90989E1-E039-4E69-894E-1FBA7724587E}.Debug|Direct3D_64.ActiveCfg = Debug|x64
		{B90989E1-E039-4E69-894E-1FBA7724587E}.Debug|Direct3D_64.Build.0 = Debug|x64
		{B90989E1-E039-4E69-894E-1FBA7724587E}.Debug|OpenGL_32.ActiveCfg = Debug|Win32
		{B90989E1-E039-4E69-894E-1FBA7724587E}.Debug|OpenGL_32.Build.0 = Debug|Win32
		{B90989E1-E039-4E69-894E-1FBA7724587E}.Debug|x64.ActiveCfg = Debug|x64
		{B90989E1-E039-4E69-894E-1FBA7724587E}.Debug|x64.Build.0 = Debug|x64
		{B90989E1-E039-4E69-894E-1FBA7724587E}.Debug|x86.ActiveCfg = Debug|Win32
		{B90989E1-E039-4E69-894E-1FBA7724587E}.Debug|x86.Build.0 = Debug|Win32
		{B90989E1-E039-4E69-894E-1FBA7724587E}.Release|Direct3D_64.ActiveCfg = Release|x64
		{B90989E1-E039-4E69-894E-1FBA7724587E}.Release|Direct3D_64.Build.0 = Release|x64
		{B90989E1-E039-4E69-894E-1FBA7724587E}.Release|OpenGL_32.ActiveCfg = Release|Win32
		{B90989E1-E039-4E69-894E-1FBA7724587E}.Release|OpenGL_32.Build.0 = Release|Win32
		{B90989E1-E039-4E69-894E-1FBA7724587E}.Release|x64.ActiveCfg = Release|x64
		{B90989E1-E039-4E69-894E-1FBA7724587E}.Release|x64.Build.0 = Release|x64
		{B90989E1-E039-4E69-894E-1FBA7724587E}.Release|x86.ActiveCfg = Release|Win32
		{B90989E1-E039-4E69-894E-1FBA7724587E}.Release|x86.Build.0 = Release|Win32
		{E4154547-FDAC-4B90-979D-BDF433C87597}.Debug|Direct3D_64.ActiveCfg = Debug|x64
		{E4154547-FDAC-4B90-979D-BDF433C87597}.Debug|Direct3D_64.Build.0 = Debug|x64
		{E4154547-FDAC-4B90-979D-BDF433C87597}.Debug|OpenGL_32.ActiveCfg = Debug|Win32
		{E4154547-FDAC-4B90-979D-BDF433C87597}.Debug|OpenGL_32.Build.0 = Debug|Win32
		{E4154547-FDAC-4B90-979D-BDF433C87597}.Debug|x64.ActiveCfg = Debug|x64
		{E4154547-FDAC-4B90-979D-BDF433C87597}.Debug|x64.Build.0 = Debug|x64
		{E4154547-FDAC-4B90-979D-BDF433C87597}.Debug|x86.ActiveCfg = Debug|Win32
		{E4154547-FDAC-4B90-979D-BDF433C87597}.Debug|x86.Build.0 = Debug|Win32
		{E4154547-FDAC-4B90-979D-BDF433C87597}.Release|Direct3D_64.ActiveCfg = Release|x64
		{E4154547-FDAC-4B90-979D-BDF433C87597}.Release|Direct3D_64.Build.0 = Release|x64
		{E4154547-FDAC-4B90-979D-BDF433C87597}.Release|OpenGL_32.ActiveCfg = Release|Win32
		{E4154547-FDAC-4B90-979D-BDF433C87597}.Release|OpenGL_32.Build.0 = Release|Win32
		{E4154547-FDAC-4B90-979D-BDF433C87597}.Release|x64.ActiveCfg = Release|x64
		{E4154547-FDAC-4B90-979D-BDF433C87597}.Release|x64.Build.0 = Release|x64
		{E4154547-FDAC-4B90-979D-BDF433C87597}.Release|x86.ActiveCfg = Release|Win32
		{E4154547-FDAC-4B90-979D-BDF433C87597}.Release|x86.Build.0 = Release|Win32
		{43B6C442-8C3A-403D-B6E3-26505ADB2493}.Debug|Direct3D_64.ActiveCfg = Debug|x64
		{43B6C442-8C3A-403D-B6E3-26505ADB2493}.Debug|Direct3D_64.Build.0 = Debug|x64
		{43B6C442-8C3A-403D-B6E3-26505ADB2493}.Debug|OpenGL_32.ActiveCfg = Debug|Win32
		{43B6C442-8C3A-403D-B6E3-26505ADB2493}.Debug|OpenGL_32.Build.0 = Debug|Win32
		{43B6C442-8C3A-403D-B6E3-26505ADB2493}.Debug|x64.ActiveCfg = Debug|x64
		{43B6C442-8C3A-403D-B6E3-26505ADB2493}.Debug|x64.Build.0 = Debug|x64
		{43B6C442-8C3A-403D-B6E3-26505ADB2493}.Debug|x86.ActiveCfg = Debug|Win32
		{43B6C442-8C3A-403D-B6E3-26505ADB2493}.Debug|x86.Build.0 = Debug|Win32
		{43B6C442-8C3A-403D-B6E3-26505ADB2493}.Release|Direct3D_64.ActiveCfg = Release|x64
		{43B6C442-8C3A-403D-B6E3-26505ADB2493}.Release|Direct3D_64.Build.0 = Release|x64
		{43B6C442-8C3A-403D-B6E3-26505ADB2493}.Release|OpenGL_32.ActiveCfg = Release|Win32
		{43B6C442-8C3A-403D-B6E3-26505ADB2493}.Release|OpenGL_32.Build.0 = Release|Win32
		{43B6C442-8C3A-403D-B6E3-26505ADB2493}.Release|x64.ActiveCfg = Release|x64
		{43B6C442-8C3A-403D-B6E3-26505ADB2493}.Release|x64.Build.0 = Release|x64
		{43B6C442-8C3A-403D-B6E3-26505ADB2493}.Release|x86.ActiveCfg = Release|Win32
		{43B6C442-8C3A-403D-B6E3-26505ADB2493}.Release|x86.Build.0 = Release|Win32
		{08115731-DC04-4C7E-A782-6F74673B9353}.Debug|Direct3D_64.ActiveCfg = Debug|x64
		{08115731-DC04-4C7E-A782-6F74673B9353}.Debug|Direct3D_64.Build.0 = Debug|x64
		{08115731-DC04-4C7E-A782-6F74673B9353}.Debug|OpenGL_32.ActiveCfg = Debug|Win32
		{08115731-DC04-4C7E-A782-6F74673B9353}.Debug|OpenGL_32.Build.0 = Debug|Win32
		{08115731-DC04-4C7E-A782-6F74673B9353}.Debug|x64.ActiveCfg = Debug|x64
		{08115731-DC04-4C7E-A782-6F74673B9353}.Debug|x64.Build.0 = Debug|x64
		{08115731-DC04-4C7E-A782-6F74673B9353}.Debug|x86.ActiveCfg = Debug|Win32
		{08115731-DC04-4C7E-A782-6F74673B9353}.Debug|x86.Build.0 = Debug|Win32
		{08115731-DC04-4C7E-A782-6F74673B9353}.Release|Direct3D_64.ActiveCfg = Release|x64
		{08115731-DC04-4C7E-A782-6F74673B9353}.Release|Direct3D_64.Build.0 = Release|x64
		{08115731-DC04-4C7E-A782-6F74673B9353}.Release|OpenGL_32.ActiveCfg = Release|Win32
		{08115731-DC04-4C7E-A782-6F74673B9353}.Release|OpenGL_32.Build.0 = Release|Win32
		{08115731-DC04-4C7E-A782-6F74673B9353}.Release|x64.ActiveCfg = Release|x64
		{08115731-DC04-4C7E-A782-6F74673B9353}.Release|x64.Build.0 = Release|x64
		{08115731-DC04-4C7E-A782-6F74673B9353}.Release|x86.ActiveCfg = Release|Win32
		{08115731-DC04-4C7E-A782-6F74673B9353}.Release|x86.Build.0 = Release|Win32
		{887E9B0F-6FC5-4069-BD18-85246309F59E}.Debug|Direct3D_64.ActiveCfg = Debug|x64
		{887E9B0F-6FC5-4069-BD18-85246309F59E}.Debug|Direct3D_64.Build.0 = Debug|x64
		{887E9B0F-6FC5-4069-BD18-85246309F59E}.Debug|OpenGL_32.ActiveCfg = Debug|Win32
		{887E9B0F-6FC5-4069-BD18-85246309F59E}.Debug|OpenGL_32.Build.0 = Debug|Win32
		{887E9B0F-6FC5-4069-BD18-85246309F59E}.Debug|x64.ActiveCfg = Debug|x64
		{887E9B0F-6FC5-4069-BD18-85246309F59E}.Debug|x64.Build.0 = Debug|x64
		{887E9B0F-6FC5-4069-BD18-85246309F59E}.Debug|x86.ActiveCfg = Debug|Win32
		{887E9B0F-6FC5-4069-BD18-85246309F59E}.Debug|x86.Build.0 = Debug|Win32
		{887E9B0F-6FC5-4069-BD18-85246309F59E}.Release|Direct3D_64.ActiveCfg = Release|x64
		{887E9B0F-6FC5-4069-BD18-85246309F59E}.Release|Direct3D_64.Build.0 = Release|x64
		{887E9B0F-6FC5-4069-BD18-85246309F59E}.Release|OpenGL_32.ActiveCfg = Release|Win32
		{887E9B0F-6FC5-4069-BD18-85246309F59E}.Release|OpenGL_32.Build.0 = Release|Win32
		{887E9B0F-6FC5-4069-BD18-85246309F59E}.Release|x64.ActiveCfg = Release|x64
		{887E9B0F-6FC5-4069-BD18-85246309F59E}.Release|x64.Build.0 = Release|x64
		{887E9B0F-6FC5-4069-BD18-85246309F59E}.Release|x86.ActiveCfg = Release|Win32
		{887E9B0F-6FC5-4069-BD18-85246309F59E}.Release|x86.Build.0 = Release|Win32
		{5BE2E9CC-B674-4100-A1C7-E87A3AA48DD7}.Debug|Direct3D_64.ActiveCfg = Debug|x64
		{5BE2E9CC-B674-4100-A1C7-E87A3AA48DD7}.Debug|Direct3D_64.Build.0 = Debug|x64
		{5BE2E9CC-B674-4100-A1C7-E87A3AA48DD7}.Debug|OpenGL_32.ActiveCfg = Debug|Win32
		{5BE2E9CC-B674-4100-A1C7-E87A3AA48DD7}.Debug|OpenGL_32.Build.0 = Debug|Win32
		{5BE2E9CC-B674-4100-A1C7-E87A3AA48DD7}.Debug|x64.ActiveCfg = Debug|x64
		{5BE2E9CC-B674-4100-A1C7-E87A3AA48DD7}.Debug|x64.Build.0 = Debug|x64
		{5BE2E9CC-B674-4100-A1C7-E87A3AA48DD7}.Debug|x86.ActiveCfg = Debug|Win32
		{5BE2E9CC-B674-4100-A1C7-E87A3AA48DD7}.Debug|x86.Build.0 = Debug|Win32
		{5BE2E9CC-B674-4100-A1C7-E87A3AA48DD7}.Release|Direct3D_64.ActiveCfg = Release|x64
		{5BE2E9CC-B674-4100-A1C7-E87A3AA48DD7}.Release|Direct3D_64.Build.0 = Release|x64
		{5BE2E9CC-B674-4100-A1C7-E87A3AA48DD7}.Release|OpenGL_32.ActiveCfg = Release|Win32
		{5BE2E9CC-B674-4100-A1C7-E87A3AA48DD7}.Release|OpenGL_32.Build.0 = Release|Win32
		{5BE2E9CC-B674-4100-A1C7-E87A3AA48DD7}.Release|x64.ActiveCfg = Release|x64
		{5BE2E9CC-B674-4100-A1C7-E87A3AA48DD7}.Release|x64.Build.0 = Release|x64
		{5BE2E9CC-B674-4100-A1C7-E87A3AA48DD7}.Release|x86.ActiveCfg = Release|Win32
		{5BE2E9CC-B674-4100-A1C7-E87A3AA48DD7}.Release|x86.Build.0 = Release|Win32
		{703EA41E-3F54-45E2-B6D4-A25E0585715B}.Debug|Direct3D_64.ActiveCfg = Debug|x64
		{703EA41E-3F54-45E2-B6D4-A25E0585715B}.Debug|Direct3D_64.Build.0 = Debug|x64
		{703EA41E-3F54-45E2-B6D4-A25E0585715B}.Debug|OpenGL_32.ActiveCfg = Debug|Win32
		{703EA41E-3F54-45E2-B6D4-A25E0585715B}.Debug|OpenGL_32.Build.0 = Debug|Win32
		{703EA41E-3F54-45E2-B6D4-A25E0585715B}.Debug|x64.ActiveCfg = Debug|x64
		{703EA41E-3F54-45E2-B6D4-A25E0585715B}.Debug|x64.Build.0 = Debug|x64
		{703EA41E-3F54-45E2-B6D4-A25E0585715B}.Debug|x86.ActiveCfg = Debug|Win32
		{703EA41E-3F54-45E2-B6D4-A25E0585715B}.Debug|x86.Build.0 = Debug|Win32
		{703EA41E-3F54-45E2-B6D4-A25E0585715B}.Release|Direct3D_64.ActiveCfg = Release|x64
		{703EA41E-3F54-45E2-B6D4-A25E0585715B}.Release|Direct3D_64.Build.0 = Release|x64
		{703EA41E-3F54-45E2-B6D4-A25E0585715B}.Release|OpenGL_32.ActiveCfg = Release|Win32
		{703EA41E-3F54-45E2-B6D4-A25E0585715B}.Release|OpenGL_32.Build.0 = Release|Win32
		{703EA41E-3F54-45E2-B6D4-A25E0585715B}.Release|x64.ActiveCfg = Release|x64
		{703EA41E-3F54-45E2-B6D4-A25E0585715B}.Release|x64.Build.0 = Release|x64
		{703EA41E-3F54-45E2-B6D4-A25E0585715B}.Release|x86.ActiveCfg = Release|Win32
		{703EA41E-3F54-45E2-B6D4-A25E0585715B}.Release|x86.Build.0 = Release|Win32
		{EC809270-CE46-4204-A0F7-F88A6A4732E9}.Debug|Direct3D_64.ActiveCfg = Debug|x64
		{EC809270-CE46-4204-A0F7-F88A6A4732E9}.Debug|Direct3D_64.Build.0 = Debug|x64
		{EC809270-CE46-4204-A0F7-F88A6A4732E9}.Debug|OpenGL_32.ActiveCfg = Debug|Win32
		{EC809270-CE46-4204-A0F7-F88A6A4732E9}.Debug|OpenGL_32.Build.0 = Debug|Win32
		{EC809270-CE46-4204-A0F7-F88A6A4732E9}.Debug|x64.ActiveCfg = Debug|x64
		{EC809270-CE46-4204-A0F7-F88A6A4732E9}.Debug|x64.Build.0 = Debug|x64
		{EC809270-CE46-4204-A0F7-F88A6A4732E9}.Debug|x86.ActiveCfg = Debug|Win32
		{EC809270-CE46-4204-A0F7-F88A6A4732E9}.Debug|x86.Build.0 = Debug|Win32
		{EC809270-CE46-4204-A0F7-F88A6A4732E9}.Release|Direct3D_64.ActiveCfg = Release|x64
		{EC809270-CE46-4204-A0F7-F88A6A4732E9}.Release|Direct3D_64.Build.0 = Release|x64
		{EC809270-CE46-4204-A0F7-F88A6A4732E9}.Release|OpenGL_32.ActiveCfg = Release|Win32
		{EC809270-CE46-4204-A0F7-F88A6A4732E9}.Release|OpenGL_32.Build.0 = Release|Win32
		{EC809270-CE46-4204-A0F7-F88A6A4732E9}.Release|x64.ActiveCfg = Release|x64
		{EC809270-CE46-4204-A0F7-F88A6A4732E9}.Release|x64.Build.0 = Release|x64
		{EC809270-CE46-4204-A0F7-F88A6A4732E9}.Release|x86.ActiveCfg = Release|Win32
		{EC809270-CE46-4204-A0F7-F88A6A4732E9}.Release|x86.Build.0 = Release|Win32
		{4228BC52-904F-4BA2-B78E-7BCB85068A82}.Debug|Direct3D_64.ActiveCfg = Debug|x64
		{4228BC52-904F-4BA2-B78E-7BCB85068A82}.Debug|Direct3D_64.Build.0 = Debug|x64
		{4228BC52-904F-4BA2-B78E-7BCB85068A82}.Debug|OpenGL_32.ActiveCfg = Debug|Win32
		{4228BC52-904F-4BA2-B78E-7BCB85068A82}.Debug|OpenGL_32.Build.0 = Debug|Win32
		{4228BC52-904F-4BA2-B78E-7BCB85068A82}.Debug|x64.ActiveCfg = Debug|x64
		{4228BC52-904F-4BA2-B78E-7BCB85068A82}.Debug|x64.Build.0 = Debug|x64
		{4228BC52-904F-4BA2-B78E-7BCB85068A82}.Debug|x86.ActiveCfg = Debug|Win32
		{4228BC52-904F-4BA2-B78E-7BCB85068A82}.Debug|x86.Build.0 = Debug|Win32
		{4228BC52-904F-4BA2-B78E-7BCB85068A82}.Release|Direct3D_64.ActiveCfg = Release|x64
		{4228BC52-904F-4BA2-B78E-7BCB85068A82}.Release|Direct3D_64.Build.0 = Release|x64
		{4228BC52-904F-4BA2-B78E-7BCB85068A82}.Release|OpenGL_32.ActiveCfg = Release|Win32
		{4228BC52-904F-4BA2-B78E-7BCB85068A82}.Release|OpenGL_32.Build.0 = Release|Win32
		{4228BC52-904F-4BA2-B78E-7BCB85068A82}.Release|x64.ActiveCfg = Release|x64
		{4228BC52-904F-4BA2-B78E-7BCB85068A82}.Release|x64.Build.0 = Release|x64
		{4228BC52-904F-4BA2-B78E-7BCB85068A82}.Release|x86.ActiveCfg = Release|Win32
		{4228BC52-904F-4BA2-B78E-7BCB85068A82}.Release|x86.Build.0 = Release|Win32
		{59372B6A-B411-44A7-9B90-0CA2A462BDB5}.Debug|Direct3D_64.ActiveCfg = Debug|x64
		{59372B6A-B411-44A7-9B90-0CA2A462BDB5}.Debug|Direct3D_64.Build.0 = Debug|x64
		{59372B6A-B411-44A7-9B90-0CA2A462BDB5}.Debug|OpenGL_32.ActiveCfg = Debug|Win32
		{59372B6A-B411-44A7-9B90-0CA2A462BDB5}.Debug|OpenGL_32.Build.0 = Debug|Win32
		{59372B6A-B411-44A7-9B90-0CA2A462BDB5}.Debug|x64.ActiveCfg = Debug|x64
		{59372B6A-B411-44A7-9B90-0CA2A462BDB5}.Debug|x64.Build.0 = Debug|x64
		{59372B6A-B411-44A7-9B90-0CA2A462BDB5}.Debug|x86.ActiveCfg = Debug|Win32
		{59372B6A-B411-44A7-9B90-0CA2A462BDB5}.Debug|x86.Build.0 = Debug|Win32
		{59372B6A-B411-44A7-9B90-0CA2A462BDB5}.Release|Direct3D_64.ActiveCfg = Release|x64
		{59372B6A-B411-44A7-9B90-0CA2A462BDB5}.Release|Direct3D_64.Build.0 = Release|x64
		{59372B6A-B411-44A7-9B90-0CA2A462BDB5}.Release|OpenGL_32.ActiveCfg = Release|Win32
		{59372B6A-B411-44A7-9B90-0CA2A462BDB5}.Release|OpenGL_32.Build.0 = Release|Win32
		{59372B6A-B411-44A7-9B90-0CA2A462BDB5}.Release|x64.ActiveCfg = Release|x64
		{59372B6A-B411-44A7-9B90-0CA2A462BDB5}.Release|x64.Build.0 = Release|x64
		{59372B6A-B411-44A7-9B90-0CA2A462BDB5}.Release|x86.ActiveCfg = Release|Win32
		{59372B6A-B411-44A7-9B90-0CA2A462BDB5}.Release|x86.Build.0 = Release|Win32
		{3DB76F64-6EC9-4080-8675-0661759507D9}.Debug|Direct3D_64.ActiveCfg = Debug|x64
		{3DB76F64-6EC9-4080-8675-0661759507D9}.Debug|Direct3D_64.Build.0 = Debug|x64
		{3DB76F64-6EC9-4080-8675-0661759507D9}.Debug|OpenGL_32.ActiveCfg = Debug|Win32
		{3DB76F64-6EC9-4080-8675-0661759507D9}.Debug|OpenGL_32.Build.0 = Debug|Win32
		{3DB76F64-6EC9-4080-8675-0661759507D9}.Debug|x64.ActiveCfg = Debug|x64
		{3DB76F64-6EC9-4080-8675-0661759507D9}.Debug|x64.Build.0 = Debug|x64
		{3DB76F64-6EC9-4080-8675-0661759507D9}.Debug|x86.ActiveCfg = Debug|Win32
		{3DB76F64-6EC9-4080-8675-0661759507D9}.Debug|x86.Build.0 = Debug|Win32
		{3DB76F64-6EC9-4080-8675-0661759507D9}.Release|Direct3D_64.ActiveCfg = Release|x64
		{3DB76F64-6EC9-4080-8675-0661759507D9}.Release|Direct3D_64.Build.0 = Release|x64
		{3DB76F64-6EC9-4080-8675-0661759507D9}.Release|OpenGL_32.ActiveCfg = Release|Win32
		{3DB76F64-6EC9-4080-8675-0661759507D9}.Release|OpenGL_32.Build.0 = Release|Win32
		{3DB76F64-6EC9-4080-8675-0661759507D9}.Release|x64.ActiveCfg = Release|x64
		{3DB76F64-6EC9-4080-8675-0661759507D9}.Release|x64.Build.0 = Release|x64
		{3DB76F64-6EC9-4080-8675-0661759507D9}.Release|x86.ActiveCfg = Release|Win32
		{3DB76F64-6EC9-4080-8675-0661759507D9}.Release|x86.Build.0 = Release|Win32
		{70B81970-5665-4429-B2B2-7F6FCED5AB84}.Debug|Direct3D_64.ActiveCfg = Debug|x64
		{70B81970-5665-4429-B2B2-7F6FCED5AB84}.Debug|Direct3D_64.Build.0 = Debug|x64
		{70B81970-5665-4429-B2B2-7F6FCED5AB84}.Debug|OpenGL_32.ActiveCfg = Debug|x64
		{70B81970-5665-4429-B2B2-7F6FCED5AB84}.Debug|OpenGL_32.Build.0 = Debug|x64
		{70B81970-5665-4429-B2B2-7F6FCED5AB84}.Debug|x64.ActiveCfg = Debug|x64
		{70B81970-5665-4429-B2B2-7F6FCED5AB84}.Debug|x64.Build.0 = Debug|x64
		{70B81970-5665-4429-B2B2-7F6FCED5AB84}.Debug|x86.ActiveCfg = Debug|Win32
		{70B81970-5665-4429-B2B2-7F6FCED5AB84}.Debug|x86.Build.0 = Debug|Win32
		{70B81970-5665-4429-B2B2-7F6FCED5AB84}.Release|Direct3D_64.ActiveCfg = Release|x64
		{70B81970-5665-4429-B2B2-7F6FCED5AB84}.Release|Direct3D_64.Build.0 = Release|x64
		{70B81970-5665-4429-B2B2-7F6FCED5AB84}.Release|OpenGL_32.ActiveCfg = Release|x64
		{70B81970-5665-4429-B2B2-7F6FCED5AB84}.Release|OpenGL_32.Build.0 = Release|x64
		{70B81970-5665-4429-B2B2-7F6FCED5AB84}.Release|x64.ActiveCfg = Release|x64
		{70B81970-5665-4429-B2B2-7F6FCED5AB84}.Release|x64.Build.0 = Release|x64
		{70B81970-5665-4429-B2B2-7F6FCED5AB84}.Release|x86.ActiveCfg = Release|Win32
		{70B81970-5665-4429-B2B2-7F6FCED5AB84}.Release|x86.Build.0 = Release|Win32
		{C3577CEC-2D7E-4FBD-8D3C-DC3C9EE1E4A7}.Debug|Direct3D_64.ActiveCfg = Debug|x64
		{C3577CEC-2D7E-4FBD-8D3C-DC3C9EE1E4A7}.Debug|Direct3D_64.Build.0 = Debug|x64
		{C3577CEC-2D7E-4FBD-8D3C-DC3C9EE1E4A7}.Debug|OpenGL_32.ActiveCfg = Debug|Win32
		{C3577CEC-2D7E-4FBD-8D3C-DC3C9EE1E4A7}.Debug|OpenGL_32.Build.0 = Debug|Win32
		{C3577CEC-2D7E-4FBD-8D3C-DC3C9EE1E4A7}.Debug|x64.ActiveCfg = Debug|x64
		{C3577CEC-2D7E-4FBD-8D3C-DC3C9EE1E4A7}.Debug|x64.Build.0 = Debug|x64
		{C3577CEC-2D7E-4FBD-8D3C-DC3C9EE1E4A7}.Debug|x86.ActiveCfg = Debug|Win32
		{C3577CEC-2D7E-4FBD-8D3C-DC3C9EE1E4A7}.Debug|x86.Build.0 = Debug|Win32
		{C3577CEC-2D7E-4FBD-8D3C-DC3C9EE1E4A7}.Release|Direct3D_64.ActiveCfg = Release|x64
		{C3577CEC-2D7E-4FBD-8D3C-DC3C9EE1E4A7}.Release|Direct3D_64.Build.0 = Release|x64
		{C3577CEC-2D7E-4FBD-8D3C-DC3C9EE1E4A7}.Release|OpenGL_32.ActiveCfg = Release|Win32
		{C3577CEC-2D7E-4FBD-8D3C-DC3C9EE1E4A7}.Release|OpenGL_32.Build.0 = Release|Win32
		{C3577CEC-2D7E-4FBD-8D3C-DC3C9EE1E4A7}.Release|x64.ActiveCfg = Release|x64
		{C3577CEC-2D7E-4FBD-8D3C-DC3C9EE1E4A7}.Release|x64.Build.0 = Release|x64
		{C3577CEC-2D7E-4FBD-8D3C-DC3C9EE1E4A7}.Release|x86.ActiveCfg = Release|Win32
		{C3577CEC-2D7E-4FBD-8D3C-DC3C9EE1E4A7}.Release|x86.Build.0 = Release|Win32
		{DE18299E-57DD-420A-9219-31BCCE5A5BC0}.Debug|Direct3D_64.ActiveCfg = Debug|x64
		{DE18299E-57DD-420A-9219-31BCCE5A5BC0}.Debug|Direct3D_64.Build.0 = Debug|x64
		{DE18299E-57DD-420A-9219-31BCCE5A5BC0}.Debug|OpenGL_32.ActiveCfg = Debug|Win32
		{DE18299E-57DD-420A-9219-31BCCE5A5BC0}.Debug|OpenGL_32.Build.0 = Debug|Win32
		{DE18299E-57DD-420A-9219-31BCCE5A5BC0}.Debug|x64.ActiveCfg = Debug|x64
		{DE18299E-57DD-420A-9219-31BCCE5A5BC0}.Debug|x64.Build.0 = Debug|x64
		{DE18299E-57DD-420A-9219-31BCCE5A5BC0}.Debug|x86.ActiveCfg = Debug|Win32
		{DE18299E-57DD-420A-9219-31BCCE5A5BC0}.Debug|x86.Build.0 = Debug|Win32
		{DE18299E-57DD-420A-9219-31BCCE5A5BC0}.Release|Direct3D_64.ActiveCfg = Release|x64
		{DE18299E-57DD-420A-9219-31BCCE5A5BC0}.Release|Direct3D_64.Build.0 = Release|x64
		{DE18299E-57DD-420A-9219-31BCCE5A5BC0}.Release|OpenGL_32.ActiveCfg = Release|Win32
		{DE18299E-57DD-420A-9219-31BCCE5A5BC0}.Release|OpenGL_32.Build.0 = Release|Win32
		{DE18299E-57DD-420A-9219-31BCCE5A5BC0}.Release|x64.ActiveCfg = Release|x64
		{DE18299E-57DD-420A-9219-31BCCE5A5BC0}.Release|x64.Build.0 = Release|x64
		{DE18299E-57DD-420A-9219-31BCCE5A5BC0}.Release|x86.ActiveCfg = Release|Win32
		{DE18299E-57DD-420A-9219-31BCCE5A5BC0}.Release|x86.Build.0 = Release|Win32
		{CAC93CCD-8FEB-4452-80E8-11A2D7BDDB82}.Debug|Direct3D_64.ActiveCfg = Debug|x64
		{CAC93CCD-8FEB-4452-80E8-11A2D7BDDB82}.Debug|Direct3D_64.Build.0 = Debug|x64
		{CAC93CCD-8FEB-4452-80E8-11A2D7BDDB82}.Debug|OpenGL_32.ActiveCfg = Debug|Win32
		{CAC93CCD-8FEB-4452-80E8-11A2D7BDDB82}.Debug|OpenGL_32.Build.0 = Debug|Win32
		{CAC93CCD-8FEB-4452-80E8-11A2D7BDDB82}.Debug|x64.ActiveCfg = Debug|x64
		{CAC93CCD-8FEB-4452-80E8-11A2D7BDDB82}.Debug|x64.Build.0 = Debug|x64
		{CAC93CCD-8FEB-4452-80E8-11A2D7BDDB82}.Debug|x86.ActiveCfg = Debug|Win32
		{CAC93CCD-8FEB-4452-80E8-11A2D7BDDB82}.Debug|x86.Build.0 = Debug|Win32
		{CAC93CCD-8FEB-4452-80E8-11A2D7BDDB82}.Release|Direct3D_64.ActiveCfg = Release|x64
		{CAC93CCD-8FEB-4452-80E8-11A2D7BDDB82}.Release|Direct3D_64.Build.0 = Release|x64
		{CAC93CCD-8FEB-4452-80E8-11A2D7BDDB82}.Release|OpenGL_32.ActiveCfg = Release|Win32
		{CAC93CCD-8FEB-4452-80E8-11A2D7BDDB82}.Release|OpenGL_32.Build.0 = Release|Win32
		{CAC93CCD-8FEB-4452-80E8-11A2D7BDDB82}.Release|x64.ActiveCfg = Release|x64
		{CAC93CCD-8FEB-4452-80E8-11A2D7BDDB82}.Release|x64.Build.0 = Release|x64
		{CAC93CCD-8FEB-4452-80E8-11A2D7BDDB82}.Release|x86.ActiveCfg = Release|Win32
		{CAC93CCD-8FEB-4452-80E8-11A2D7BDDB82}.Release|x86.Build.0 = Release|Win32
		{CE7EC0BA-64C0-4C9D-9DA1-B09A8704562B}.Debug|Direct3D_64.ActiveCfg = Debug|x64
		{CE7EC0BA-64C0-4C9D-9DA1-B09A8704562B}.Debug|OpenGL_32.ActiveCfg = Debug|Win32
		{CE7EC0BA-64C0-4C9D-9DA1-B09A8704562B}.Debug|OpenGL_32.Build.0 = Debug|Win32
		{CE7EC0BA-64C0-4C9D-9DA1-B09A8704562B}.Debug|x64.ActiveCfg = Debug|x64
		{CE7EC0BA-64C0-4C9D-9DA1-B09A8704562B}.Debug|x64.Build.0 = Debug|x64
		{CE7EC0BA-64C0-4C9D-9DA1-B09A8704562B}.Debug|x86.ActiveCfg = Debug|Win32
		{CE7EC0BA-64C0-4C9D-9DA1-B09A8704562B}.Debug|x86.Build.0 = Debug|Win32
		{CE7EC0BA-64C0-4C9D-9DA1-B09A8704562B}.Release|Direct3D_64.ActiveCfg = Release|x64
		{CE7EC0BA-64C0-4C9D-9DA1-B09A8704562B}.Release|OpenGL_32.ActiveCfg = Release|Win32
		{CE7EC0BA-64C0-4C9D-9DA1-B09A8704562B}.Release|OpenGL_32.Build.0 = Release|Win32
		{CE7EC0BA-64C0-4C9D-9DA1-B09A8704562B}.Release|x64.ActiveCfg = Release|x64
		{CE7EC0BA-64C0-4C9D-9DA1-B09A8704562B}.Release|x64.Build.0 = Release|x64
		{CE7EC0BA-64C0-4C9D-9DA1-B09A8704562B}.Release|x86.ActiveCfg = Release|Win32
		{CE7EC0BA-64C0-4C9D-9DA1-B09A8704562B}.Release|x86.Build.0 = Release|Win32
		{CB257A48-CDFE-4865-9DEA-85A5D1D0F552}.Debug|Direct3D_64.ActiveCfg = Debug|x64
		{CB257A48-CDFE-4865-9DEA-85A5D1D0F552}.Debug|OpenGL_32.ActiveCfg = Debug|Win32
		{CB257A48-CDFE-4865-9DEA-85A5D1D0F552}.Debug|x64.ActiveCfg = Debug|x64
		{CB257A48-CDFE-4865-9DEA-85A5D1D0F552}.Debug|x64.Build.0 = Debug|x64
		{CB257A48-CDFE-4865-9DEA-85A5D1D0F552}.Debug|x86.ActiveCfg = Debug|Win32
		{CB257A48-CDFE-4865-9DEA-85A5D1D0F552}.Debug|x86.Build.0 = Debug|Win32
		{CB257A48-CDFE-4865-9DEA-85A5D1D0F552}.Release|Direct3D_64.ActiveCfg = Release|x64
		{CB257A48-CDFE-4865-9DEA-85A5D1D0F552}.Release|OpenGL_32.ActiveCfg = Release|Win32
		{CB257A48-CDFE-4865-9DEA-85A5D1D0F552}.Release|x64.ActiveCfg = Release|x64
		{CB257A48-CDFE-4865-9DEA-85A5D1D0F552}.Release|x64.Build.0 = Release|x64
		{CB257A48-CDFE-4865-9DEA-85A5D1D0F552}.Release|x86.ActiveCfg = Release|Win32
		{CB257A48-CDFE-4865-9DEA-85A5D1D0F552}.Release|x86.Build.0 = Release|Win32
		{668DCA77-813C-4A0E-820C-4CA6FDEB1FDF}.Debug|Direct3D_64.ActiveCfg = Debug|x64
		{668DCA77-813C-4A0E-820C-4CA6FDEB1FDF}.Debug|Direct3D_64.Build.0 = Debug|x64
		{668DCA77-813C-4A0E-820C-4CA6FDEB1FDF}.Debug|OpenGL_32.ActiveCfg = Debug|Win32
		{668DCA77-813C-4A0E-820C-4CA6FDEB1FDF}.Debug|x64.ActiveCfg = Debug|x64
		{668DCA77-813C-4A0E-820C-4CA6FDEB1FDF}.Debug|x64.Build.0 = Debug|x64
		{668DCA77-813C-4A0E-820C-4CA6FDEB1FDF}.Debug|x86.ActiveCfg = Debug|Win32
		{668DCA77-813C-4A0E-820C-4CA6FDEB1FDF}.Debug|x86.Build.0 = Debug|Win32
		{668DCA77-813C-4A0E-820C-4CA6FDEB1FDF}.Release|Direct3D_64.ActiveCfg = Release|x64
		{668DCA77-813C-4A0E-820C-4CA6FDEB1FDF}.Release|Direct3D_64.Build.0 = Release|x64
		{668DCA77-813C-4A0E-820C-4CA6FDEB1FDF}.Release|OpenGL_32.ActiveCfg = Release|Win32
		{668DCA77-813C-4A0E-820C-4CA6FDEB1FDF}.Release|x64.ActiveCfg = Release|x64
		{668DCA77-813C-4A0E-820C-4CA6FDEB1FDF}.Release|x64.Build.0 = Release|x64
		{668DCA77-813C-4A0E-820C-4CA6FDEB1FDF}.Release|x86.ActiveCfg = Release|Win32
		{668DCA77-813C-4A0E-820C-4CA6FDEB1FDF}.Release|x86.Build.0 = Release|Win32
		{012D9A9E-A662-4D8C-8F2C-C7D66BA29527}.Debug|Direct3D_64.ActiveCfg = Debug|Win32
		{012D9A9E-A662-4D8C-8F2C-C7D66BA29527}.Debug|OpenGL_32.ActiveCfg = Debug|Win32
		{012D9A9E-A662-4D8C-8F2C-C7D66BA29527}.Debug|x64.ActiveCfg = Debug|x64
		{012D9A9E-A662-4D8C-8F2C-C7D66BA29527}.Debug|x64.Build.0 = Debug|x64
		{012D9A9E-A662-4D8C-8F2C-C7D66BA29527}.Debug|x86.ActiveCfg = Debug|Win32
		{012D9A9E-A662-4D8C-8F2C-C7D66BA29527}.Debug|x86.Build.0 = Debug|Win32
		{012D9A9E-A662-4D8C-8F2C-C7D66BA29527}.Release|Direct3D_64.ActiveCfg = Release|Win32
		{012D9A9E-A662-4D8C-8F2C-C7D66BA29527}.Release|OpenGL_32.ActiveCfg = Release|Win32
		{012D9A9E-A662-4D8C-8F2C-C7D66BA29527}.Release|x64.ActiveCfg = Release|x64
		{012D9A9E-A662-4D8C-8F2C-C7D66BA29527}.Release|x64.Build.0 = Release|x64
		{012D9A9E-A662-4D8C-8F2C-C7D66BA29527}.Release|x86.ActiveCfg = Release|Win32
		{012D9A9E-A662-4D8C-8F2C-C7D66BA29527}.Release|x86.Build.0 = Release|Win32
	EndGlobalSection
	GlobalSection(SolutionProperties) = preSolution
		HideSolutionNode = FALSE
	EndGlobalSection
	GlobalSection(NestedProjects) = preSolution
		{2A9B8537-3E35-45F6-AB22-9F382ECE45CA} = {8D74FA87-6D36-4E20-8F70-06D7F986950B}
		{1A97BFDF-D891-474A-86B1-6E76E89ABC73} = {C86E1B48-E86F-4561-B149-5B7BF4104B07}
		{348168E0-D7C3-496B-BA86-AA77007B2FED} = {8D74FA87-6D36-4E20-8F70-06D7F986950B}
		{D5AE31D0-68F3-4ABC-ABE8-DAAB7F89336D} = {0330255F-30B1-443E-8194-46DC857CE0C5}
		{37273532-5767-4369-B6D7-C10F81AE4282} = {C86E1B48-E86F-4561-B149-5B7BF4104B07}
		{CC853871-E1C2-442D-A66A-CF326121BD90} = {A38CE98B-1752-4FA7-8FB5-66B33107C40F}
		{45CDCFF0-7F57-457F-9706-C3C15E7EA597} = {A38CE98B-1752-4FA7-8FB5-66B33107C40F}
		{393119AF-5F33-4130-9BE8-8A59EEBED07E} = {A38CE98B-1752-4FA7-8FB5-66B33107C40F}
		{9653A255-0309-403F-9193-DE569343011F} = {A38CE98B-1752-4FA7-8FB5-66B33107C40F}
		{5F8004A7-75AD-49AC-85C7-96D9B9F19533} = {0330255F-30B1-443E-8194-46DC857CE0C5}
		{C9BDAC7C-C59A-4367-A21D-0FEDABB93012} = {0330255F-30B1-443E-8194-46DC857CE0C5}
		{B90989E1-E039-4E69-894E-1FBA7724587E} = {0330255F-30B1-443E-8194-46DC857CE0C5}
		{E4154547-FDAC-4B90-979D-BDF433C87597} = {C86E1B48-E86F-4561-B149-5B7BF4104B07}
		{43B6C442-8C3A-403D-B6E3-26505ADB2493} = {C86E1B48-E86F-4561-B149-5B7BF4104B07}
		{08115731-DC04-4C7E-A782-6F74673B9353} = {C86E1B48-E86F-4561-B149-5B7BF4104B07}
		{887E9B0F-6FC5-4069-BD18-85246309F59E} = {C86E1B48-E86F-4561-B149-5B7BF4104B07}
		{5BE2E9CC-B674-4100-A1C7-E87A3AA48DD7} = {C86E1B48-E86F-4561-B149-5B7BF4104B07}
		{703EA41E-3F54-45E2-B6D4-A25E0585715B} = {C86E1B48-E86F-4561-B149-5B7BF4104B07}
		{EC809270-CE46-4204-A0F7-F88A6A4732E9} = {0330255F-30B1-443E-8194-46DC857CE0C5}
		{4228BC52-904F-4BA2-B78E-7BCB85068A82} = {A38CE98B-1752-4FA7-8FB5-66B33107C40F}
		{59372B6A-B411-44A7-9B90-0CA2A462BDB5} = {0330255F-30B1-443E-8194-46DC857CE0C5}
		{3DB76F64-6EC9-4080-8675-0661759507D9} = {A38CE98B-1752-4FA7-8FB5-66B33107C40F}
		{70B81970-5665-4429-B2B2-7F6FCED5AB84} = {0330255F-30B1-443E-8194-46DC857CE0C5}
		{C3577CEC-2D7E-4FBD-8D3C-DC3C9EE1E4A7} = {0330255F-30B1-443E-8194-46DC857CE0C5}
		{DE18299E-57DD-420A-9219-31BCCE5A5BC0} = {0330255F-30B1-443E-8194-46DC857CE0C5}
		{CAC93CCD-8FEB-4452-80E8-11A2D7BDDB82} = {C86E1B48-E86F-4561-B149-5B7BF4104B07}
		{CE7EC0BA-64C0-4C9D-9DA1-B09A8704562B} = {1B799B5C-1062-472F-A6D6-71D4D8502F4A}
		{CB257A48-CDFE-4865-9DEA-85A5D1D0F552} = {31A6BAD1-97B0-4693-8183-F02907A86159}
		{668DCA77-813C-4A0E-820C-4CA6FDEB1FDF} = {8D74FA87-6D36-4E20-8F70-06D7F986950B}
		{037F4548-FF5D-4483-83F1-222116635AD2} = {CACD40DE-8CD2-4CDA-8793-0AD57DDEE8A6}
		{2705EE78-3190-47A1-A5A9-EF382A0E244E} = {CACD40DE-8CD2-4CDA-8793-0AD57DDEE8A6}
		{CA8D7265-E33C-4887-9615-51FAFE6FAC62} = {CACD40DE-8CD2-4CDA-8793-0AD57DDEE8A6}
		{949838A3-5252-42D8-AB70-A8B0C82818B1} = {CACD40DE-8CD2-4CDA-8793-0AD57DDEE8A6}
		{571616AC-B632-4BAA-AA1B-1B73E88BE726} = {CACD40DE-8CD2-4CDA-8793-0AD57DDEE8A6}
		{C121E793-3704-41FD-8651-61C43E64D057} = {0EB2E7F6-2E4D-4E5C-9960-2D3ACEE26DA8}
		{CACD40DE-8CD2-4CDA-8793-0AD57DDEE8A6} = {0EB2E7F6-2E4D-4E5C-9960-2D3ACEE26DA8}
		{7FA5CAB7-C70F-4FA4-A130-4C363991CBC5} = {C121E793-3704-41FD-8651-61C43E64D057}
		{EBF44EFF-3961-484B-A0F8-A62D333F56F7} = {C121E793-3704-41FD-8651-61C43E64D057}
		{EA91C87F-C090-4591-900B-DB3409264710} = {C121E793-3704-41FD-8651-61C43E64D057}
		{5EF8A44E-593F-45D7-B9C3-4D7130965DEA} = {C121E793-3704-41FD-8651-61C43E64D057}
		{FC71BA55-020A-4A1D-B503-4DB8A34E55A9} = {C121E793-3704-41FD-8651-61C43E64D057}
		{012D9A9E-A662-4D8C-8F2C-C7D66BA29527} = {A38CE98B-1752-4FA7-8FB5-66B33107C40F}
	EndGlobalSection
EndGlobal
