
Microsoft Visual Studio Solution File, Format Version 12.00
# Visual Studio 14
VisualStudioVersion = 14.0.23107.0
MinimumVisualStudioVersion = 10.0.40219.1
Project("{2150E333-8FDC-42A3-9474-1A3956D46DE8}") = "Engine", "Engine", "{C86E1B48-E86F-4561-B149-5B7BF4104B07}"
EndProject
Project("{2150E333-8FDC-42A3-9474-1A3956D46DE8}") = "Game", "Game", "{8D74FA87-6D36-4E20-8F70-06D7F986950B}"
EndProject
Project("{2150E333-8FDC-42A3-9474-1A3956D46DE8}") = "Tools", "Tools", "{0330255F-30B1-443E-8194-46DC857CE0C5}"
	ProjectSection(SolutionItems) = preProject
		Scripts\BuildAssets.lua = Scripts\BuildAssets.lua
	EndProjectSection
EndProject
Project("{8BC9CEB8-8B4A-11D0-8D11-00A0C91BC942}") = "Game", "Code\Game\Game\Game.vcxproj", "{2A9B8537-3E35-45F6-AB22-9F382ECE45CA}"
	ProjectSection(ProjectDependencies) = postProject
		{151F7199-B23C-4091-9951-34DA9A83E170} = {151F7199-B23C-4091-9951-34DA9A83E170}
	EndProjectSection
EndProject
Project("{8BC9CEB8-8B4A-11D0-8D11-00A0C91BC942}") = "Graphics", "Code\Engine\Graphics\Graphics.vcxproj", "{1A97BFDF-D891-474A-86B1-6E76E89ABC73}"
	ProjectSection(ProjectDependencies) = postProject
		{37273532-5767-4369-B6D7-C10F81AE4282} = {37273532-5767-4369-B6D7-C10F81AE4282}
		{CC853871-E1C2-442D-A66A-CF326121BD90} = {CC853871-E1C2-442D-A66A-CF326121BD90}
		{348168E0-D7C3-496B-BA86-AA77007B2FED} = {348168E0-D7C3-496B-BA86-AA77007B2FED}
	EndProjectSection
EndProject
Project("{8BC9CEB8-8B4A-11D0-8D11-00A0C91BC942}") = "BuildAssets", "Code\Game\BuildAssets\BuildAssets.vcxproj", "{348168E0-D7C3-496B-BA86-AA77007B2FED}"
	ProjectSection(ProjectDependencies) = postProject
		{D5AE31D0-68F3-4ABC-ABE8-DAAB7F89336D} = {D5AE31D0-68F3-4ABC-ABE8-DAAB7F89336D}
	EndProjectSection
EndProject
Project("{8BC9CEB8-8B4A-11D0-8D11-00A0C91BC942}") = "AssetBuilder", "Code\Tools\AssetBuilder\AssetBuilder.vcxproj", "{D5AE31D0-68F3-4ABC-ABE8-DAAB7F89336D}"
	ProjectSection(ProjectDependencies) = postProject
		{37273532-5767-4369-B6D7-C10F81AE4282} = {37273532-5767-4369-B6D7-C10F81AE4282}
		{C9BDAC7C-C59A-4367-A21D-0FEDABB93012} = {C9BDAC7C-C59A-4367-A21D-0FEDABB93012}
		{B90989E1-E039-4E69-894E-1FBA7724587E} = {B90989E1-E039-4E69-894E-1FBA7724587E}
		{45CDCFF0-7F57-457F-9706-C3C15E7EA597} = {45CDCFF0-7F57-457F-9706-C3C15E7EA597}
	EndProjectSection
EndProject
Project("{8BC9CEB8-8B4A-11D0-8D11-00A0C91BC942}") = "Windows", "Code\Engine\Windows\Windows.vcxproj", "{37273532-5767-4369-B6D7-C10F81AE4282}"
EndProject
Project("{2150E333-8FDC-42A3-9474-1A3956D46DE8}") = "Externals", "Externals", "{A38CE98B-1752-4FA7-8FB5-66B33107C40F}"
EndProject
Project("{8BC9CEB8-8B4A-11D0-8D11-00A0C91BC942}") = "OpenGLExtensions", "Code\Externals\OpenGLExtensions\OpenGLExtensions.vcxproj", "{CC853871-E1C2-442D-A66A-CF326121BD90}"
	ProjectSection(ProjectDependencies) = postProject
		{37273532-5767-4369-B6D7-C10F81AE4282} = {37273532-5767-4369-B6D7-C10F81AE4282}
	EndProjectSection
EndProject
Project("{8BC9CEB8-8B4A-11D0-8D11-00A0C91BC942}") = "Core", "Code\Engine\Core\Core.vcxproj", "{151F7199-B23C-4091-9951-34DA9A83E170}"
	ProjectSection(ProjectDependencies) = postProject
		{37273532-5767-4369-B6D7-C10F81AE4282} = {37273532-5767-4369-B6D7-C10F81AE4282}
		{CC853871-E1C2-442D-A66A-CF326121BD90} = {CC853871-E1C2-442D-A66A-CF326121BD90}
		{1A97BFDF-D891-474A-86B1-6E76E89ABC73} = {1A97BFDF-D891-474A-86B1-6E76E89ABC73}
	EndProjectSection
EndProject
Project("{8BC9CEB8-8B4A-11D0-8D11-00A0C91BC942}") = "Lua", "Code\Externals\Lua\Lua.vcxproj", "{45CDCFF0-7F57-457F-9706-C3C15E7EA597}"
EndProject
Project("{8BC9CEB8-8B4A-11D0-8D11-00A0C91BC942}") = "LuaC", "Code\Externals\Lua\LuaC.vcxproj", "{393119AF-5F33-4130-9BE8-8A59EEBED07E}"
	ProjectSection(ProjectDependencies) = postProject
		{45CDCFF0-7F57-457F-9706-C3C15E7EA597} = {45CDCFF0-7F57-457F-9706-C3C15E7EA597}
	EndProjectSection
EndProject
Project("{8BC9CEB8-8B4A-11D0-8D11-00A0C91BC942}") = "LuaExe", "Code\Externals\Lua\LuaExe.vcxproj", "{9653A255-0309-403F-9193-DE569343011F}"
	ProjectSection(ProjectDependencies) = postProject
		{45CDCFF0-7F57-457F-9706-C3C15E7EA597} = {45CDCFF0-7F57-457F-9706-C3C15E7EA597}
	EndProjectSection
EndProject
Project("{2150E333-8FDC-42A3-9474-1A3956D46DE8}") = "Scripts", "Scripts", "{D059EFF6-245A-492F-8C95-A970B4481899}"
	ProjectSection(SolutionItems) = preProject
		Scripts\AssetsToBuild.lua = Scripts\AssetsToBuild.lua
		Scripts\BuildAssets.lua = Scripts\BuildAssets.lua
	EndProjectSection
EndProject
Project("{8BC9CEB8-8B4A-11D0-8D11-00A0C91BC942}") = "BuilderHelper", "Code\Tools\BuilderHelper\BuilderHelper.vcxproj", "{5F8004A7-75AD-49AC-85C7-96D9B9F19533}"
EndProject
Project("{8BC9CEB8-8B4A-11D0-8D11-00A0C91BC942}") = "GenericBuilder", "Code\Tools\GenericBuilder\GenericBuilder.vcxproj", "{C9BDAC7C-C59A-4367-A21D-0FEDABB93012}"
	ProjectSection(ProjectDependencies) = postProject
		{37273532-5767-4369-B6D7-C10F81AE4282} = {37273532-5767-4369-B6D7-C10F81AE4282}
		{5F8004A7-75AD-49AC-85C7-96D9B9F19533} = {5F8004A7-75AD-49AC-85C7-96D9B9F19533}
	EndProjectSection
EndProject
Project("{8BC9CEB8-8B4A-11D0-8D11-00A0C91BC942}") = "MeshBuilder", "Code\Tools\MeshBuilder\MeshBuilder.vcxproj", "{B90989E1-E039-4E69-894E-1FBA7724587E}"
	ProjectSection(ProjectDependencies) = postProject
		{37273532-5767-4369-B6D7-C10F81AE4282} = {37273532-5767-4369-B6D7-C10F81AE4282}
		{5F8004A7-75AD-49AC-85C7-96D9B9F19533} = {5F8004A7-75AD-49AC-85C7-96D9B9F19533}
	EndProjectSection
EndProject
Global
	GlobalSection(SolutionConfigurationPlatforms) = preSolution
		Debug|Direct3D_64 = Debug|Direct3D_64
		Debug|OpenGL_32 = Debug|OpenGL_32
		Release|Direct3D_64 = Release|Direct3D_64
		Release|OpenGL_32 = Release|OpenGL_32
	EndGlobalSection
	GlobalSection(ProjectConfigurationPlatforms) = postSolution
		{2A9B8537-3E35-45F6-AB22-9F382ECE45CA}.Debug|Direct3D_64.ActiveCfg = Debug|x64
		{2A9B8537-3E35-45F6-AB22-9F382ECE45CA}.Debug|Direct3D_64.Build.0 = Debug|x64
		{2A9B8537-3E35-45F6-AB22-9F382ECE45CA}.Debug|OpenGL_32.ActiveCfg = Debug|Win32
		{2A9B8537-3E35-45F6-AB22-9F382ECE45CA}.Debug|OpenGL_32.Build.0 = Debug|Win32
		{2A9B8537-3E35-45F6-AB22-9F382ECE45CA}.Release|Direct3D_64.ActiveCfg = Release|x64
		{2A9B8537-3E35-45F6-AB22-9F382ECE45CA}.Release|Direct3D_64.Build.0 = Release|x64
		{2A9B8537-3E35-45F6-AB22-9F382ECE45CA}.Release|OpenGL_32.ActiveCfg = Release|Win32
		{2A9B8537-3E35-45F6-AB22-9F382ECE45CA}.Release|OpenGL_32.Build.0 = Release|Win32
		{1A97BFDF-D891-474A-86B1-6E76E89ABC73}.Debug|Direct3D_64.ActiveCfg = Debug|x64
		{1A97BFDF-D891-474A-86B1-6E76E89ABC73}.Debug|Direct3D_64.Build.0 = Debug|x64
		{1A97BFDF-D891-474A-86B1-6E76E89ABC73}.Debug|OpenGL_32.ActiveCfg = Debug|Win32
		{1A97BFDF-D891-474A-86B1-6E76E89ABC73}.Debug|OpenGL_32.Build.0 = Debug|Win32
		{1A97BFDF-D891-474A-86B1-6E76E89ABC73}.Release|Direct3D_64.ActiveCfg = Release|x64
		{1A97BFDF-D891-474A-86B1-6E76E89ABC73}.Release|Direct3D_64.Build.0 = Release|x64
		{1A97BFDF-D891-474A-86B1-6E76E89ABC73}.Release|OpenGL_32.ActiveCfg = Release|Win32
		{1A97BFDF-D891-474A-86B1-6E76E89ABC73}.Release|OpenGL_32.Build.0 = Release|Win32
		{348168E0-D7C3-496B-BA86-AA77007B2FED}.Debug|Direct3D_64.ActiveCfg = Debug|x64
		{348168E0-D7C3-496B-BA86-AA77007B2FED}.Debug|Direct3D_64.Build.0 = Debug|x64
		{348168E0-D7C3-496B-BA86-AA77007B2FED}.Debug|OpenGL_32.ActiveCfg = Debug|Win32
		{348168E0-D7C3-496B-BA86-AA77007B2FED}.Debug|OpenGL_32.Build.0 = Debug|Win32
		{348168E0-D7C3-496B-BA86-AA77007B2FED}.Release|Direct3D_64.ActiveCfg = Release|x64
		{348168E0-D7C3-496B-BA86-AA77007B2FED}.Release|Direct3D_64.Build.0 = Release|x64
		{348168E0-D7C3-496B-BA86-AA77007B2FED}.Release|OpenGL_32.ActiveCfg = Release|Win32
		{348168E0-D7C3-496B-BA86-AA77007B2FED}.Release|OpenGL_32.Build.0 = Release|Win32
		{D5AE31D0-68F3-4ABC-ABE8-DAAB7F89336D}.Debug|Direct3D_64.ActiveCfg = Debug|x64
		{D5AE31D0-68F3-4ABC-ABE8-DAAB7F89336D}.Debug|Direct3D_64.Build.0 = Debug|x64
		{D5AE31D0-68F3-4ABC-ABE8-DAAB7F89336D}.Debug|OpenGL_32.ActiveCfg = Debug|Win32
		{D5AE31D0-68F3-4ABC-ABE8-DAAB7F89336D}.Debug|OpenGL_32.Build.0 = Debug|Win32
		{D5AE31D0-68F3-4ABC-ABE8-DAAB7F89336D}.Release|Direct3D_64.ActiveCfg = Release|x64
		{D5AE31D0-68F3-4ABC-ABE8-DAAB7F89336D}.Release|Direct3D_64.Build.0 = Release|x64
		{D5AE31D0-68F3-4ABC-ABE8-DAAB7F89336D}.Release|OpenGL_32.ActiveCfg = Release|Win32
		{D5AE31D0-68F3-4ABC-ABE8-DAAB7F89336D}.Release|OpenGL_32.Build.0 = Release|Win32
		{37273532-5767-4369-B6D7-C10F81AE4282}.Debug|Direct3D_64.ActiveCfg = Debug|x64
		{37273532-5767-4369-B6D7-C10F81AE4282}.Debug|Direct3D_64.Build.0 = Debug|x64
		{37273532-5767-4369-B6D7-C10F81AE4282}.Debug|OpenGL_32.ActiveCfg = Debug|Win32
		{37273532-5767-4369-B6D7-C10F81AE4282}.Debug|OpenGL_32.Build.0 = Debug|Win32
		{37273532-5767-4369-B6D7-C10F81AE4282}.Release|Direct3D_64.ActiveCfg = Release|x64
		{37273532-5767-4369-B6D7-C10F81AE4282}.Release|Direct3D_64.Build.0 = Release|x64
		{37273532-5767-4369-B6D7-C10F81AE4282}.Release|OpenGL_32.ActiveCfg = Release|Win32
		{37273532-5767-4369-B6D7-C10F81AE4282}.Release|OpenGL_32.Build.0 = Release|Win32
		{CC853871-E1C2-442D-A66A-CF326121BD90}.Debug|Direct3D_64.ActiveCfg = Debug|x64
		{CC853871-E1C2-442D-A66A-CF326121BD90}.Debug|OpenGL_32.ActiveCfg = Debug|Win32
		{CC853871-E1C2-442D-A66A-CF326121BD90}.Debug|OpenGL_32.Build.0 = Debug|Win32
		{CC853871-E1C2-442D-A66A-CF326121BD90}.Release|Direct3D_64.ActiveCfg = Release|x64
		{CC853871-E1C2-442D-A66A-CF326121BD90}.Release|OpenGL_32.ActiveCfg = Release|Win32
		{CC853871-E1C2-442D-A66A-CF326121BD90}.Release|OpenGL_32.Build.0 = Release|Win32
		{151F7199-B23C-4091-9951-34DA9A83E170}.Debug|Direct3D_64.ActiveCfg = Debug|x64
		{151F7199-B23C-4091-9951-34DA9A83E170}.Debug|Direct3D_64.Build.0 = Debug|x64
		{151F7199-B23C-4091-9951-34DA9A83E170}.Debug|OpenGL_32.ActiveCfg = Debug|Win32
		{151F7199-B23C-4091-9951-34DA9A83E170}.Debug|OpenGL_32.Build.0 = Debug|Win32
		{151F7199-B23C-4091-9951-34DA9A83E170}.Release|Direct3D_64.ActiveCfg = Release|x64
		{151F7199-B23C-4091-9951-34DA9A83E170}.Release|Direct3D_64.Build.0 = Release|x64
		{151F7199-B23C-4091-9951-34DA9A83E170}.Release|OpenGL_32.ActiveCfg = Release|Win32
		{151F7199-B23C-4091-9951-34DA9A83E170}.Release|OpenGL_32.Build.0 = Release|Win32
		{45CDCFF0-7F57-457F-9706-C3C15E7EA597}.Debug|Direct3D_64.ActiveCfg = Debug|x64
		{45CDCFF0-7F57-457F-9706-C3C15E7EA597}.Debug|Direct3D_64.Build.0 = Debug|x64
		{45CDCFF0-7F57-457F-9706-C3C15E7EA597}.Debug|OpenGL_32.ActiveCfg = Debug|Win32
		{45CDCFF0-7F57-457F-9706-C3C15E7EA597}.Debug|OpenGL_32.Build.0 = Debug|Win32
		{45CDCFF0-7F57-457F-9706-C3C15E7EA597}.Release|Direct3D_64.ActiveCfg = Release|x64
		{45CDCFF0-7F57-457F-9706-C3C15E7EA597}.Release|Direct3D_64.Build.0 = Release|x64
		{45CDCFF0-7F57-457F-9706-C3C15E7EA597}.Release|OpenGL_32.ActiveCfg = Release|Win32
		{45CDCFF0-7F57-457F-9706-C3C15E7EA597}.Release|OpenGL_32.Build.0 = Release|Win32
		{393119AF-5F33-4130-9BE8-8A59EEBED07E}.Debug|Direct3D_64.ActiveCfg = Debug|x64
		{393119AF-5F33-4130-9BE8-8A59EEBED07E}.Debug|Direct3D_64.Build.0 = Debug|x64
		{393119AF-5F33-4130-9BE8-8A59EEBED07E}.Debug|OpenGL_32.ActiveCfg = Debug|Win32
		{393119AF-5F33-4130-9BE8-8A59EEBED07E}.Debug|OpenGL_32.Build.0 = Debug|Win32
		{393119AF-5F33-4130-9BE8-8A59EEBED07E}.Release|Direct3D_64.ActiveCfg = Release|x64
		{393119AF-5F33-4130-9BE8-8A59EEBED07E}.Release|Direct3D_64.Build.0 = Release|x64
		{393119AF-5F33-4130-9BE8-8A59EEBED07E}.Release|OpenGL_32.ActiveCfg = Release|Win32
		{393119AF-5F33-4130-9BE8-8A59EEBED07E}.Release|OpenGL_32.Build.0 = Release|Win32
		{9653A255-0309-403F-9193-DE569343011F}.Debug|Direct3D_64.ActiveCfg = Debug|x64
		{9653A255-0309-403F-9193-DE569343011F}.Debug|Direct3D_64.Build.0 = Debug|x64
		{9653A255-0309-403F-9193-DE569343011F}.Debug|OpenGL_32.ActiveCfg = Debug|Win32
		{9653A255-0309-403F-9193-DE569343011F}.Debug|OpenGL_32.Build.0 = Debug|Win32
		{9653A255-0309-403F-9193-DE569343011F}.Release|Direct3D_64.ActiveCfg = Release|x64
		{9653A255-0309-403F-9193-DE569343011F}.Release|Direct3D_64.Build.0 = Release|x64
		{9653A255-0309-403F-9193-DE569343011F}.Release|OpenGL_32.ActiveCfg = Release|Win32
		{9653A255-0309-403F-9193-DE569343011F}.Release|OpenGL_32.Build.0 = Release|Win32
		{5F8004A7-75AD-49AC-85C7-96D9B9F19533}.Debug|Direct3D_64.ActiveCfg = Debug|x64
		{5F8004A7-75AD-49AC-85C7-96D9B9F19533}.Debug|Direct3D_64.Build.0 = Debug|x64
		{5F8004A7-75AD-49AC-85C7-96D9B9F19533}.Debug|OpenGL_32.ActiveCfg = Debug|Win32
		{5F8004A7-75AD-49AC-85C7-96D9B9F19533}.Debug|OpenGL_32.Build.0 = Debug|Win32
		{5F8004A7-75AD-49AC-85C7-96D9B9F19533}.Release|Direct3D_64.ActiveCfg = Release|x64
		{5F8004A7-75AD-49AC-85C7-96D9B9F19533}.Release|Direct3D_64.Build.0 = Release|x64
		{5F8004A7-75AD-49AC-85C7-96D9B9F19533}.Release|OpenGL_32.ActiveCfg = Release|Win32
		{5F8004A7-75AD-49AC-85C7-96D9B9F19533}.Release|OpenGL_32.Build.0 = Release|Win32
		{C9BDAC7C-C59A-4367-A21D-0FEDABB93012}.Debug|Direct3D_64.ActiveCfg = Debug|x64
		{C9BDAC7C-C59A-4367-A21D-0FEDABB93012}.Debug|Direct3D_64.Build.0 = Debug|x64
		{C9BDAC7C-C59A-4367-A21D-0FEDABB93012}.Debug|OpenGL_32.ActiveCfg = Debug|Win32
		{C9BDAC7C-C59A-4367-A21D-0FEDABB93012}.Debug|OpenGL_32.Build.0 = Debug|Win32
		{C9BDAC7C-C59A-4367-A21D-0FEDABB93012}.Release|Direct3D_64.ActiveCfg = Release|x64
		{C9BDAC7C-C59A-4367-A21D-0FEDABB93012}.Release|Direct3D_64.Build.0 = Release|x64
		{C9BDAC7C-C59A-4367-A21D-0FEDABB93012}.Release|OpenGL_32.ActiveCfg = Release|Win32
		{C9BDAC7C-C59A-4367-A21D-0FEDABB93012}.Release|OpenGL_32.Build.0 = Release|Win32
		{B90989E1-E039-4E69-894E-1FBA7724587E}.Debug|Direct3D_64.ActiveCfg = Debug|x64
		{B90989E1-E039-4E69-894E-1FBA7724587E}.Debug|Direct3D_64.Build.0 = Debug|x64
		{B90989E1-E039-4E69-894E-1FBA7724587E}.Debug|OpenGL_32.ActiveCfg = Debug|Win32
		{B90989E1-E039-4E69-894E-1FBA7724587E}.Debug|OpenGL_32.Build.0 = Debug|Win32
		{B90989E1-E039-4E69-894E-1FBA7724587E}.Release|Direct3D_64.ActiveCfg = Release|x64
		{B90989E1-E039-4E69-894E-1FBA7724587E}.Release|Direct3D_64.Build.0 = Release|x64
		{B90989E1-E039-4E69-894E-1FBA7724587E}.Release|OpenGL_32.ActiveCfg = Release|Win32
		{B90989E1-E039-4E69-894E-1FBA7724587E}.Release|OpenGL_32.Build.0 = Release|Win32
	EndGlobalSection
	GlobalSection(SolutionProperties) = preSolution
		HideSolutionNode = FALSE
	EndGlobalSection
	GlobalSection(NestedProjects) = preSolution
		{2A9B8537-3E35-45F6-AB22-9F382ECE45CA} = {8D74FA87-6D36-4E20-8F70-06D7F986950B}
		{1A97BFDF-D891-474A-86B1-6E76E89ABC73} = {C86E1B48-E86F-4561-B149-5B7BF4104B07}
		{348168E0-D7C3-496B-BA86-AA77007B2FED} = {8D74FA87-6D36-4E20-8F70-06D7F986950B}
		{D5AE31D0-68F3-4ABC-ABE8-DAAB7F89336D} = {0330255F-30B1-443E-8194-46DC857CE0C5}
		{37273532-5767-4369-B6D7-C10F81AE4282} = {C86E1B48-E86F-4561-B149-5B7BF4104B07}
		{CC853871-E1C2-442D-A66A-CF326121BD90} = {A38CE98B-1752-4FA7-8FB5-66B33107C40F}
		{151F7199-B23C-4091-9951-34DA9A83E170} = {C86E1B48-E86F-4561-B149-5B7BF4104B07}
		{45CDCFF0-7F57-457F-9706-C3C15E7EA597} = {A38CE98B-1752-4FA7-8FB5-66B33107C40F}
		{393119AF-5F33-4130-9BE8-8A59EEBED07E} = {A38CE98B-1752-4FA7-8FB5-66B33107C40F}
		{9653A255-0309-403F-9193-DE569343011F} = {A38CE98B-1752-4FA7-8FB5-66B33107C40F}
		{5F8004A7-75AD-49AC-85C7-96D9B9F19533} = {0330255F-30B1-443E-8194-46DC857CE0C5}
		{C9BDAC7C-C59A-4367-A21D-0FEDABB93012} = {0330255F-30B1-443E-8194-46DC857CE0C5}
		{B90989E1-E039-4E69-894E-1FBA7724587E} = {0330255F-30B1-443E-8194-46DC857CE0C5}
	EndGlobalSection
EndGlobal
