<?xml version="1.0" encoding="utf-8"?>
<Project ToolsVersion="4.0" xmlns="http://schemas.microsoft.com/developer/msbuild/2003">
  <ItemGroup>
    <ClInclude Include="InteractiveCG.h" />
    <ClInclude Include="ObjectController\RotateObject.h">
      <Filter>ObjectController</Filter>
    </ClInclude>
    <ClInclude Include="ObjectController\WalkController.h">
      <Filter>ObjectController</Filter>
    </ClInclude>
    <ClInclude Include="ObjectController\LightController.h">
      <Filter>ObjectController</Filter>
    </ClInclude>
  </ItemGroup>
  <ItemGroup>
    <ClCompile Include="InteractiveCG.cpp" />
    <ClCompile Include="ObjectController\RotateObject.cpp">
      <Filter>ObjectController</Filter>
    </ClCompile>
    <ClCompile Include="ObjectController\WalkController.cpp">
      <Filter>ObjectController</Filter>
    </ClCompile>
    <ClCompile Include="ObjectController\LightController.cpp">
      <Filter>ObjectController</Filter>
    </ClCompile>
  </ItemGroup>
  <ItemGroup>
    <Filter Include="ObjectController">
      <UniqueIdentifier>{0f0e69e7-f9f1-46a9-897b-114f0577aff8}</UniqueIdentifier>
    </Filter>
  </ItemGroup>
</Project>