<?xml version="1.0" encoding="utf-8"?>
<Project ToolsVersion="4.0" xmlns="http://schemas.microsoft.com/developer/msbuild/2003">
  <ItemGroup>
    <Filter Include="Direct3D">
      <UniqueIdentifier>{6676d32f-aee7-4e0a-86a7-b280262621e6}</UniqueIdentifier>
    </Filter>
    <Filter Include="OpenGL">
      <UniqueIdentifier>{d6572507-10c0-42c4-8b4a-582f39fc3cd5}</UniqueIdentifier>
    </Filter>
  </ItemGroup>
  <ItemGroup>
    <ClCompile Include="Direct3D\Graphics.d3d.cpp">
      <Filter>Direct3D</Filter>
    </ClCompile>
    <ClCompile Include="OpenGL\Graphics.gl.cpp">
      <Filter>OpenGL</Filter>
    </ClCompile>
    <ClCompile Include="Direct3D\Mesh.d3d.cpp">
      <Filter>Direct3D</Filter>
    </ClCompile>
    <ClCompile Include="OpenGL\Mesh.gl.cpp">
      <Filter>OpenGL</Filter>
    </ClCompile>
    <ClCompile Include="MeshCommon.cpp" />
    <ClCompile Include="OpenGL\Effect.gl.cpp">
      <Filter>OpenGL</Filter>
    </ClCompile>
    <ClCompile Include="Direct3D\Effect.d3d.cpp">
      <Filter>Direct3D</Filter>
    </ClCompile>
    <ClCompile Include="Effect.Common.cpp" />
    <ClCompile Include="Graphics.cpp" />
  </ItemGroup>
  <ItemGroup>
    <ClInclude Include="Graphics.h" />
    <ClInclude Include="Mesh.h" />
    <ClInclude Include="Effect.h" />
    <ClInclude Include="Includes.h" />
  </ItemGroup>
</Project>