<?xml version="1.0" encoding="utf-8"?>
<Project ToolsVersion="4.0" xmlns="http://schemas.microsoft.com/developer/msbuild/2003">
  <ItemGroup>
    <Filter Include="Direct3D">
      <UniqueIdentifier>{6676d32f-aee7-4e0a-86a7-b280262621e6}</UniqueIdentifier>
    </Filter>
    <Filter Include="OpenGL">
      <UniqueIdentifier>{d6572507-10c0-42c4-8b4a-582f39fc3cd5}</UniqueIdentifier>
    </Filter>
  </ItemGroup>
  <ItemGroup>
    <ClCompile Include="Direct3D\Graphics.d3d.cpp">
      <Filter>Direct3D</Filter>
    </ClCompile>
    <ClCompile Include="OpenGL\Graphics.gl.cpp">
      <Filter>OpenGL</Filter>
    </ClCompile>
    <ClCompile Include="Direct3D\Mesh.d3d.cpp">
      <Filter>Direct3D</Filter>
    </ClCompile>
    <ClCompile Include="OpenGL\Mesh.gl.cpp">
      <Filter>OpenGL</Filter>
    </ClCompile>
    <ClCompile Include="MeshCommon.cpp" />
    <ClCompile Include="OpenGL\Effect.gl.cpp">
      <Filter>OpenGL</Filter>
    </ClCompile>
    <ClCompile Include="Direct3D\Effect.d3d.cpp">
      <Filter>Direct3D</Filter>
    </ClCompile>
    <ClCompile Include="Effect.Common.cpp" />
    <ClCompile Include="Graphics.cpp" />
    <ClCompile Include="Material.cpp" />
    <ClCompile Include="Direct3D\Texture.d3d.cpp">
      <Filter>Direct3D</Filter>
    </ClCompile>
    <ClCompile Include="OpenGL\Texture.gl.cpp">
      <Filter>OpenGL</Filter>
    </ClCompile>
    <ClCompile Include="TextureCommon.cpp" />
    <ClCompile Include="Direct3D\Sprite.d3d.cpp">
      <Filter>Direct3D</Filter>
    </ClCompile>
    <ClCompile Include="Direct3D\Line.d3d.cpp">
      <Filter>Direct3D</Filter>
    </ClCompile>
    <ClCompile Include="LineCommon.cpp" />
    <ClCompile Include="SpriteCommon.cpp" />
    <ClCompile Include="Direct3D\Uniform.d3d.cpp">
      <Filter>Direct3D</Filter>
    </ClCompile>
    <ClCompile Include="OpenGL\Uniform.gl.cpp">
      <Filter>OpenGL</Filter>
    </ClCompile>
    <ClCompile Include="Uniform.common.cpp" />
    <ClCompile Include="OpenGL\Sprite.gl.cpp">
      <Filter>OpenGL</Filter>
    </ClCompile>
    <ClCompile Include="OpenGL\Line.gl.cpp">
      <Filter>OpenGL</Filter>
    </ClCompile>
    <ClCompile Include="OpenGL\SkyBox.gl.cpp">
      <Filter>OpenGL</Filter>
    </ClCompile>
    <ClCompile Include="Direct3D\SkyBox.d3d.cpp">
      <Filter>Direct3D</Filter>
    </ClCompile>
    <ClCompile Include="SkyBoxCommon.cpp" />
    <ClCompile Include="ReflectingObjectCommon.cpp" />
    <ClCompile Include="OpenGL\ReflectingObject.gl.cpp">
      <Filter>OpenGL</Filter>
    </ClCompile>
    <ClCompile Include="OpenGL\ReflectingObject.d3d.cpp">
      <Filter>Direct3D</Filter>
    </ClCompile>
    <ClCompile Include="uniformdefs.cpp" />
    <ClCompile Include="PlaneCommon.cpp" />
    <ClCompile Include="Direct3D\Plane.d3d.cpp">
      <Filter>Direct3D</Filter>
    </ClCompile>
    <ClCompile Include="OpenGL\Plane.gl.cpp">
      <Filter>OpenGL</Filter>
    </ClCompile>
    <ClCompile Include="Light.cpp" />
    <ClCompile Include="UniformBlock.common.cpp" />
    <ClCompile Include="OpenGL\UniformBlock.gl.cpp">
      <Filter>OpenGL</Filter>
    </ClCompile>
    <ClCompile Include="Direct3D\UniformBlock.d3d.cpp">
      <Filter>Direct3D</Filter>
    </ClCompile>
  </ItemGroup>
  <ItemGroup>
    <ClInclude Include="Graphics.h" />
    <ClInclude Include="Mesh.h" />
    <ClInclude Include="Effect.h" />
    <ClInclude Include="Includes.h" />
    <ClInclude Include="Material.h" />
    <ClInclude Include="typedefs.h" />
    <ClInclude Include="Texture.h" />
    <ClInclude Include="Sprite.h" />
    <ClInclude Include="Uniform.h" />
    <ClInclude Include="uniformdefs.h" />
    <ClInclude Include="Line.h" />
    <ClInclude Include="SkyBox.h" />
    <ClInclude Include="ReflectingObject.h" />
    <ClInclude Include="Plane.h" />
    <ClInclude Include="Light.h" />
    <ClInclude Include="UniformBlock.h" />
  </ItemGroup>
</Project>