<?xml version="1.0" encoding="utf-8"?>
<Project ToolsVersion="4.0" xmlns="http://schemas.microsoft.com/developer/msbuild/2003">
  <ItemGroup>
    <ClInclude Include="HashedString.h" />
    <ClInclude Include="SharedPointer.h" />
    <ClInclude Include="UniquePtr.h" />
    <ClInclude Include="RTTI.h" />
    <ClInclude Include="IMessageHandler.h" />
    <ClInclude Include="IObjectController.h" />
    <ClInclude Include="additionaltypes.h" />
  </ItemGroup>
  <ItemGroup>
    <None Include="SharedPointer.inl" />
  </ItemGroup>
  <ItemGroup>
    <ClCompile Include="HashedString.cpp" />
    <ClCompile Include="UniquePtr.cpp" />
  </ItemGroup>
</Project>